// !$*UTF8*$!
{
	archiveVersion = 1;
	classes = {
	};
	objectVersion = 45;
	objects = {

/* Begin PBXBuildFile section */
		A7E2B62D1296B32800F3BB6E /* FileJPG.cpp in Sources */ = {isa = PBXBuildFile; fileRef = A7E2B61E1296B32800F3BB6E /* FileJPG.cpp */; };
		A7E2B62E1296B32800F3BB6E /* FileJPG.h in Headers */ = {isa = PBXBuildFile; fileRef = A7E2B61F1296B32800F3BB6E /* FileJPG.h */; };
		A7E2B62F1296B32800F3BB6E /* FilePNG.cpp in Sources */ = {isa = PBXBuildFile; fileRef = A7E2B6201296B32800F3BB6E /* FilePNG.cpp */; };
		A7E2B6301296B32800F3BB6E /* FilePNG.h in Headers */ = {isa = PBXBuildFile; fileRef = A7E2B6211296B32800F3BB6E /* FilePNG.h */; };
		A7E2B6311296B32800F3BB6E /* Image.cpp in Sources */ = {isa = PBXBuildFile; fileRef = A7E2B6221296B32800F3BB6E /* Image.cpp */; };
		A7E2B6321296B32800F3BB6E /* Image.h in Headers */ = {isa = PBXBuildFile; fileRef = A7E2B6231296B32800F3BB6E /* Image.h */; };
		A7E2B6331296B32800F3BB6E /* ImageFilter.cpp in Sources */ = {isa = PBXBuildFile; fileRef = A7E2B6241296B32800F3BB6E /* ImageFilter.cpp */; };
		A7E2B6341296B32800F3BB6E /* ImageFilter.h in Headers */ = {isa = PBXBuildFile; fileRef = A7E2B6251296B32800F3BB6E /* ImageFilter.h */; };
		A7E2B6351296B32800F3BB6E /* LineDefinition.h in Headers */ = {isa = PBXBuildFile; fileRef = A7E2B6261296B32800F3BB6E /* LineDefinition.h */; };
		A7E2B6361296B32800F3BB6E /* Pixel.h in Headers */ = {isa = PBXBuildFile; fileRef = A7E2B6271296B32800F3BB6E /* Pixel.h */; };
		A7E2B6371296B32800F3BB6E /* Point.h in Headers */ = {isa = PBXBuildFile; fileRef = A7E2B6281296B32800F3BB6E /* Point.h */; };
		A7E2B6381296B32800F3BB6E /* Rectangle.h in Headers */ = {isa = PBXBuildFile; fileRef = A7E2B6291296B32800F3BB6E /* Rectangle.h */; };
		A7E2B6391296B32800F3BB6E /* Region.h in Headers */ = {isa = PBXBuildFile; fileRef = A7E2B62A1296B32800F3BB6E /* Region.h */; };
		A7E2B63A1296B32800F3BB6E /* test_main.cpp in Sources */ = {isa = PBXBuildFile; fileRef = A7E2B62B1296B32800F3BB6E /* test_main.cpp */; };
		A7E2B63B1296B32800F3BB6E /* Triangle.h in Headers */ = {isa = PBXBuildFile; fileRef = A7E2B62C1296B32800F3BB6E /* Triangle.h */; };
		AA747D9F0F9514B9006C5449 /* ismiles_Prefix.pch in Headers */ = {isa = PBXBuildFile; fileRef = AA747D9E0F9514B9006C5449 /* ismiles_Prefix.pch */; };
		AACBBE4A0F95108600F1A2B1 /* Foundation.framework in Frameworks */ = {isa = PBXBuildFile; fileRef = AACBBE490F95108600F1A2B1 /* Foundation.framework */; };
/* End PBXBuildFile section */

/* Begin PBXFileReference section */
		A7E2B61E1296B32800F3BB6E /* FileJPG.cpp */ = {isa = PBXFileReference; fileEncoding = 4; lastKnownFileType = sourcecode.cpp.cpp; name = FileJPG.cpp; path = ../iSMILES/src/Image/FileJPG.cpp; sourceTree = SOURCE_ROOT; };
		A7E2B61F1296B32800F3BB6E /* FileJPG.h */ = {isa = PBXFileReference; fileEncoding = 4; lastKnownFileType = sourcecode.c.h; name = FileJPG.h; path = ../iSMILES/src/Image/FileJPG.h; sourceTree = SOURCE_ROOT; };
		A7E2B6201296B32800F3BB6E /* FilePNG.cpp */ = {isa = PBXFileReference; fileEncoding = 4; lastKnownFileType = sourcecode.cpp.cpp; name = FilePNG.cpp; path = ../iSMILES/src/Image/FilePNG.cpp; sourceTree = SOURCE_ROOT; };
		A7E2B6211296B32800F3BB6E /* FilePNG.h */ = {isa = PBXFileReference; fileEncoding = 4; lastKnownFileType = sourcecode.c.h; name = FilePNG.h; path = ../iSMILES/src/Image/FilePNG.h; sourceTree = SOURCE_ROOT; };
		A7E2B6221296B32800F3BB6E /* Image.cpp */ = {isa = PBXFileReference; fileEncoding = 4; lastKnownFileType = sourcecode.cpp.cpp; name = Image.cpp; path = ../iSMILES/src/Image/Image.cpp; sourceTree = SOURCE_ROOT; };
		A7E2B6231296B32800F3BB6E /* Image.h */ = {isa = PBXFileReference; fileEncoding = 4; lastKnownFileType = sourcecode.c.h; name = Image.h; path = ../iSMILES/src/Image/Image.h; sourceTree = SOURCE_ROOT; };
		A7E2B6241296B32800F3BB6E /* ImageFilter.cpp */ = {isa = PBXFileReference; fileEncoding = 4; lastKnownFileType = sourcecode.cpp.cpp; name = ImageFilter.cpp; path = ../iSMILES/src/Image/ImageFilter.cpp; sourceTree = SOURCE_ROOT; };
		A7E2B6251296B32800F3BB6E /* ImageFilter.h */ = {isa = PBXFileReference; fileEncoding = 4; lastKnownFileType = sourcecode.c.h; name = ImageFilter.h; path = ../iSMILES/src/Image/ImageFilter.h; sourceTree = SOURCE_ROOT; };
		A7E2B6261296B32800F3BB6E /* LineDefinition.h */ = {isa = PBXFileReference; fileEncoding = 4; lastKnownFileType = sourcecode.c.h; name = LineDefinition.h; path = ../iSMILES/src/Image/LineDefinition.h; sourceTree = SOURCE_ROOT; };
		A7E2B6271296B32800F3BB6E /* Pixel.h */ = {isa = PBXFileReference; fileEncoding = 4; lastKnownFileType = sourcecode.c.h; name = Pixel.h; path = ../iSMILES/src/Image/Pixel.h; sourceTree = SOURCE_ROOT; };
		A7E2B6281296B32800F3BB6E /* Point.h */ = {isa = PBXFileReference; fileEncoding = 4; lastKnownFileType = sourcecode.c.h; name = Point.h; path = ../iSMILES/src/Image/Point.h; sourceTree = SOURCE_ROOT; };
		A7E2B6291296B32800F3BB6E /* Rectangle.h */ = {isa = PBXFileReference; fileEncoding = 4; lastKnownFileType = sourcecode.c.h; name = Rectangle.h; path = ../iSMILES/src/Image/Rectangle.h; sourceTree = SOURCE_ROOT; };
		A7E2B62A1296B32800F3BB6E /* Region.h */ = {isa = PBXFileReference; fileEncoding = 4; lastKnownFileType = sourcecode.c.h; name = Region.h; path = ../iSMILES/src/Image/Region.h; sourceTree = SOURCE_ROOT; };
		A7E2B62B1296B32800F3BB6E /* test_main.cpp */ = {isa = PBXFileReference; fileEncoding = 4; lastKnownFileType = sourcecode.cpp.cpp; name = test_main.cpp; path = ../iSMILES/src/Image/test_main.cpp; sourceTree = SOURCE_ROOT; };
		A7E2B62C1296B32800F3BB6E /* Triangle.h */ = {isa = PBXFileReference; fileEncoding = 4; lastKnownFileType = sourcecode.c.h; name = Triangle.h; path = ../iSMILES/src/Image/Triangle.h; sourceTree = SOURCE_ROOT; };
		AA747D9E0F9514B9006C5449 /* ismiles_Prefix.pch */ = {isa = PBXFileReference; fileEncoding = 4; lastKnownFileType = sourcecode.c.h; path = ismiles_Prefix.pch; sourceTree = SOURCE_ROOT; };
		AACBBE490F95108600F1A2B1 /* Foundation.framework */ = {isa = PBXFileReference; lastKnownFileType = wrapper.framework; name = Foundation.framework; path = System/Library/Frameworks/Foundation.framework; sourceTree = SDKROOT; };
		D2AAC07E0554694100DB518D /* libismiles.a */ = {isa = PBXFileReference; explicitFileType = archive.ar; includeInIndex = 0; path = libismiles.a; sourceTree = BUILT_PRODUCTS_DIR; };
/* End PBXFileReference section */

/* Begin PBXFrameworksBuildPhase section */
		D2AAC07C0554694100DB518D /* Frameworks */ = {
			isa = PBXFrameworksBuildPhase;
			buildActionMask = 2147483647;
			files = (
				AACBBE4A0F95108600F1A2B1 /* Foundation.framework in Frameworks */,
			);
			runOnlyForDeploymentPostprocessing = 0;
		};
/* End PBXFrameworksBuildPhase section */

/* Begin PBXGroup section */
		034768DFFF38A50411DB9C8B /* Products */ = {
			isa = PBXGroup;
			children = (
				D2AAC07E0554694100DB518D /* libismiles.a */,
			);
			name = Products;
			sourceTree = "<group>";
		};
		0867D691FE84028FC02AAC07 /* ismiles */ = {
			isa = PBXGroup;
			children = (
				08FB77AEFE84172EC02AAC07 /* Sources */,
				32C88DFF0371C24200C91783 /* Other Sources */,
				0867D69AFE84028FC02AAC07 /* Frameworks */,
				034768DFFF38A50411DB9C8B /* Products */,
			);
			name = ismiles;
			sourceTree = "<group>";
		};
		0867D69AFE84028FC02AAC07 /* Frameworks */ = {
			isa = PBXGroup;
			children = (
				AACBBE490F95108600F1A2B1 /* Foundation.framework */,
			);
			name = Frameworks;
			sourceTree = "<group>";
		};
		08FB77AEFE84172EC02AAC07 /* Sources */ = {
			isa = PBXGroup;
			children = (
				A7E2B61B1296B30000F3BB6E /* Image */,
			);
			name = Sources;
			sourceTree = "<group>";
		};
		32C88DFF0371C24200C91783 /* Other Sources */ = {
			isa = PBXGroup;
			children = (
				AA747D9E0F9514B9006C5449 /* ismiles_Prefix.pch */,
			);
			name = "Other Sources";
			sourceTree = "<group>";
		};
		A7E2B61B1296B30000F3BB6E /* Image */ = {
			isa = PBXGroup;
			children = (
				A7E2B61E1296B32800F3BB6E /* FileJPG.cpp */,
				A7E2B61F1296B32800F3BB6E /* FileJPG.h */,
				A7E2B6201296B32800F3BB6E /* FilePNG.cpp */,
				A7E2B6211296B32800F3BB6E /* FilePNG.h */,
				A7E2B6221296B32800F3BB6E /* Image.cpp */,
				A7E2B6231296B32800F3BB6E /* Image.h */,
				A7E2B6241296B32800F3BB6E /* ImageFilter.cpp */,
				A7E2B6251296B32800F3BB6E /* ImageFilter.h */,
				A7E2B6261296B32800F3BB6E /* LineDefinition.h */,
				A7E2B6271296B32800F3BB6E /* Pixel.h */,
				A7E2B6281296B32800F3BB6E /* Point.h */,
				A7E2B6291296B32800F3BB6E /* Rectangle.h */,
				A7E2B62A1296B32800F3BB6E /* Region.h */,
				A7E2B62B1296B32800F3BB6E /* test_main.cpp */,
				A7E2B62C1296B32800F3BB6E /* Triangle.h */,
			);
			name = Image;
			sourceTree = "<group>";
		};
/* End PBXGroup section */

/* Begin PBXHeadersBuildPhase section */
		D2AAC07A0554694100DB518D /* Headers */ = {
			isa = PBXHeadersBuildPhase;
			buildActionMask = 2147483647;
			files = (
				AA747D9F0F9514B9006C5449 /* ismiles_Prefix.pch in Headers */,
				A7E2B62E1296B32800F3BB6E /* FileJPG.h in Headers */,
				A7E2B6301296B32800F3BB6E /* FilePNG.h in Headers */,
				A7E2B6321296B32800F3BB6E /* Image.h in Headers */,
				A7E2B6341296B32800F3BB6E /* ImageFilter.h in Headers */,
				A7E2B6351296B32800F3BB6E /* LineDefinition.h in Headers */,
				A7E2B6361296B32800F3BB6E /* Pixel.h in Headers */,
				A7E2B6371296B32800F3BB6E /* Point.h in Headers */,
				A7E2B6381296B32800F3BB6E /* Rectangle.h in Headers */,
				A7E2B6391296B32800F3BB6E /* Region.h in Headers */,
				A7E2B63B1296B32800F3BB6E /* Triangle.h in Headers */,
			);
			runOnlyForDeploymentPostprocessing = 0;
		};
/* End PBXHeadersBuildPhase section */

/* Begin PBXNativeTarget section */
		D2AAC07D0554694100DB518D /* ismiles */ = {
			isa = PBXNativeTarget;
			buildConfigurationList = 1DEB921E08733DC00010E9CD /* Build configuration list for PBXNativeTarget "ismiles" */;
			buildPhases = (
				D2AAC07A0554694100DB518D /* Headers */,
				D2AAC07B0554694100DB518D /* Sources */,
				D2AAC07C0554694100DB518D /* Frameworks */,
			);
			buildRules = (
			);
			dependencies = (
			);
			name = ismiles;
			productName = ismiles;
			productReference = D2AAC07E0554694100DB518D /* libismiles.a */;
			productType = "com.apple.product-type.library.static";
		};
/* End PBXNativeTarget section */

/* Begin PBXProject section */
		0867D690FE84028FC02AAC07 /* Project object */ = {
			isa = PBXProject;
			buildConfigurationList = 1DEB922208733DC00010E9CD /* Build configuration list for PBXProject "ismiles" */;
			compatibilityVersion = "Xcode 3.1";
			developmentRegion = English;
			hasScannedForEncodings = 1;
			knownRegions = (
				English,
				Japanese,
				French,
				German,
			);
			mainGroup = 0867D691FE84028FC02AAC07 /* ismiles */;
			productRefGroup = 034768DFFF38A50411DB9C8B /* Products */;
			projectDirPath = "";
			projectRoot = "";
			targets = (
				D2AAC07D0554694100DB518D /* ismiles */,
			);
		};
/* End PBXProject section */

/* Begin PBXSourcesBuildPhase section */
		D2AAC07B0554694100DB518D /* Sources */ = {
			isa = PBXSourcesBuildPhase;
			buildActionMask = 2147483647;
			files = (
				A7E2B62D1296B32800F3BB6E /* FileJPG.cpp in Sources */,
				A7E2B62F1296B32800F3BB6E /* FilePNG.cpp in Sources */,
				A7E2B6311296B32800F3BB6E /* Image.cpp in Sources */,
				A7E2B6331296B32800F3BB6E /* ImageFilter.cpp in Sources */,
				A7E2B63A1296B32800F3BB6E /* test_main.cpp in Sources */,
			);
			runOnlyForDeploymentPostprocessing = 0;
		};
/* End PBXSourcesBuildPhase section */

/* Begin XCBuildConfiguration section */
		1DEB921F08733DC00010E9CD /* Debug */ = {
			isa = XCBuildConfiguration;
			buildSettings = {
				ALWAYS_SEARCH_USER_PATHS = NO;
				ARCHS = "$(ARCHS_STANDARD_32_BIT)";
				COPY_PHASE_STRIP = NO;
				DSTROOT = /tmp/ismiles.dst;
				GCC_DYNAMIC_NO_PIC = NO;
				GCC_ENABLE_FIX_AND_CONTINUE = YES;
				GCC_MODEL_TUNING = G5;
				GCC_OPTIMIZATION_LEVEL = 0;
				GCC_PRECOMPILE_PREFIX_HEADER = YES;
				GCC_PREFIX_HEADER = ismiles_Prefix.pch;
				INSTALL_PATH = /usr/local/lib;
				PRODUCT_NAME = ismiles;
			};
			name = Debug;
		};
		1DEB922008733DC00010E9CD /* Release */ = {
			isa = XCBuildConfiguration;
			buildSettings = {
				ALWAYS_SEARCH_USER_PATHS = NO;
				ARCHS = "$(ARCHS_STANDARD_32_BIT)";
				DSTROOT = /tmp/ismiles.dst;
				GCC_FAST_MATH = YES;
				GCC_MODEL_TUNING = G5;
				GCC_OPTIMIZATION_LEVEL = 3;
				GCC_PRECOMPILE_PREFIX_HEADER = YES;
				GCC_PREFIX_HEADER = ismiles_Prefix.pch;
				GCC_THUMB_SUPPORT = NO;
				INSTALL_PATH = /usr/local/lib;
				PRODUCT_NAME = ismiles;
			};
			name = Release;
		};
		1DEB922308733DC00010E9CD /* Debug */ = {
			isa = XCBuildConfiguration;
			buildSettings = {
				ARCHS = "$(ARCHS_STANDARD_32_BIT)";
				GCC_C_LANGUAGE_STANDARD = c99;
				GCC_OPTIMIZATION_LEVEL = 0;
				GCC_WARN_ABOUT_RETURN_TYPE = YES;
				GCC_WARN_UNUSED_VARIABLE = YES;
				ONLY_ACTIVE_ARCH = YES;
				OTHER_LDFLAGS = "-ObjC";
				PREBINDING = NO;
				SDKROOT = iphoneos;
			};
			name = Debug;
		};
		1DEB922408733DC00010E9CD /* Release */ = {
			isa = XCBuildConfiguration;
			buildSettings = {
				ARCHS = "$(ARCHS_STANDARD_32_BIT)";
				GCC_C_LANGUAGE_STANDARD = c99;
				GCC_WARN_ABOUT_RETURN_TYPE = YES;
				GCC_WARN_UNUSED_VARIABLE = YES;
				OTHER_LDFLAGS = "-ObjC";
				PREBINDING = NO;
				SDKROOT = iphoneos;
			};
			name = Release;
		};
/* End XCBuildConfiguration section */

/* Begin XCConfigurationList section */
		1DEB921E08733DC00010E9CD /* Build configuration list for PBXNativeTarget "ismiles" */ = {
			isa = XCConfigurationList;
			buildConfigurations = (
				1DEB921F08733DC00010E9CD /* Debug */,
				1DEB922008733DC00010E9CD /* Release */,
			);
			defaultConfigurationIsVisible = 0;
			defaultConfigurationName = Release;
		};
		1DEB922208733DC00010E9CD /* Build configuration list for PBXProject "ismiles" */ = {
			isa = XCConfigurationList;
			buildConfigurations = (
				1DEB922308733DC00010E9CD /* Debug */,
				1DEB922408733DC00010E9CD /* Release */,
			);
			defaultConfigurationIsVisible = 0;
			defaultConfigurationName = Release;
		};
/* End XCConfigurationList section */
	};
	rootObject = 0867D690FE84028FC02AAC07 /* Project object */;
}
