// !$*UTF8*$!
{
	archiveVersion = 1;
	classes = {
	};
	objectVersion = 45;
	objects = {

/* Begin PBXBuildFile section */
		A7E2B73C1296B64700F3BB6E /* cderror.h in Headers */ = {isa = PBXBuildFile; fileRef = A7E2B6841296B64700F3BB6E /* cderror.h */; };
		A7E2B73E1296B64700F3BB6E /* cdjpeg.h in Headers */ = {isa = PBXBuildFile; fileRef = A7E2B6861296B64700F3BB6E /* cdjpeg.h */; };
		A7E2B7451296B64700F3BB6E /* jaricom.c in Sources */ = {isa = PBXBuildFile; fileRef = A7E2B69C1296B64700F3BB6E /* jaricom.c */; };
		A7E2B7461296B64700F3BB6E /* jcapimin.c in Sources */ = {isa = PBXBuildFile; fileRef = A7E2B69D1296B64700F3BB6E /* jcapimin.c */; };
		A7E2B7471296B64700F3BB6E /* jcapistd.c in Sources */ = {isa = PBXBuildFile; fileRef = A7E2B69E1296B64700F3BB6E /* jcapistd.c */; };
		A7E2B7481296B64700F3BB6E /* jcarith.c in Sources */ = {isa = PBXBuildFile; fileRef = A7E2B69F1296B64700F3BB6E /* jcarith.c */; };
		A7E2B7491296B64700F3BB6E /* jccoefct.c in Sources */ = {isa = PBXBuildFile; fileRef = A7E2B6A01296B64700F3BB6E /* jccoefct.c */; };
		A7E2B74A1296B64700F3BB6E /* jccolor.c in Sources */ = {isa = PBXBuildFile; fileRef = A7E2B6A11296B64700F3BB6E /* jccolor.c */; };
		A7E2B74B1296B64700F3BB6E /* jcdctmgr.c in Sources */ = {isa = PBXBuildFile; fileRef = A7E2B6A21296B64700F3BB6E /* jcdctmgr.c */; };
		A7E2B74C1296B64700F3BB6E /* jchuff.c in Sources */ = {isa = PBXBuildFile; fileRef = A7E2B6A31296B64700F3BB6E /* jchuff.c */; };
		A7E2B74D1296B64700F3BB6E /* jcinit.c in Sources */ = {isa = PBXBuildFile; fileRef = A7E2B6A41296B64700F3BB6E /* jcinit.c */; };
		A7E2B74E1296B64700F3BB6E /* jcmainct.c in Sources */ = {isa = PBXBuildFile; fileRef = A7E2B6A51296B64700F3BB6E /* jcmainct.c */; };
		A7E2B74F1296B64700F3BB6E /* jcmarker.c in Sources */ = {isa = PBXBuildFile; fileRef = A7E2B6A61296B64700F3BB6E /* jcmarker.c */; };
		A7E2B7501296B64700F3BB6E /* jcmaster.c in Sources */ = {isa = PBXBuildFile; fileRef = A7E2B6A71296B64700F3BB6E /* jcmaster.c */; };
		A7E2B7511296B64700F3BB6E /* jcomapi.c in Sources */ = {isa = PBXBuildFile; fileRef = A7E2B6A81296B64700F3BB6E /* jcomapi.c */; };
		A7E2B7521296B64700F3BB6E /* jconfig.h in Headers */ = {isa = PBXBuildFile; fileRef = A7E2B6AC1296B64700F3BB6E /* jconfig.h */; };
		A7E2B7531296B64700F3BB6E /* jcparam.c in Sources */ = {isa = PBXBuildFile; fileRef = A7E2B6B61296B64700F3BB6E /* jcparam.c */; };
		A7E2B7541296B64700F3BB6E /* jcprepct.c in Sources */ = {isa = PBXBuildFile; fileRef = A7E2B6B71296B64700F3BB6E /* jcprepct.c */; };
		A7E2B7551296B64700F3BB6E /* jcsample.c in Sources */ = {isa = PBXBuildFile; fileRef = A7E2B6B81296B64700F3BB6E /* jcsample.c */; };
		A7E2B7561296B64700F3BB6E /* jctrans.c in Sources */ = {isa = PBXBuildFile; fileRef = A7E2B6B91296B64700F3BB6E /* jctrans.c */; };
		A7E2B7571296B64700F3BB6E /* jdapimin.c in Sources */ = {isa = PBXBuildFile; fileRef = A7E2B6BA1296B64700F3BB6E /* jdapimin.c */; };
		A7E2B7581296B64700F3BB6E /* jdapistd.c in Sources */ = {isa = PBXBuildFile; fileRef = A7E2B6BB1296B64700F3BB6E /* jdapistd.c */; };
		A7E2B7591296B64700F3BB6E /* jdarith.c in Sources */ = {isa = PBXBuildFile; fileRef = A7E2B6BC1296B64700F3BB6E /* jdarith.c */; };
		A7E2B75A1296B64700F3BB6E /* jdatadst.c in Sources */ = {isa = PBXBuildFile; fileRef = A7E2B6BD1296B64700F3BB6E /* jdatadst.c */; };
		A7E2B75B1296B64700F3BB6E /* jdatasrc.c in Sources */ = {isa = PBXBuildFile; fileRef = A7E2B6BE1296B64700F3BB6E /* jdatasrc.c */; };
		A7E2B75C1296B64700F3BB6E /* jdcoefct.c in Sources */ = {isa = PBXBuildFile; fileRef = A7E2B6BF1296B64700F3BB6E /* jdcoefct.c */; };
		A7E2B75D1296B64700F3BB6E /* jdcolor.c in Sources */ = {isa = PBXBuildFile; fileRef = A7E2B6C01296B64700F3BB6E /* jdcolor.c */; };
		A7E2B75E1296B64700F3BB6E /* jdct.h in Headers */ = {isa = PBXBuildFile; fileRef = A7E2B6C11296B64700F3BB6E /* jdct.h */; };
		A7E2B75F1296B64700F3BB6E /* jddctmgr.c in Sources */ = {isa = PBXBuildFile; fileRef = A7E2B6C21296B64700F3BB6E /* jddctmgr.c */; };
		A7E2B7601296B64700F3BB6E /* jdhuff.c in Sources */ = {isa = PBXBuildFile; fileRef = A7E2B6C31296B64700F3BB6E /* jdhuff.c */; };
		A7E2B7611296B64700F3BB6E /* jdinput.c in Sources */ = {isa = PBXBuildFile; fileRef = A7E2B6C41296B64700F3BB6E /* jdinput.c */; };
		A7E2B7621296B64700F3BB6E /* jdmainct.c in Sources */ = {isa = PBXBuildFile; fileRef = A7E2B6C51296B64700F3BB6E /* jdmainct.c */; };
		A7E2B7631296B64700F3BB6E /* jdmarker.c in Sources */ = {isa = PBXBuildFile; fileRef = A7E2B6C61296B64700F3BB6E /* jdmarker.c */; };
		A7E2B7641296B64700F3BB6E /* jdmaster.c in Sources */ = {isa = PBXBuildFile; fileRef = A7E2B6C71296B64700F3BB6E /* jdmaster.c */; };
		A7E2B7651296B64700F3BB6E /* jdmerge.c in Sources */ = {isa = PBXBuildFile; fileRef = A7E2B6C81296B64700F3BB6E /* jdmerge.c */; };
		A7E2B7661296B64700F3BB6E /* jdpostct.c in Sources */ = {isa = PBXBuildFile; fileRef = A7E2B6C91296B64700F3BB6E /* jdpostct.c */; };
		A7E2B7671296B64700F3BB6E /* jdsample.c in Sources */ = {isa = PBXBuildFile; fileRef = A7E2B6CA1296B64700F3BB6E /* jdsample.c */; };
		A7E2B7681296B64700F3BB6E /* jdtrans.c in Sources */ = {isa = PBXBuildFile; fileRef = A7E2B6CB1296B64700F3BB6E /* jdtrans.c */; };
		A7E2B7691296B64700F3BB6E /* jerror.c in Sources */ = {isa = PBXBuildFile; fileRef = A7E2B6CC1296B64700F3BB6E /* jerror.c */; };
		A7E2B76A1296B64700F3BB6E /* jerror.h in Headers */ = {isa = PBXBuildFile; fileRef = A7E2B6CD1296B64700F3BB6E /* jerror.h */; };
		A7E2B76B1296B64700F3BB6E /* jfdctflt.c in Sources */ = {isa = PBXBuildFile; fileRef = A7E2B6CE1296B64700F3BB6E /* jfdctflt.c */; };
		A7E2B76C1296B64700F3BB6E /* jfdctfst.c in Sources */ = {isa = PBXBuildFile; fileRef = A7E2B6CF1296B64700F3BB6E /* jfdctfst.c */; };
		A7E2B76D1296B64700F3BB6E /* jfdctint.c in Sources */ = {isa = PBXBuildFile; fileRef = A7E2B6D01296B64700F3BB6E /* jfdctint.c */; };
		A7E2B76E1296B64700F3BB6E /* jidctflt.c in Sources */ = {isa = PBXBuildFile; fileRef = A7E2B6D11296B64700F3BB6E /* jidctflt.c */; };
		A7E2B76F1296B64700F3BB6E /* jidctfst.c in Sources */ = {isa = PBXBuildFile; fileRef = A7E2B6D21296B64700F3BB6E /* jidctfst.c */; };
		A7E2B7701296B64700F3BB6E /* jidctint.c in Sources */ = {isa = PBXBuildFile; fileRef = A7E2B6D31296B64700F3BB6E /* jidctint.c */; };
		A7E2B7711296B64700F3BB6E /* jinclude.h in Headers */ = {isa = PBXBuildFile; fileRef = A7E2B6D41296B64700F3BB6E /* jinclude.h */; };
		A7E2B7761296B64700F3BB6E /* jmemmgr.c in Sources */ = {isa = PBXBuildFile; fileRef = A7E2B6D91296B64700F3BB6E /* jmemmgr.c */; };
		A7E2B7781296B64700F3BB6E /* jmemnobs.c in Sources */ = {isa = PBXBuildFile; fileRef = A7E2B6DB1296B64700F3BB6E /* jmemnobs.c */; };
		A7E2B7791296B64700F3BB6E /* jmemsys.h in Headers */ = {isa = PBXBuildFile; fileRef = A7E2B6DC1296B64700F3BB6E /* jmemsys.h */; };
		A7E2B77A1296B64700F3BB6E /* jmorecfg.h in Headers */ = {isa = PBXBuildFile; fileRef = A7E2B6DD1296B64700F3BB6E /* jmorecfg.h */; };
		A7E2B77B1296B64700F3BB6E /* jpegint.h in Headers */ = {isa = PBXBuildFile; fileRef = A7E2B6DE1296B64700F3BB6E /* jpegint.h */; };
		A7E2B77C1296B64700F3BB6E /* jpeglib.h in Headers */ = {isa = PBXBuildFile; fileRef = A7E2B6DF1296B64700F3BB6E /* jpeglib.h */; };
		A7E2B77D1296B64700F3BB6E /* jpegtran.c in Sources */ = {isa = PBXBuildFile; fileRef = A7E2B6E11296B64700F3BB6E /* jpegtran.c */; };
		A7E2B77E1296B64700F3BB6E /* jquant1.c in Sources */ = {isa = PBXBuildFile; fileRef = A7E2B6E21296B64700F3BB6E /* jquant1.c */; };
		A7E2B77F1296B64700F3BB6E /* jquant2.c in Sources */ = {isa = PBXBuildFile; fileRef = A7E2B6E31296B64700F3BB6E /* jquant2.c */; };
		A7E2B7801296B64700F3BB6E /* jutils.c in Sources */ = {isa = PBXBuildFile; fileRef = A7E2B6E41296B64700F3BB6E /* jutils.c */; };
		A7E2B7811296B64700F3BB6E /* jversion.h in Headers */ = {isa = PBXBuildFile; fileRef = A7E2B6E51296B64700F3BB6E /* jversion.h */; };
		A7E2B78B1296B64700F3BB6E /* transupp.h in Headers */ = {isa = PBXBuildFile; fileRef = A7E2B7311296B64700F3BB6E /* transupp.h */; };
		AA747D9F0F9514B9006C5449 /* libjpeg_Prefix.pch in Headers */ = {isa = PBXBuildFile; fileRef = AA747D9E0F9514B9006C5449 /* libjpeg_Prefix.pch */; };
		AACBBE4A0F95108600F1A2B1 /* Foundation.framework in Frameworks */ = {isa = PBXBuildFile; fileRef = AACBBE490F95108600F1A2B1 /* Foundation.framework */; };
/* End PBXBuildFile section */

/* Begin PBXFileReference section */
		A7E2B6741296B64700F3BB6E /* ansi2knr.c */ = {isa = PBXFileReference; fileEncoding = 4; lastKnownFileType = sourcecode.c.c; path = ansi2knr.c; sourceTree = "<group>"; };
		A7E2B6841296B64700F3BB6E /* cderror.h */ = {isa = PBXFileReference; fileEncoding = 4; lastKnownFileType = sourcecode.c.h; path = cderror.h; sourceTree = "<group>"; };
		A7E2B6851296B64700F3BB6E /* cdjpeg.c */ = {isa = PBXFileReference; fileEncoding = 4; lastKnownFileType = sourcecode.c.c; path = cdjpeg.c; sourceTree = "<group>"; };
		A7E2B6861296B64700F3BB6E /* cdjpeg.h */ = {isa = PBXFileReference; fileEncoding = 4; lastKnownFileType = sourcecode.c.h; path = cdjpeg.h; sourceTree = "<group>"; };
		A7E2B6891296B64700F3BB6E /* cjpeg.c */ = {isa = PBXFileReference; fileEncoding = 4; lastKnownFileType = sourcecode.c.c; path = cjpeg.c; sourceTree = "<group>"; };
		A7E2B68A1296B64700F3BB6E /* ckconfig.c */ = {isa = PBXFileReference; fileEncoding = 4; lastKnownFileType = sourcecode.c.c; path = ckconfig.c; sourceTree = "<group>"; };
		A7E2B6921296B64700F3BB6E /* djpeg.c */ = {isa = PBXFileReference; fileEncoding = 4; lastKnownFileType = sourcecode.c.c; path = djpeg.c; sourceTree = "<group>"; };
		A7E2B6951296B64700F3BB6E /* cjpeg.c */ = {isa = PBXFileReference; fileEncoding = 4; lastKnownFileType = sourcecode.c.c; path = cjpeg.c; sourceTree = "<group>"; };
		A7E2B6961296B64700F3BB6E /* djpeg.c */ = {isa = PBXFileReference; fileEncoding = 4; lastKnownFileType = sourcecode.c.c; path = djpeg.c; sourceTree = "<group>"; };
		A7E2B69C1296B64700F3BB6E /* jaricom.c */ = {isa = PBXFileReference; fileEncoding = 4; lastKnownFileType = sourcecode.c.c; path = jaricom.c; sourceTree = "<group>"; };
		A7E2B69D1296B64700F3BB6E /* jcapimin.c */ = {isa = PBXFileReference; fileEncoding = 4; lastKnownFileType = sourcecode.c.c; path = jcapimin.c; sourceTree = "<group>"; };
		A7E2B69E1296B64700F3BB6E /* jcapistd.c */ = {isa = PBXFileReference; fileEncoding = 4; lastKnownFileType = sourcecode.c.c; path = jcapistd.c; sourceTree = "<group>"; };
		A7E2B69F1296B64700F3BB6E /* jcarith.c */ = {isa = PBXFileReference; fileEncoding = 4; lastKnownFileType = sourcecode.c.c; path = jcarith.c; sourceTree = "<group>"; };
		A7E2B6A01296B64700F3BB6E /* jccoefct.c */ = {isa = PBXFileReference; fileEncoding = 4; lastKnownFileType = sourcecode.c.c; path = jccoefct.c; sourceTree = "<group>"; };
		A7E2B6A11296B64700F3BB6E /* jccolor.c */ = {isa = PBXFileReference; fileEncoding = 4; lastKnownFileType = sourcecode.c.c; path = jccolor.c; sourceTree = "<group>"; };
		A7E2B6A21296B64700F3BB6E /* jcdctmgr.c */ = {isa = PBXFileReference; fileEncoding = 4; lastKnownFileType = sourcecode.c.c; path = jcdctmgr.c; sourceTree = "<group>"; };
		A7E2B6A31296B64700F3BB6E /* jchuff.c */ = {isa = PBXFileReference; fileEncoding = 4; lastKnownFileType = sourcecode.c.c; path = jchuff.c; sourceTree = "<group>"; };
		A7E2B6A41296B64700F3BB6E /* jcinit.c */ = {isa = PBXFileReference; fileEncoding = 4; lastKnownFileType = sourcecode.c.c; path = jcinit.c; sourceTree = "<group>"; };
		A7E2B6A51296B64700F3BB6E /* jcmainct.c */ = {isa = PBXFileReference; fileEncoding = 4; lastKnownFileType = sourcecode.c.c; path = jcmainct.c; sourceTree = "<group>"; };
		A7E2B6A61296B64700F3BB6E /* jcmarker.c */ = {isa = PBXFileReference; fileEncoding = 4; lastKnownFileType = sourcecode.c.c; path = jcmarker.c; sourceTree = "<group>"; };
		A7E2B6A71296B64700F3BB6E /* jcmaster.c */ = {isa = PBXFileReference; fileEncoding = 4; lastKnownFileType = sourcecode.c.c; path = jcmaster.c; sourceTree = "<group>"; };
		A7E2B6A81296B64700F3BB6E /* jcomapi.c */ = {isa = PBXFileReference; fileEncoding = 4; lastKnownFileType = sourcecode.c.c; path = jcomapi.c; sourceTree = "<group>"; };
		A7E2B6AC1296B64700F3BB6E /* jconfig.h */ = {isa = PBXFileReference; fileEncoding = 4; lastKnownFileType = sourcecode.c.h; path = jconfig.h; sourceTree = "<group>"; };
		A7E2B6B61296B64700F3BB6E /* jcparam.c */ = {isa = PBXFileReference; fileEncoding = 4; lastKnownFileType = sourcecode.c.c; path = jcparam.c; sourceTree = "<group>"; };
		A7E2B6B71296B64700F3BB6E /* jcprepct.c */ = {isa = PBXFileReference; fileEncoding = 4; lastKnownFileType = sourcecode.c.c; path = jcprepct.c; sourceTree = "<group>"; };
		A7E2B6B81296B64700F3BB6E /* jcsample.c */ = {isa = PBXFileReference; fileEncoding = 4; lastKnownFileType = sourcecode.c.c; path = jcsample.c; sourceTree = "<group>"; };
		A7E2B6B91296B64700F3BB6E /* jctrans.c */ = {isa = PBXFileReference; fileEncoding = 4; lastKnownFileType = sourcecode.c.c; path = jctrans.c; sourceTree = "<group>"; };
		A7E2B6BA1296B64700F3BB6E /* jdapimin.c */ = {isa = PBXFileReference; fileEncoding = 4; lastKnownFileType = sourcecode.c.c; path = jdapimin.c; sourceTree = "<group>"; };
		A7E2B6BB1296B64700F3BB6E /* jdapistd.c */ = {isa = PBXFileReference; fileEncoding = 4; lastKnownFileType = sourcecode.c.c; path = jdapistd.c; sourceTree = "<group>"; };
		A7E2B6BC1296B64700F3BB6E /* jdarith.c */ = {isa = PBXFileReference; fileEncoding = 4; lastKnownFileType = sourcecode.c.c; path = jdarith.c; sourceTree = "<group>"; };
		A7E2B6BD1296B64700F3BB6E /* jdatadst.c */ = {isa = PBXFileReference; fileEncoding = 4; lastKnownFileType = sourcecode.c.c; path = jdatadst.c; sourceTree = "<group>"; };
		A7E2B6BE1296B64700F3BB6E /* jdatasrc.c */ = {isa = PBXFileReference; fileEncoding = 4; lastKnownFileType = sourcecode.c.c; path = jdatasrc.c; sourceTree = "<group>"; };
		A7E2B6BF1296B64700F3BB6E /* jdcoefct.c */ = {isa = PBXFileReference; fileEncoding = 4; lastKnownFileType = sourcecode.c.c; path = jdcoefct.c; sourceTree = "<group>"; };
		A7E2B6C01296B64700F3BB6E /* jdcolor.c */ = {isa = PBXFileReference; fileEncoding = 4; lastKnownFileType = sourcecode.c.c; path = jdcolor.c; sourceTree = "<group>"; };
		A7E2B6C11296B64700F3BB6E /* jdct.h */ = {isa = PBXFileReference; fileEncoding = 4; lastKnownFileType = sourcecode.c.h; path = jdct.h; sourceTree = "<group>"; };
		A7E2B6C21296B64700F3BB6E /* jddctmgr.c */ = {isa = PBXFileReference; fileEncoding = 4; lastKnownFileType = sourcecode.c.c; path = jddctmgr.c; sourceTree = "<group>"; };
		A7E2B6C31296B64700F3BB6E /* jdhuff.c */ = {isa = PBXFileReference; fileEncoding = 4; lastKnownFileType = sourcecode.c.c; path = jdhuff.c; sourceTree = "<group>"; };
		A7E2B6C41296B64700F3BB6E /* jdinput.c */ = {isa = PBXFileReference; fileEncoding = 4; lastKnownFileType = sourcecode.c.c; path = jdinput.c; sourceTree = "<group>"; };
		A7E2B6C51296B64700F3BB6E /* jdmainct.c */ = {isa = PBXFileReference; fileEncoding = 4; lastKnownFileType = sourcecode.c.c; path = jdmainct.c; sourceTree = "<group>"; };
		A7E2B6C61296B64700F3BB6E /* jdmarker.c */ = {isa = PBXFileReference; fileEncoding = 4; lastKnownFileType = sourcecode.c.c; path = jdmarker.c; sourceTree = "<group>"; };
		A7E2B6C71296B64700F3BB6E /* jdmaster.c */ = {isa = PBXFileReference; fileEncoding = 4; lastKnownFileType = sourcecode.c.c; path = jdmaster.c; sourceTree = "<group>"; };
		A7E2B6C81296B64700F3BB6E /* jdmerge.c */ = {isa = PBXFileReference; fileEncoding = 4; lastKnownFileType = sourcecode.c.c; path = jdmerge.c; sourceTree = "<group>"; };
		A7E2B6C91296B64700F3BB6E /* jdpostct.c */ = {isa = PBXFileReference; fileEncoding = 4; lastKnownFileType = sourcecode.c.c; path = jdpostct.c; sourceTree = "<group>"; };
		A7E2B6CA1296B64700F3BB6E /* jdsample.c */ = {isa = PBXFileReference; fileEncoding = 4; lastKnownFileType = sourcecode.c.c; path = jdsample.c; sourceTree = "<group>"; };
		A7E2B6CB1296B64700F3BB6E /* jdtrans.c */ = {isa = PBXFileReference; fileEncoding = 4; lastKnownFileType = sourcecode.c.c; path = jdtrans.c; sourceTree = "<group>"; };
		A7E2B6CC1296B64700F3BB6E /* jerror.c */ = {isa = PBXFileReference; fileEncoding = 4; lastKnownFileType = sourcecode.c.c; path = jerror.c; sourceTree = "<group>"; };
		A7E2B6CD1296B64700F3BB6E /* jerror.h */ = {isa = PBXFileReference; fileEncoding = 4; lastKnownFileType = sourcecode.c.h; path = jerror.h; sourceTree = "<group>"; };
		A7E2B6CE1296B64700F3BB6E /* jfdctflt.c */ = {isa = PBXFileReference; fileEncoding = 4; lastKnownFileType = sourcecode.c.c; path = jfdctflt.c; sourceTree = "<group>"; };
		A7E2B6CF1296B64700F3BB6E /* jfdctfst.c */ = {isa = PBXFileReference; fileEncoding = 4; lastKnownFileType = sourcecode.c.c; path = jfdctfst.c; sourceTree = "<group>"; };
		A7E2B6D01296B64700F3BB6E /* jfdctint.c */ = {isa = PBXFileReference; fileEncoding = 4; lastKnownFileType = sourcecode.c.c; path = jfdctint.c; sourceTree = "<group>"; };
		A7E2B6D11296B64700F3BB6E /* jidctflt.c */ = {isa = PBXFileReference; fileEncoding = 4; lastKnownFileType = sourcecode.c.c; path = jidctflt.c; sourceTree = "<group>"; };
		A7E2B6D21296B64700F3BB6E /* jidctfst.c */ = {isa = PBXFileReference; fileEncoding = 4; lastKnownFileType = sourcecode.c.c; path = jidctfst.c; sourceTree = "<group>"; };
		A7E2B6D31296B64700F3BB6E /* jidctint.c */ = {isa = PBXFileReference; fileEncoding = 4; lastKnownFileType = sourcecode.c.c; path = jidctint.c; sourceTree = "<group>"; };
		A7E2B6D41296B64700F3BB6E /* jinclude.h */ = {isa = PBXFileReference; fileEncoding = 4; lastKnownFileType = sourcecode.c.h; path = jinclude.h; sourceTree = "<group>"; };
		A7E2B6D51296B64700F3BB6E /* jmemansi.c */ = {isa = PBXFileReference; fileEncoding = 4; lastKnownFileType = sourcecode.c.c; path = jmemansi.c; sourceTree = "<group>"; };
		A7E2B6D81296B64700F3BB6E /* jmemmac.c */ = {isa = PBXFileReference; fileEncoding = 4; lastKnownFileType = sourcecode.c.c; path = jmemmac.c; sourceTree = "<group>"; };
		A7E2B6D91296B64700F3BB6E /* jmemmgr.c */ = {isa = PBXFileReference; fileEncoding = 4; lastKnownFileType = sourcecode.c.c; path = jmemmgr.c; sourceTree = "<group>"; };
		A7E2B6DA1296B64700F3BB6E /* jmemname.c */ = {isa = PBXFileReference; fileEncoding = 4; lastKnownFileType = sourcecode.c.c; path = jmemname.c; sourceTree = "<group>"; };
		A7E2B6DB1296B64700F3BB6E /* jmemnobs.c */ = {isa = PBXFileReference; fileEncoding = 4; lastKnownFileType = sourcecode.c.c; path = jmemnobs.c; sourceTree = "<group>"; };
		A7E2B6DC1296B64700F3BB6E /* jmemsys.h */ = {isa = PBXFileReference; fileEncoding = 4; lastKnownFileType = sourcecode.c.h; path = jmemsys.h; sourceTree = "<group>"; };
		A7E2B6DD1296B64700F3BB6E /* jmorecfg.h */ = {isa = PBXFileReference; fileEncoding = 4; lastKnownFileType = sourcecode.c.h; path = jmorecfg.h; sourceTree = "<group>"; };
		A7E2B6DE1296B64700F3BB6E /* jpegint.h */ = {isa = PBXFileReference; fileEncoding = 4; lastKnownFileType = sourcecode.c.h; path = jpegint.h; sourceTree = "<group>"; };
		A7E2B6DF1296B64700F3BB6E /* jpeglib.h */ = {isa = PBXFileReference; fileEncoding = 4; lastKnownFileType = sourcecode.c.h; path = jpeglib.h; sourceTree = "<group>"; };
		A7E2B6E11296B64700F3BB6E /* jpegtran.c */ = {isa = PBXFileReference; fileEncoding = 4; lastKnownFileType = sourcecode.c.c; path = jpegtran.c; sourceTree = "<group>"; };
		A7E2B6E21296B64700F3BB6E /* jquant1.c */ = {isa = PBXFileReference; fileEncoding = 4; lastKnownFileType = sourcecode.c.c; path = jquant1.c; sourceTree = "<group>"; };
		A7E2B6E31296B64700F3BB6E /* jquant2.c */ = {isa = PBXFileReference; fileEncoding = 4; lastKnownFileType = sourcecode.c.c; path = jquant2.c; sourceTree = "<group>"; };
		A7E2B6E41296B64700F3BB6E /* jutils.c */ = {isa = PBXFileReference; fileEncoding = 4; lastKnownFileType = sourcecode.c.c; path = jutils.c; sourceTree = "<group>"; };
		A7E2B6E51296B64700F3BB6E /* jversion.h */ = {isa = PBXFileReference; fileEncoding = 4; lastKnownFileType = sourcecode.c.h; path = jversion.h; sourceTree = "<group>"; };
		A7E2B71F1296B64700F3BB6E /* rdbmp.c */ = {isa = PBXFileReference; fileEncoding = 4; lastKnownFileType = sourcecode.c.c; path = rdbmp.c; sourceTree = "<group>"; };
		A7E2B7201296B64700F3BB6E /* rdcolmap.c */ = {isa = PBXFileReference; fileEncoding = 4; lastKnownFileType = sourcecode.c.c; path = rdcolmap.c; sourceTree = "<group>"; };
		A7E2B7211296B64700F3BB6E /* rdgif.c */ = {isa = PBXFileReference; fileEncoding = 4; lastKnownFileType = sourcecode.c.c; path = rdgif.c; sourceTree = "<group>"; };
		A7E2B7231296B64700F3BB6E /* rdjpgcom.c */ = {isa = PBXFileReference; fileEncoding = 4; lastKnownFileType = sourcecode.c.c; path = rdjpgcom.c; sourceTree = "<group>"; };
		A7E2B7241296B64700F3BB6E /* rdppm.c */ = {isa = PBXFileReference; fileEncoding = 4; lastKnownFileType = sourcecode.c.c; path = rdppm.c; sourceTree = "<group>"; };
		A7E2B7251296B64700F3BB6E /* rdrle.c */ = {isa = PBXFileReference; fileEncoding = 4; lastKnownFileType = sourcecode.c.c; path = rdrle.c; sourceTree = "<group>"; };
		A7E2B7261296B64700F3BB6E /* rdswitch.c */ = {isa = PBXFileReference; fileEncoding = 4; lastKnownFileType = sourcecode.c.c; path = rdswitch.c; sourceTree = "<group>"; };
		A7E2B7271296B64700F3BB6E /* rdtarga.c */ = {isa = PBXFileReference; fileEncoding = 4; lastKnownFileType = sourcecode.c.c; path = rdtarga.c; sourceTree = "<group>"; };
		A7E2B7301296B64700F3BB6E /* transupp.c */ = {isa = PBXFileReference; fileEncoding = 4; lastKnownFileType = sourcecode.c.c; path = transupp.c; sourceTree = "<group>"; };
		A7E2B7311296B64700F3BB6E /* transupp.h */ = {isa = PBXFileReference; fileEncoding = 4; lastKnownFileType = sourcecode.c.h; path = transupp.h; sourceTree = "<group>"; };
		A7E2B7341296B64700F3BB6E /* wrbmp.c */ = {isa = PBXFileReference; fileEncoding = 4; lastKnownFileType = sourcecode.c.c; path = wrbmp.c; sourceTree = "<group>"; };
		A7E2B7351296B64700F3BB6E /* wrgif.c */ = {isa = PBXFileReference; fileEncoding = 4; lastKnownFileType = sourcecode.c.c; path = wrgif.c; sourceTree = "<group>"; };
		A7E2B7371296B64700F3BB6E /* wrjpgcom.c */ = {isa = PBXFileReference; fileEncoding = 4; lastKnownFileType = sourcecode.c.c; path = wrjpgcom.c; sourceTree = "<group>"; };
		A7E2B7381296B64700F3BB6E /* wrppm.c */ = {isa = PBXFileReference; fileEncoding = 4; lastKnownFileType = sourcecode.c.c; path = wrppm.c; sourceTree = "<group>"; };
		A7E2B7391296B64700F3BB6E /* wrrle.c */ = {isa = PBXFileReference; fileEncoding = 4; lastKnownFileType = sourcecode.c.c; path = wrrle.c; sourceTree = "<group>"; };
		A7E2B73A1296B64700F3BB6E /* wrtarga.c */ = {isa = PBXFileReference; fileEncoding = 4; lastKnownFileType = sourcecode.c.c; path = wrtarga.c; sourceTree = "<group>"; };
		AA747D9E0F9514B9006C5449 /* libjpeg_Prefix.pch */ = {isa = PBXFileReference; fileEncoding = 4; lastKnownFileType = sourcecode.c.h; path = libjpeg_Prefix.pch; sourceTree = SOURCE_ROOT; };
		AACBBE490F95108600F1A2B1 /* Foundation.framework */ = {isa = PBXFileReference; lastKnownFileType = wrapper.framework; name = Foundation.framework; path = System/Library/Frameworks/Foundation.framework; sourceTree = SDKROOT; };
		D2AAC07E0554694100DB518D /* libjpeg.a */ = {isa = PBXFileReference; explicitFileType = archive.ar; includeInIndex = 0; path = libjpeg.a; sourceTree = BUILT_PRODUCTS_DIR; };
/* End PBXFileReference section */

/* Begin PBXFrameworksBuildPhase section */
		D2AAC07C0554694100DB518D /* Frameworks */ = {
			isa = PBXFrameworksBuildPhase;
			buildActionMask = 2147483647;
			files = (
				AACBBE4A0F95108600F1A2B1 /* Foundation.framework in Frameworks */,
			);
			runOnlyForDeploymentPostprocessing = 0;
		};
/* End PBXFrameworksBuildPhase section */

/* Begin PBXGroup section */
		034768DFFF38A50411DB9C8B /* Products */ = {
			isa = PBXGroup;
			children = (
				D2AAC07E0554694100DB518D /* libjpeg.a */,
			);
			name = Products;
			sourceTree = "<group>";
		};
		0867D691FE84028FC02AAC07 /* libjpeg */ = {
			isa = PBXGroup;
			children = (
				08FB77AEFE84172EC02AAC07 /* Classes */,
				32C88DFF0371C24200C91783 /* Other Sources */,
				0867D69AFE84028FC02AAC07 /* Frameworks */,
				034768DFFF38A50411DB9C8B /* Products */,
			);
			name = libjpeg;
			sourceTree = "<group>";
		};
		0867D69AFE84028FC02AAC07 /* Frameworks */ = {
			isa = PBXGroup;
			children = (
				AACBBE490F95108600F1A2B1 /* Foundation.framework */,
			);
			name = Frameworks;
			sourceTree = "<group>";
		};
		08FB77AEFE84172EC02AAC07 /* Classes */ = {
			isa = PBXGroup;
			children = (
				A7E2B6741296B64700F3BB6E /* ansi2knr.c */,
				A7E2B6751296B64700F3BB6E /* build */,
				A7E2B6841296B64700F3BB6E /* cderror.h */,
				A7E2B6851296B64700F3BB6E /* cdjpeg.c */,
				A7E2B6861296B64700F3BB6E /* cdjpeg.h */,
				A7E2B6891296B64700F3BB6E /* cjpeg.c */,
				A7E2B68A1296B64700F3BB6E /* ckconfig.c */,
				A7E2B6921296B64700F3BB6E /* djpeg.c */,
				A7E2B6941296B64700F3BB6E /* examples */,
				A7E2B69C1296B64700F3BB6E /* jaricom.c */,
				A7E2B69D1296B64700F3BB6E /* jcapimin.c */,
				A7E2B69E1296B64700F3BB6E /* jcapistd.c */,
				A7E2B69F1296B64700F3BB6E /* jcarith.c */,
				A7E2B6A01296B64700F3BB6E /* jccoefct.c */,
				A7E2B6A11296B64700F3BB6E /* jccolor.c */,
				A7E2B6A21296B64700F3BB6E /* jcdctmgr.c */,
				A7E2B6A31296B64700F3BB6E /* jchuff.c */,
				A7E2B6A41296B64700F3BB6E /* jcinit.c */,
				A7E2B6A51296B64700F3BB6E /* jcmainct.c */,
				A7E2B6A61296B64700F3BB6E /* jcmarker.c */,
				A7E2B6A71296B64700F3BB6E /* jcmaster.c */,
				A7E2B6A81296B64700F3BB6E /* jcomapi.c */,
				A7E2B6AC1296B64700F3BB6E /* jconfig.h */,
				A7E2B6B61296B64700F3BB6E /* jcparam.c */,
				A7E2B6B71296B64700F3BB6E /* jcprepct.c */,
				A7E2B6B81296B64700F3BB6E /* jcsample.c */,
				A7E2B6B91296B64700F3BB6E /* jctrans.c */,
				A7E2B6BA1296B64700F3BB6E /* jdapimin.c */,
				A7E2B6BB1296B64700F3BB6E /* jdapistd.c */,
				A7E2B6BC1296B64700F3BB6E /* jdarith.c */,
				A7E2B6BD1296B64700F3BB6E /* jdatadst.c */,
				A7E2B6BE1296B64700F3BB6E /* jdatasrc.c */,
				A7E2B6BF1296B64700F3BB6E /* jdcoefct.c */,
				A7E2B6C01296B64700F3BB6E /* jdcolor.c */,
				A7E2B6C11296B64700F3BB6E /* jdct.h */,
				A7E2B6C21296B64700F3BB6E /* jddctmgr.c */,
				A7E2B6C31296B64700F3BB6E /* jdhuff.c */,
				A7E2B6C41296B64700F3BB6E /* jdinput.c */,
				A7E2B6C51296B64700F3BB6E /* jdmainct.c */,
				A7E2B6C61296B64700F3BB6E /* jdmarker.c */,
				A7E2B6C71296B64700F3BB6E /* jdmaster.c */,
				A7E2B6C81296B64700F3BB6E /* jdmerge.c */,
				A7E2B6C91296B64700F3BB6E /* jdpostct.c */,
				A7E2B6CA1296B64700F3BB6E /* jdsample.c */,
				A7E2B6CB1296B64700F3BB6E /* jdtrans.c */,
				A7E2B6CC1296B64700F3BB6E /* jerror.c */,
				A7E2B6CD1296B64700F3BB6E /* jerror.h */,
				A7E2B6CE1296B64700F3BB6E /* jfdctflt.c */,
				A7E2B6CF1296B64700F3BB6E /* jfdctfst.c */,
				A7E2B6D01296B64700F3BB6E /* jfdctint.c */,
				A7E2B6D11296B64700F3BB6E /* jidctflt.c */,
				A7E2B6D21296B64700F3BB6E /* jidctfst.c */,
				A7E2B6D31296B64700F3BB6E /* jidctint.c */,
				A7E2B6D41296B64700F3BB6E /* jinclude.h */,
				A7E2B6D51296B64700F3BB6E /* jmemansi.c */,
				A7E2B6D81296B64700F3BB6E /* jmemmac.c */,
				A7E2B6D91296B64700F3BB6E /* jmemmgr.c */,
				A7E2B6DA1296B64700F3BB6E /* jmemname.c */,
				A7E2B6DB1296B64700F3BB6E /* jmemnobs.c */,
				A7E2B6DC1296B64700F3BB6E /* jmemsys.h */,
				A7E2B6DD1296B64700F3BB6E /* jmorecfg.h */,
				A7E2B6DE1296B64700F3BB6E /* jpegint.h */,
				A7E2B6DF1296B64700F3BB6E /* jpeglib.h */,
				A7E2B6E11296B64700F3BB6E /* jpegtran.c */,
				A7E2B6E21296B64700F3BB6E /* jquant1.c */,
				A7E2B6E31296B64700F3BB6E /* jquant2.c */,
				A7E2B6E41296B64700F3BB6E /* jutils.c */,
				A7E2B6E51296B64700F3BB6E /* jversion.h */,
				A7E2B71F1296B64700F3BB6E /* rdbmp.c */,
				A7E2B7201296B64700F3BB6E /* rdcolmap.c */,
				A7E2B7211296B64700F3BB6E /* rdgif.c */,
				A7E2B7231296B64700F3BB6E /* rdjpgcom.c */,
				A7E2B7241296B64700F3BB6E /* rdppm.c */,
				A7E2B7251296B64700F3BB6E /* rdrle.c */,
				A7E2B7261296B64700F3BB6E /* rdswitch.c */,
				A7E2B7271296B64700F3BB6E /* rdtarga.c */,
				A7E2B7301296B64700F3BB6E /* transupp.c */,
				A7E2B7311296B64700F3BB6E /* transupp.h */,
				A7E2B7341296B64700F3BB6E /* wrbmp.c */,
				A7E2B7351296B64700F3BB6E /* wrgif.c */,
				A7E2B7371296B64700F3BB6E /* wrjpgcom.c */,
				A7E2B7381296B64700F3BB6E /* wrppm.c */,
				A7E2B7391296B64700F3BB6E /* wrrle.c */,
				A7E2B73A1296B64700F3BB6E /* wrtarga.c */,
			);
			name = Classes;
			sourceTree = "<group>";
		};
		32C88DFF0371C24200C91783 /* Other Sources */ = {
			isa = PBXGroup;
			children = (
				AA747D9E0F9514B9006C5449 /* libjpeg_Prefix.pch */,
			);
			name = "Other Sources";
			sourceTree = "<group>";
		};
		A7E2B6751296B64700F3BB6E /* build */ = {
			isa = PBXGroup;
			children = (
				A7E2B6761296B64700F3BB6E /* libjpeg.build */,
			);
			path = build;
			sourceTree = "<group>";
		};
		A7E2B6761296B64700F3BB6E /* libjpeg.build */ = {
			isa = PBXGroup;
			children = (
				A7E2B6771296B64700F3BB6E /* libjpeg.pbxindex */,
			);
			path = libjpeg.build;
			sourceTree = "<group>";
		};
		A7E2B6771296B64700F3BB6E /* libjpeg.pbxindex */ = {
			isa = PBXGroup;
			children = (
				A7E2B6801296B64700F3BB6E /* strings.pbxstrings */,
			);
			path = libjpeg.pbxindex;
			sourceTree = "<group>";
		};
		A7E2B6801296B64700F3BB6E /* strings.pbxstrings */ = {
			isa = PBXGroup;
			children = (
			);
			path = strings.pbxstrings;
			sourceTree = "<group>";
		};
		A7E2B6941296B64700F3BB6E /* examples */ = {
			isa = PBXGroup;
			children = (
				A7E2B6951296B64700F3BB6E /* cjpeg.c */,
				A7E2B6961296B64700F3BB6E /* djpeg.c */,
			);
			path = examples;
			sourceTree = "<group>";
		};
/* End PBXGroup section */

/* Begin PBXHeadersBuildPhase section */
		D2AAC07A0554694100DB518D /* Headers */ = {
			isa = PBXHeadersBuildPhase;
			buildActionMask = 2147483647;
			files = (
				AA747D9F0F9514B9006C5449 /* libjpeg_Prefix.pch in Headers */,
				A7E2B73C1296B64700F3BB6E /* cderror.h in Headers */,
				A7E2B73E1296B64700F3BB6E /* cdjpeg.h in Headers */,
				A7E2B7521296B64700F3BB6E /* jconfig.h in Headers */,
				A7E2B75E1296B64700F3BB6E /* jdct.h in Headers */,
				A7E2B76A1296B64700F3BB6E /* jerror.h in Headers */,
				A7E2B7711296B64700F3BB6E /* jinclude.h in Headers */,
				A7E2B7791296B64700F3BB6E /* jmemsys.h in Headers */,
				A7E2B77A1296B64700F3BB6E /* jmorecfg.h in Headers */,
				A7E2B77B1296B64700F3BB6E /* jpegint.h in Headers */,
				A7E2B77C1296B64700F3BB6E /* jpeglib.h in Headers */,
				A7E2B7811296B64700F3BB6E /* jversion.h in Headers */,
				A7E2B78B1296B64700F3BB6E /* transupp.h in Headers */,
			);
			runOnlyForDeploymentPostprocessing = 0;
		};
/* End PBXHeadersBuildPhase section */

/* Begin PBXNativeTarget section */
		D2AAC07D0554694100DB518D /* libjpeg */ = {
			isa = PBXNativeTarget;
			buildConfigurationList = 1DEB921E08733DC00010E9CD /* Build configuration list for PBXNativeTarget "libjpeg" */;
			buildPhases = (
				D2AAC07A0554694100DB518D /* Headers */,
				D2AAC07B0554694100DB518D /* Sources */,
				D2AAC07C0554694100DB518D /* Frameworks */,
			);
			buildRules = (
			);
			dependencies = (
			);
			name = libjpeg;
			productName = libjpeg;
			productReference = D2AAC07E0554694100DB518D /* libjpeg.a */;
			productType = "com.apple.product-type.library.static";
		};
/* End PBXNativeTarget section */

/* Begin PBXProject section */
		0867D690FE84028FC02AAC07 /* Project object */ = {
			isa = PBXProject;
			buildConfigurationList = 1DEB922208733DC00010E9CD /* Build configuration list for PBXProject "libjpeg" */;
			compatibilityVersion = "Xcode 3.1";
			developmentRegion = English;
			hasScannedForEncodings = 1;
			knownRegions = (
				English,
				Japanese,
				French,
				German,
			);
			mainGroup = 0867D691FE84028FC02AAC07 /* libjpeg */;
			productRefGroup = 034768DFFF38A50411DB9C8B /* Products */;
			projectDirPath = "";
			projectRoot = "";
			targets = (
				D2AAC07D0554694100DB518D /* libjpeg */,
			);
		};
/* End PBXProject section */

/* Begin PBXSourcesBuildPhase section */
		D2AAC07B0554694100DB518D /* Sources */ = {
			isa = PBXSourcesBuildPhase;
			buildActionMask = 2147483647;
			files = (
				A7E2B7451296B64700F3BB6E /* jaricom.c in Sources */,
				A7E2B7461296B64700F3BB6E /* jcapimin.c in Sources */,
				A7E2B7471296B64700F3BB6E /* jcapistd.c in Sources */,
				A7E2B7481296B64700F3BB6E /* jcarith.c in Sources */,
				A7E2B7491296B64700F3BB6E /* jccoefct.c in Sources */,
				A7E2B74A1296B64700F3BB6E /* jccolor.c in Sources */,
				A7E2B74B1296B64700F3BB6E /* jcdctmgr.c in Sources */,
				A7E2B74C1296B64700F3BB6E /* jchuff.c in Sources */,
				A7E2B74D1296B64700F3BB6E /* jcinit.c in Sources */,
				A7E2B74E1296B64700F3BB6E /* jcmainct.c in Sources */,
				A7E2B74F1296B64700F3BB6E /* jcmarker.c in Sources */,
				A7E2B7501296B64700F3BB6E /* jcmaster.c in Sources */,
				A7E2B7511296B64700F3BB6E /* jcomapi.c in Sources */,
				A7E2B7531296B64700F3BB6E /* jcparam.c in Sources */,
				A7E2B7541296B64700F3BB6E /* jcprepct.c in Sources */,
				A7E2B7551296B64700F3BB6E /* jcsample.c in Sources */,
				A7E2B7561296B64700F3BB6E /* jctrans.c in Sources */,
				A7E2B7571296B64700F3BB6E /* jdapimin.c in Sources */,
				A7E2B7581296B64700F3BB6E /* jdapistd.c in Sources */,
				A7E2B7591296B64700F3BB6E /* jdarith.c in Sources */,
				A7E2B75A1296B64700F3BB6E /* jdatadst.c in Sources */,
				A7E2B75B1296B64700F3BB6E /* jdatasrc.c in Sources */,
				A7E2B75C1296B64700F3BB6E /* jdcoefct.c in Sources */,
				A7E2B75D1296B64700F3BB6E /* jdcolor.c in Sources */,
				A7E2B75F1296B64700F3BB6E /* jddctmgr.c in Sources */,
				A7E2B7601296B64700F3BB6E /* jdhuff.c in Sources */,
				A7E2B7611296B64700F3BB6E /* jdinput.c in Sources */,
				A7E2B7621296B64700F3BB6E /* jdmainct.c in Sources */,
				A7E2B7631296B64700F3BB6E /* jdmarker.c in Sources */,
				A7E2B7641296B64700F3BB6E /* jdmaster.c in Sources */,
				A7E2B7651296B64700F3BB6E /* jdmerge.c in Sources */,
				A7E2B7661296B64700F3BB6E /* jdpostct.c in Sources */,
				A7E2B7671296B64700F3BB6E /* jdsample.c in Sources */,
				A7E2B7681296B64700F3BB6E /* jdtrans.c in Sources */,
				A7E2B7691296B64700F3BB6E /* jerror.c in Sources */,
				A7E2B76B1296B64700F3BB6E /* jfdctflt.c in Sources */,
				A7E2B76C1296B64700F3BB6E /* jfdctfst.c in Sources */,
				A7E2B76D1296B64700F3BB6E /* jfdctint.c in Sources */,
				A7E2B76E1296B64700F3BB6E /* jidctflt.c in Sources */,
				A7E2B76F1296B64700F3BB6E /* jidctfst.c in Sources */,
				A7E2B7701296B64700F3BB6E /* jidctint.c in Sources */,
				A7E2B7761296B64700F3BB6E /* jmemmgr.c in Sources */,
				A7E2B7781296B64700F3BB6E /* jmemnobs.c in Sources */,
				A7E2B77D1296B64700F3BB6E /* jpegtran.c in Sources */,
				A7E2B77E1296B64700F3BB6E /* jquant1.c in Sources */,
				A7E2B77F1296B64700F3BB6E /* jquant2.c in Sources */,
				A7E2B7801296B64700F3BB6E /* jutils.c in Sources */,
			);
			runOnlyForDeploymentPostprocessing = 0;
		};
/* End PBXSourcesBuildPhase section */

/* Begin XCBuildConfiguration section */
		1DEB921F08733DC00010E9CD /* Debug */ = {
			isa = XCBuildConfiguration;
			buildSettings = {
				ALWAYS_SEARCH_USER_PATHS = NO;
				ARCHS = "$(ARCHS_STANDARD_32_BIT)";
				COPY_PHASE_STRIP = NO;
				DSTROOT = /tmp/libjpeg.dst;
				GCC_DYNAMIC_NO_PIC = NO;
				GCC_ENABLE_FIX_AND_CONTINUE = YES;
				GCC_MODEL_TUNING = G5;
				GCC_OPTIMIZATION_LEVEL = 0;
				GCC_PRECOMPILE_PREFIX_HEADER = YES;
				GCC_PREFIX_HEADER = libjpeg_Prefix.pch;
				GCC_VERSION = com.apple.compilers.llvmgcc42;
				INSTALL_PATH = /usr/local/lib;
				PRODUCT_NAME = jpeg;
			};
			name = Debug;
		};
		1DEB922008733DC00010E9CD /* Release */ = {
			isa = XCBuildConfiguration;
			buildSettings = {
				ALWAYS_SEARCH_USER_PATHS = NO;
				ARCHS = "$(ARCHS_STANDARD_32_BIT)";
				DSTROOT = /tmp/libjpeg.dst;
				GCC_MODEL_TUNING = G5;
				GCC_PRECOMPILE_PREFIX_HEADER = YES;
				GCC_PREFIX_HEADER = libjpeg_Prefix.pch;
				GCC_VERSION = com.apple.compilers.llvmgcc42;
				INSTALL_PATH = /usr/local/lib;
				PRODUCT_NAME = jpeg;
			};
			name = Release;
		};
		1DEB922308733DC00010E9CD /* Debug */ = {
			isa = XCBuildConfiguration;
			buildSettings = {
				ARCHS = "$(ARCHS_STANDARD_32_BIT)";
				GCC_C_LANGUAGE_STANDARD = c99;
				GCC_OPTIMIZATION_LEVEL = 0;
				GCC_WARN_ABOUT_RETURN_TYPE = YES;
				GCC_WARN_UNUSED_VARIABLE = YES;
				ONLY_ACTIVE_ARCH = YES;
				OTHER_LDFLAGS = "-ObjC";
				PREBINDING = NO;
				SDKROOT = iphoneos;
			};
			name = Debug;
		};
		1DEB922408733DC00010E9CD /* Release */ = {
			isa = XCBuildConfiguration;
			buildSettings = {
				ARCHS = "$(ARCHS_STANDARD_32_BIT)";
				GCC_C_LANGUAGE_STANDARD = c99;
				GCC_WARN_ABOUT_RETURN_TYPE = YES;
				GCC_WARN_UNUSED_VARIABLE = YES;
				OTHER_LDFLAGS = "-ObjC";
				PREBINDING = NO;
				SDKROOT = iphoneos;
			};
			name = Release;
		};
/* End XCBuildConfiguration section */

/* Begin XCConfigurationList section */
		1DEB921E08733DC00010E9CD /* Build configuration list for PBXNativeTarget "libjpeg" */ = {
			isa = XCConfigurationList;
			buildConfigurations = (
				1DEB921F08733DC00010E9CD /* Debug */,
				1DEB922008733DC00010E9CD /* Release */,
			);
			defaultConfigurationIsVisible = 0;
			defaultConfigurationName = Release;
		};
		1DEB922208733DC00010E9CD /* Build configuration list for PBXProject "libjpeg" */ = {
			isa = XCConfigurationList;
			buildConfigurations = (
				1DEB922308733DC00010E9CD /* Debug */,
				1DEB922408733DC00010E9CD /* Release */,
			);
			defaultConfigurationIsVisible = 0;
			defaultConfigurationName = Release;
		};
/* End XCConfigurationList section */
	};
	rootObject = 0867D690FE84028FC02AAC07 /* Project object */;
}
