// !$*UTF8*$!
{
	archiveVersion = 1;
	classes = {
	};
	objectVersion = 46;
	objects = {

/* Begin PBXBuildFile section */
		1D3623260D0F684500981E51 /* imago_iphoneAppDelegate.mm in Sources */ = {isa = PBXBuildFile; fileRef = 1D3623250D0F684500981E51 /* imago_iphoneAppDelegate.mm */; };
		1D60589B0D05DD56006BFB54 /* main.m in Sources */ = {isa = PBXBuildFile; fileRef = 29B97316FDCFA39411CA2CEA /* main.m */; };
		1D60589F0D05DD5A006BFB54 /* Foundation.framework in Frameworks */ = {isa = PBXBuildFile; fileRef = 1D30AB110D05D00D00671497 /* Foundation.framework */; };
		1DF5F4E00D08C38300B7A737 /* UIKit.framework in Frameworks */ = {isa = PBXBuildFile; fileRef = 1DF5F4DF0D08C38300B7A737 /* UIKit.framework */; };
		2892E4100DC94CBA00A64D0F /* CoreGraphics.framework in Frameworks */ = {isa = PBXBuildFile; fileRef = 2892E40F0DC94CBA00A64D0F /* CoreGraphics.framework */; };
		89504A4F13C73A05005B17C2 /* ff.font in Resources */ = {isa = PBXBuildFile; fileRef = 89504A4E13C73A05005B17C2 /* ff.font */; };
		895D166F13BB95D700789128 /* MainWindow-iPad.xib in Resources */ = {isa = PBXBuildFile; fileRef = 895D166E13BB95D700789128 /* MainWindow-iPad.xib */; };
		895D167113BBBC7600789128 /* irecopad.png in Resources */ = {isa = PBXBuildFile; fileRef = 895D167013BBBC7600789128 /* irecopad.png */; };
		A70049F1143CB63200E40CBA /* MessageUI.framework in Frameworks */ = {isa = PBXBuildFile; fileRef = A70049F0143CB63200E40CBA /* MessageUI.framework */; };
		A704F75C1271BED80006F5C5 /* libz.dylib in Frameworks */ = {isa = PBXBuildFile; fileRef = A704F75B1271BED80006F5C5 /* libz.dylib */; };
		A71E321D13462DF3006D4D50 /* libpng_local.a in Frameworks */ = {isa = PBXBuildFile; fileRef = A7D6728F13461AA40030A6E1 /* libpng_local.a */; };
		A71E321E13462DF3006D4D50 /* libjpeg_local.a in Frameworks */ = {isa = PBXBuildFile; fileRef = A7D6729113461AA40030A6E1 /* libjpeg_local.a */; settings = {ATTRIBUTES = (Required, ); }; };
		A7226D1613FAA58D004E59D9 /* libgraph.a in Frameworks */ = {isa = PBXBuildFile; fileRef = A7226D1013FAA58D004E59D9 /* libgraph.a */; };
		A7226D1713FAA58D004E59D9 /* libindigo.a in Frameworks */ = {isa = PBXBuildFile; fileRef = A7226D1113FAA58D004E59D9 /* libindigo.a */; };
		A7226D1813FAA58D004E59D9 /* liblayout.a in Frameworks */ = {isa = PBXBuildFile; fileRef = A7226D1213FAA58D004E59D9 /* liblayout.a */; };
		A7226D1913FAA58D004E59D9 /* libmolecule.a in Frameworks */ = {isa = PBXBuildFile; fileRef = A7226D1313FAA58D004E59D9 /* libmolecule.a */; };
		A7226D1A13FAA58D004E59D9 /* libreaction.a in Frameworks */ = {isa = PBXBuildFile; fileRef = A7226D1413FAA58D004E59D9 /* libreaction.a */; };
		A7226D1B13FAA58D004E59D9 /* libtinyxml.a in Frameworks */ = {isa = PBXBuildFile; fileRef = A7226D1513FAA58D004E59D9 /* libtinyxml.a */; };
		A732667012AD20B3001F7D75 /* MainViewController.mm in Sources */ = {isa = PBXBuildFile; fileRef = A732666F12AD20B3001F7D75 /* MainViewController.mm */; };
		A7484A20141A635B006AB1E6 /* base64.js in Resources */ = {isa = PBXBuildFile; fileRef = A748310C141A631C006AB1E6 /* base64.js */; };
		A7484A21141A635B006AB1E6 /* cis_trans.js in Resources */ = {isa = PBXBuildFile; fileRef = A748310E141A631C006AB1E6 /* cis_trans.js */; };
		A7484A22141A635B006AB1E6 /* dfs.js in Resources */ = {isa = PBXBuildFile; fileRef = A748310F141A631C006AB1E6 /* dfs.js */; };
		A7484A23141A635B006AB1E6 /* element.js in Resources */ = {isa = PBXBuildFile; fileRef = A7483110141A631C006AB1E6 /* element.js */; };
		A7484A24141A635B006AB1E6 /* molfile.js in Resources */ = {isa = PBXBuildFile; fileRef = A7483111141A631C006AB1E6 /* molfile.js */; };
		A7484A25141A635B006AB1E6 /* sgroup.js in Resources */ = {isa = PBXBuildFile; fileRef = A7483112141A631C006AB1E6 /* sgroup.js */; };
		A7484A26141A635B006AB1E6 /* smiles.js in Resources */ = {isa = PBXBuildFile; fileRef = A7483113141A631C006AB1E6 /* smiles.js */; };
		A7484A27141A635B006AB1E6 /* stereocenters.js in Resources */ = {isa = PBXBuildFile; fileRef = A7483114141A631C006AB1E6 /* stereocenters.js */; };
		A7484A28141A635B006AB1E6 /* struct.js in Resources */ = {isa = PBXBuildFile; fileRef = A7483115141A631C006AB1E6 /* struct.js */; };
		A7484A29141A635B006AB1E6 /* struct_valence.js in Resources */ = {isa = PBXBuildFile; fileRef = A7483116141A631C006AB1E6 /* struct_valence.js */; };
		A7484A2B141A635B006AB1E6 /* ketcher-ios.css in Resources */ = {isa = PBXBuildFile; fileRef = A7483119141A631C006AB1E6 /* ketcher-ios.css */; };
		A7484A2C141A635B006AB1E6 /* ketcher.html in Resources */ = {isa = PBXBuildFile; fileRef = A748311A141A631C006AB1E6 /* ketcher.html */; };
		A7484A2D141A635B006AB1E6 /* events-ios.js in Resources */ = {isa = PBXBuildFile; fileRef = A748311C141A631C006AB1E6 /* events-ios.js */; };
		A7484A2F141A635B006AB1E6 /* ui-ios.js in Resources */ = {isa = PBXBuildFile; fileRef = A748311F141A631C006AB1E6 /* ui-ios.js */; };
		A7484A32141A635B006AB1E6 /* ketcher.css in Resources */ = {isa = PBXBuildFile; fileRef = A7483122141A631C006AB1E6 /* ketcher.css */; };
		A7484A34141A635B006AB1E6 /* ketcher.js in Resources */ = {isa = PBXBuildFile; fileRef = A7483124141A631C006AB1E6 /* ketcher.js */; };
		A7484A37141A635B006AB1E6 /* loading.gif in Resources */ = {isa = PBXBuildFile; fileRef = A7483127141A631D006AB1E6 /* loading.gif */; };
		A74862DC141A6360006AB1E6 /* arrow.png in Resources */ = {isa = PBXBuildFile; fileRef = A74849D6141A6358006AB1E6 /* arrow.png */; };
		A74862DD141A6360006AB1E6 /* charge_minus.png in Resources */ = {isa = PBXBuildFile; fileRef = A74849D7141A6358006AB1E6 /* charge_minus.png */; };
		A74862DE141A6360006AB1E6 /* charge_plus.png in Resources */ = {isa = PBXBuildFile; fileRef = A74849D8141A6358006AB1E6 /* charge_plus.png */; };
		A74862DF141A6360006AB1E6 /* document-new.png in Resources */ = {isa = PBXBuildFile; fileRef = A74849D9141A6358006AB1E6 /* document-new.png */; };
		A74862E0141A6360006AB1E6 /* document-open.png in Resources */ = {isa = PBXBuildFile; fileRef = A74849DA141A6358006AB1E6 /* document-open.png */; };
		A74862E1141A6360006AB1E6 /* document-save-as.png in Resources */ = {isa = PBXBuildFile; fileRef = A74849DB141A6358006AB1E6 /* document-save-as.png */; };
		A74862E2141A6360006AB1E6 /* edit-clear.png in Resources */ = {isa = PBXBuildFile; fileRef = A74849DC141A6358006AB1E6 /* edit-clear.png */; };
		A74862E3141A6360006AB1E6 /* edit-copy.png in Resources */ = {isa = PBXBuildFile; fileRef = A74849DD141A6358006AB1E6 /* edit-copy.png */; };
		A74862E4141A6360006AB1E6 /* edit-cut.png in Resources */ = {isa = PBXBuildFile; fileRef = A74849DE141A6358006AB1E6 /* edit-cut.png */; };
		A74862E5141A6360006AB1E6 /* edit-paste.png in Resources */ = {isa = PBXBuildFile; fileRef = A74849DF141A6358006AB1E6 /* edit-paste.png */; };
		A74862E6141A6360006AB1E6 /* edit-redo.png in Resources */ = {isa = PBXBuildFile; fileRef = A74849E0141A6358006AB1E6 /* edit-redo.png */; };
		A74862E7141A6360006AB1E6 /* edit-undo.png in Resources */ = {isa = PBXBuildFile; fileRef = A74849E1141A6358006AB1E6 /* edit-undo.png */; };
		A74862E8141A6360006AB1E6 /* layout.png in Resources */ = {isa = PBXBuildFile; fileRef = A74849E2141A6358006AB1E6 /* layout.png */; };
		A74862E9141A6360006AB1E6 /* sgroup.png in Resources */ = {isa = PBXBuildFile; fileRef = A74849E3141A6358006AB1E6 /* sgroup.png */; };
		A74862EA141A6360006AB1E6 /* view-zoom-in.png in Resources */ = {isa = PBXBuildFile; fileRef = A74849E4141A6358006AB1E6 /* view-zoom-in.png */; };
		A74862EB141A6360006AB1E6 /* view-zoom-out.png in Resources */ = {isa = PBXBuildFile; fileRef = A74849E5141A6358006AB1E6 /* view-zoom-out.png */; };
		A7486303141A6360006AB1E6 /* dropdown.png in Resources */ = {isa = PBXBuildFile; fileRef = A74849FF141A6358006AB1E6 /* dropdown.png */; };
		A7486304141A6360006AB1E6 /* logo.png in Resources */ = {isa = PBXBuildFile; fileRef = A7484A00141A6358006AB1E6 /* logo.png */; };
		A748630F141A6360006AB1E6 /* prototype-min.js in Resources */ = {isa = PBXBuildFile; fileRef = A7484A0D141A6358006AB1E6 /* prototype-min.js */; };
		A7486310141A6360006AB1E6 /* raphael-min.js in Resources */ = {isa = PBXBuildFile; fileRef = A7484A0E141A6358006AB1E6 /* raphael-min.js */; };
		A7486312141A6360006AB1E6 /* elem_table.js in Resources */ = {isa = PBXBuildFile; fileRef = A7484A11141A6358006AB1E6 /* elem_table.js */; };
		A7486313141A6360006AB1E6 /* events.js in Resources */ = {isa = PBXBuildFile; fileRef = A7484A12141A6358006AB1E6 /* events.js */; };
		A7486314141A6360006AB1E6 /* render.js in Resources */ = {isa = PBXBuildFile; fileRef = A7484A13141A6358006AB1E6 /* render.js */; };
		A7486315141A6360006AB1E6 /* restruct.js in Resources */ = {isa = PBXBuildFile; fileRef = A7484A14141A6358006AB1E6 /* restruct.js */; };
		A7486316141A6360006AB1E6 /* restruct_rendering.js in Resources */ = {isa = PBXBuildFile; fileRef = A7484A15141A6358006AB1E6 /* restruct_rendering.js */; };
		A7486317141A6360006AB1E6 /* visel.js in Resources */ = {isa = PBXBuildFile; fileRef = A7484A16141A6358006AB1E6 /* visel.js */; };
		A7486318141A6360006AB1E6 /* actions.js in Resources */ = {isa = PBXBuildFile; fileRef = A7484A18141A6358006AB1E6 /* actions.js */; };
		A7486319141A6360006AB1E6 /* ui.js in Resources */ = {isa = PBXBuildFile; fileRef = A7484A19141A6358006AB1E6 /* ui.js */; };
		A748631A141A6360006AB1E6 /* common.js in Resources */ = {isa = PBXBuildFile; fileRef = A7484A1B141A6358006AB1E6 /* common.js */; };
		A748631B141A6360006AB1E6 /* map.js in Resources */ = {isa = PBXBuildFile; fileRef = A7484A1C141A6358006AB1E6 /* map.js */; };
		A748631C141A6360006AB1E6 /* pool.js in Resources */ = {isa = PBXBuildFile; fileRef = A7484A1D141A6358006AB1E6 /* pool.js */; };
		A748631D141A6360006AB1E6 /* set.js in Resources */ = {isa = PBXBuildFile; fileRef = A7484A1E141A6358006AB1E6 /* set.js */; };
		A748631E141A6360006AB1E6 /* vec2.js in Resources */ = {isa = PBXBuildFile; fileRef = A7484A1F141A6358006AB1E6 /* vec2.js */; };
		A75C26A712AD496900EBBC45 /* ireco.png in Resources */ = {isa = PBXBuildFile; fileRef = A75C26A512AD496900EBBC45 /* ireco.png */; };
		A75C26A812AD496900EBBC45 /* irecohd.png in Resources */ = {isa = PBXBuildFile; fileRef = A75C26A612AD496900EBBC45 /* irecohd.png */; };
		A7838F411430966C00DBB6CE /* MagnifierView.m in Sources */ = {isa = PBXBuildFile; fileRef = A7838F401430966C00DBB6CE /* MagnifierView.m */; };
		A79D4C0212AE849000A3C3DA /* Recognizer.mm in Sources */ = {isa = PBXBuildFile; fileRef = A79D4C0112AE849000A3C3DA /* Recognizer.mm */; };
		A7A68494134C987600841AFC /* Entitlements.plist in Resources */ = {isa = PBXBuildFile; fileRef = A7A68493134C987600841AFC /* Entitlements.plist */; };
		A7D5CBA512ADB83D00C60C51 /* KetcherViewController.xib in Resources */ = {isa = PBXBuildFile; fileRef = A7D5CBA012ADB7E900C60C51 /* KetcherViewController.xib */; };
		A7D5CBA812ADB8B500C60C51 /* MainWindow.xib in Resources */ = {isa = PBXBuildFile; fileRef = A7D5CBA612ADB8B500C60C51 /* MainWindow.xib */; };
		A7D5CBA912ADB8B500C60C51 /* OverlayViewController.xib in Resources */ = {isa = PBXBuildFile; fileRef = A7D5CBA712ADB8B500C60C51 /* OverlayViewController.xib */; };
		A7D5CBB312ADBF1100C60C51 /* KetcherViewController.mm in Sources */ = {isa = PBXBuildFile; fileRef = A7D5CBB212ADBF1100C60C51 /* KetcherViewController.mm */; };
		A7D672A813461F8B0030A6E1 /* libopencv_core.a in Frameworks */ = {isa = PBXBuildFile; fileRef = A7D672A713461F8B0030A6E1 /* libopencv_core.a */; };
		A7D672AA134620020030A6E1 /* libopencv_imgproc.a in Frameworks */ = {isa = PBXBuildFile; fileRef = A7D672A9134620020030A6E1 /* libopencv_imgproc.a */; };
		A7D672AC1346227C0030A6E1 /* libopencv_lapack.a in Frameworks */ = {isa = PBXBuildFile; fileRef = A7D672AB1346227C0030A6E1 /* libopencv_lapack.a */; };
		A7D97DE31439B0EC00696495 /* ReaxysViewController.m in Sources */ = {isa = PBXBuildFile; fileRef = A7D97DE11439B0EC00696495 /* ReaxysViewController.m */; };
		A7D97DE41439B0EC00696495 /* ReaxysViewController.xib in Resources */ = {isa = PBXBuildFile; fileRef = A7D97DE21439B0EC00696495 /* ReaxysViewController.xib */; };
		A7D9A9CC1343B6A0004B0AF0 /* libimago_static.a in Frameworks */ = {isa = PBXBuildFile; fileRef = A7988AA91343ADB800D37855 /* libimago_static.a */; };
		A7E234981281B61400C7CDC4 /* OverlayViewController.m in Sources */ = {isa = PBXBuildFile; fileRef = A7E234971281B61400C7CDC4 /* OverlayViewController.m */; };
		A7E60C6C126E15F600BA2EFD /* libstdc++.dylib in Frameworks */ = {isa = PBXBuildFile; fileRef = A7E60C6B126E15F600BA2EFD /* libstdc++.dylib */; };
/* End PBXBuildFile section */

/* Begin PBXContainerItemProxy section */
		A7988AA81343ADB800D37855 /* PBXContainerItemProxy */ = {
			isa = PBXContainerItemProxy;
			containerPortal = A7988AA21343ADB800D37855 /* imago.xcodeproj */;
			proxyType = 2;
			remoteGlobalIDString = 1006F12001006F12001006F1;
			remoteInfo = imago_static;
		};
		A7988AAB1343ADCF00D37855 /* PBXContainerItemProxy */ = {
			isa = PBXContainerItemProxy;
			containerPortal = A7988AA21343ADB800D37855 /* imago.xcodeproj */;
			proxyType = 1;
			remoteGlobalIDString = 7FF303DDDE307FF303DDDE30;
			remoteInfo = imago_static;
		};
		A7A8103D142CF3BE00222FFD /* PBXContainerItemProxy */ = {
			isa = PBXContainerItemProxy;
			containerPortal = A7988AA21343ADB800D37855 /* imago.xcodeproj */;
			proxyType = 1;
			remoteGlobalIDString = 7FF303D0C3207FF303D0C320;
			remoteInfo = png_local;
		};
		A7D6728E13461AA40030A6E1 /* PBXContainerItemProxy */ = {
			isa = PBXContainerItemProxy;
			containerPortal = A7988AA21343ADB800D37855 /* imago.xcodeproj */;
			proxyType = 2;
			remoteGlobalIDString = 101038940101038940101038;
			remoteInfo = png_local;
		};
		A7D6729013461AA40030A6E1 /* PBXContainerItemProxy */ = {
			isa = PBXContainerItemProxy;
			containerPortal = A7988AA21343ADB800D37855 /* imago.xcodeproj */;
			proxyType = 2;
			remoteGlobalIDString = 101074490101074490101074;
			remoteInfo = jpeg_local;
		};
		A7D672B3134625E90030A6E1 /* PBXContainerItemProxy */ = {
			isa = PBXContainerItemProxy;
			containerPortal = A7988AA21343ADB800D37855 /* imago.xcodeproj */;
			proxyType = 1;
			remoteGlobalIDString = 7FF303D4F4007FF303D4F400;
			remoteInfo = jpeg_local;
		};
/* End PBXContainerItemProxy section */

/* Begin PBXFileReference section */
		1D30AB110D05D00D00671497 /* Foundation.framework */ = {isa = PBXFileReference; lastKnownFileType = wrapper.framework; name = Foundation.framework; path = System/Library/Frameworks/Foundation.framework; sourceTree = SDKROOT; };
		1D3623240D0F684500981E51 /* imago_iphoneAppDelegate.h */ = {isa = PBXFileReference; fileEncoding = 4; lastKnownFileType = sourcecode.c.h; path = imago_iphoneAppDelegate.h; sourceTree = "<group>"; };
		1D3623250D0F684500981E51 /* imago_iphoneAppDelegate.mm */ = {isa = PBXFileReference; fileEncoding = 4; lastKnownFileType = sourcecode.cpp.objcpp; path = imago_iphoneAppDelegate.mm; sourceTree = "<group>"; };
		1D6058910D05DD3D006BFB54 /* BeerMat.app */ = {isa = PBXFileReference; explicitFileType = wrapper.application; includeInIndex = 0; path = BeerMat.app; sourceTree = BUILT_PRODUCTS_DIR; };
		1DF5F4DF0D08C38300B7A737 /* UIKit.framework */ = {isa = PBXFileReference; lastKnownFileType = wrapper.framework; name = UIKit.framework; path = System/Library/Frameworks/UIKit.framework; sourceTree = SDKROOT; };
		2892E40F0DC94CBA00A64D0F /* CoreGraphics.framework */ = {isa = PBXFileReference; lastKnownFileType = wrapper.framework; name = CoreGraphics.framework; path = System/Library/Frameworks/CoreGraphics.framework; sourceTree = SDKROOT; };
		28A0AAE50D9B0CCF005BE974 /* imago_iphone_Prefix.pch */ = {isa = PBXFileReference; fileEncoding = 4; lastKnownFileType = sourcecode.c.h; path = imago_iphone_Prefix.pch; sourceTree = "<group>"; };
		29B97316FDCFA39411CA2CEA /* main.m */ = {isa = PBXFileReference; fileEncoding = 4; lastKnownFileType = sourcecode.c.objc; path = main.m; sourceTree = "<group>"; };
		89504A4E13C73A05005B17C2 /* ff.font */ = {isa = PBXFileReference; fileEncoding = 4; lastKnownFileType = text; name = ff.font; path = ../data/ff.font; sourceTree = "<group>"; };
		895D166E13BB95D700789128 /* MainWindow-iPad.xib */ = {isa = PBXFileReference; lastKnownFileType = file.xib; name = "MainWindow-iPad.xib"; path = "iPad/MainWindow-iPad.xib"; sourceTree = "<group>"; };
		895D167013BBBC7600789128 /* irecopad.png */ = {isa = PBXFileReference; lastKnownFileType = image.png; path = irecopad.png; sourceTree = "<group>"; };
		8D1107310486CEB800E47090 /* imago_iphone-Info.plist */ = {isa = PBXFileReference; fileEncoding = 4; lastKnownFileType = text.plist.xml; path = "imago_iphone-Info.plist"; plistStructureDefinitionIdentifier = "com.apple.xcode.plist.structure-definition.iphone.info-plist"; sourceTree = "<group>"; };
		A70049F0143CB63200E40CBA /* MessageUI.framework */ = {isa = PBXFileReference; lastKnownFileType = wrapper.framework; name = MessageUI.framework; path = System/Library/Frameworks/MessageUI.framework; sourceTree = SDKROOT; };
		A704F75B1271BED80006F5C5 /* libz.dylib */ = {isa = PBXFileReference; lastKnownFileType = "compiled.mach-o.dylib"; name = libz.dylib; path = usr/lib/libz.dylib; sourceTree = SDKROOT; };
		A7226D1013FAA58D004E59D9 /* libgraph.a */ = {isa = PBXFileReference; lastKnownFileType = archive.ar; name = libgraph.a; path = ../third_party/indigo/ios/libgraph.a; sourceTree = "<group>"; };
		A7226D1113FAA58D004E59D9 /* libindigo.a */ = {isa = PBXFileReference; lastKnownFileType = archive.ar; name = libindigo.a; path = ../third_party/indigo/ios/libindigo.a; sourceTree = "<group>"; };
		A7226D1213FAA58D004E59D9 /* liblayout.a */ = {isa = PBXFileReference; lastKnownFileType = archive.ar; name = liblayout.a; path = ../third_party/indigo/ios/liblayout.a; sourceTree = "<group>"; };
		A7226D1313FAA58D004E59D9 /* libmolecule.a */ = {isa = PBXFileReference; lastKnownFileType = archive.ar; name = libmolecule.a; path = ../third_party/indigo/ios/libmolecule.a; sourceTree = "<group>"; };
		A7226D1413FAA58D004E59D9 /* libreaction.a */ = {isa = PBXFileReference; lastKnownFileType = archive.ar; name = libreaction.a; path = ../third_party/indigo/ios/libreaction.a; sourceTree = "<group>"; };
		A7226D1513FAA58D004E59D9 /* libtinyxml.a */ = {isa = PBXFileReference; lastKnownFileType = archive.ar; name = libtinyxml.a; path = ../third_party/indigo/ios/libtinyxml.a; sourceTree = "<group>"; };
		A732666E12AD20B3001F7D75 /* MainViewController.h */ = {isa = PBXFileReference; fileEncoding = 4; lastKnownFileType = sourcecode.c.h; path = MainViewController.h; sourceTree = "<group>"; };
		A732666F12AD20B3001F7D75 /* MainViewController.mm */ = {isa = PBXFileReference; fileEncoding = 4; lastKnownFileType = sourcecode.cpp.objcpp; path = MainViewController.mm; sourceTree = "<group>"; };
		A748310C141A631C006AB1E6 /* base64.js */ = {isa = PBXFileReference; fileEncoding = 4; lastKnownFileType = sourcecode.javascript; path = base64.js; sourceTree = "<group>"; };
		A748310E141A631C006AB1E6 /* cis_trans.js */ = {isa = PBXFileReference; fileEncoding = 4; lastKnownFileType = sourcecode.javascript; path = cis_trans.js; sourceTree = "<group>"; };
		A748310F141A631C006AB1E6 /* dfs.js */ = {isa = PBXFileReference; fileEncoding = 4; lastKnownFileType = sourcecode.javascript; path = dfs.js; sourceTree = "<group>"; };
		A7483110141A631C006AB1E6 /* element.js */ = {isa = PBXFileReference; fileEncoding = 4; lastKnownFileType = sourcecode.javascript; path = element.js; sourceTree = "<group>"; };
		A7483111141A631C006AB1E6 /* molfile.js */ = {isa = PBXFileReference; fileEncoding = 4; lastKnownFileType = sourcecode.javascript; path = molfile.js; sourceTree = "<group>"; };
		A7483112141A631C006AB1E6 /* sgroup.js */ = {isa = PBXFileReference; fileEncoding = 4; lastKnownFileType = sourcecode.javascript; path = sgroup.js; sourceTree = "<group>"; };
		A7483113141A631C006AB1E6 /* smiles.js */ = {isa = PBXFileReference; fileEncoding = 4; lastKnownFileType = sourcecode.javascript; path = smiles.js; sourceTree = "<group>"; };
		A7483114141A631C006AB1E6 /* stereocenters.js */ = {isa = PBXFileReference; fileEncoding = 4; lastKnownFileType = sourcecode.javascript; path = stereocenters.js; sourceTree = "<group>"; };
		A7483115141A631C006AB1E6 /* struct.js */ = {isa = PBXFileReference; fileEncoding = 4; lastKnownFileType = sourcecode.javascript; path = struct.js; sourceTree = "<group>"; };
		A7483116141A631C006AB1E6 /* struct_valence.js */ = {isa = PBXFileReference; fileEncoding = 4; lastKnownFileType = sourcecode.javascript; path = struct_valence.js; sourceTree = "<group>"; };
		A7483119141A631C006AB1E6 /* ketcher-ios.css */ = {isa = PBXFileReference; fileEncoding = 4; lastKnownFileType = text.css; path = "ketcher-ios.css"; sourceTree = "<group>"; };
		A748311A141A631C006AB1E6 /* ketcher.html */ = {isa = PBXFileReference; fileEncoding = 4; lastKnownFileType = text.html; path = ketcher.html; sourceTree = "<group>"; };
		A748311C141A631C006AB1E6 /* events-ios.js */ = {isa = PBXFileReference; fileEncoding = 4; lastKnownFileType = sourcecode.javascript; path = "events-ios.js"; sourceTree = "<group>"; };
		A748311F141A631C006AB1E6 /* ui-ios.js */ = {isa = PBXFileReference; fileEncoding = 4; lastKnownFileType = sourcecode.javascript; path = "ui-ios.js"; sourceTree = "<group>"; };
		A7483122141A631C006AB1E6 /* ketcher.css */ = {isa = PBXFileReference; fileEncoding = 4; lastKnownFileType = text.css; path = ketcher.css; sourceTree = "<group>"; };
		A7483124141A631C006AB1E6 /* ketcher.js */ = {isa = PBXFileReference; fileEncoding = 4; lastKnownFileType = sourcecode.javascript; path = ketcher.js; sourceTree = "<group>"; };
		A7483127141A631D006AB1E6 /* loading.gif */ = {isa = PBXFileReference; lastKnownFileType = image.gif; path = loading.gif; sourceTree = "<group>"; };
		A74849D6141A6358006AB1E6 /* arrow.png */ = {isa = PBXFileReference; lastKnownFileType = image.png; path = arrow.png; sourceTree = "<group>"; };
		A74849D7141A6358006AB1E6 /* charge_minus.png */ = {isa = PBXFileReference; lastKnownFileType = image.png; path = charge_minus.png; sourceTree = "<group>"; };
		A74849D8141A6358006AB1E6 /* charge_plus.png */ = {isa = PBXFileReference; lastKnownFileType = image.png; path = charge_plus.png; sourceTree = "<group>"; };
		A74849D9141A6358006AB1E6 /* document-new.png */ = {isa = PBXFileReference; lastKnownFileType = image.png; path = "document-new.png"; sourceTree = "<group>"; };
		A74849DA141A6358006AB1E6 /* document-open.png */ = {isa = PBXFileReference; lastKnownFileType = image.png; path = "document-open.png"; sourceTree = "<group>"; };
		A74849DB141A6358006AB1E6 /* document-save-as.png */ = {isa = PBXFileReference; lastKnownFileType = image.png; path = "document-save-as.png"; sourceTree = "<group>"; };
		A74849DC141A6358006AB1E6 /* edit-clear.png */ = {isa = PBXFileReference; lastKnownFileType = image.png; path = "edit-clear.png"; sourceTree = "<group>"; };
		A74849DD141A6358006AB1E6 /* edit-copy.png */ = {isa = PBXFileReference; lastKnownFileType = image.png; path = "edit-copy.png"; sourceTree = "<group>"; };
		A74849DE141A6358006AB1E6 /* edit-cut.png */ = {isa = PBXFileReference; lastKnownFileType = image.png; path = "edit-cut.png"; sourceTree = "<group>"; };
		A74849DF141A6358006AB1E6 /* edit-paste.png */ = {isa = PBXFileReference; lastKnownFileType = image.png; path = "edit-paste.png"; sourceTree = "<group>"; };
		A74849E0141A6358006AB1E6 /* edit-redo.png */ = {isa = PBXFileReference; lastKnownFileType = image.png; path = "edit-redo.png"; sourceTree = "<group>"; };
		A74849E1141A6358006AB1E6 /* edit-undo.png */ = {isa = PBXFileReference; lastKnownFileType = image.png; path = "edit-undo.png"; sourceTree = "<group>"; };
		A74849E2141A6358006AB1E6 /* layout.png */ = {isa = PBXFileReference; lastKnownFileType = image.png; path = layout.png; sourceTree = "<group>"; };
		A74849E3141A6358006AB1E6 /* sgroup.png */ = {isa = PBXFileReference; lastKnownFileType = image.png; path = sgroup.png; sourceTree = "<group>"; };
		A74849E4141A6358006AB1E6 /* view-zoom-in.png */ = {isa = PBXFileReference; lastKnownFileType = image.png; path = "view-zoom-in.png"; sourceTree = "<group>"; };
		A74849E5141A6358006AB1E6 /* view-zoom-out.png */ = {isa = PBXFileReference; lastKnownFileType = image.png; path = "view-zoom-out.png"; sourceTree = "<group>"; };
		A74849FF141A6358006AB1E6 /* dropdown.png */ = {isa = PBXFileReference; lastKnownFileType = image.png; path = dropdown.png; sourceTree = "<group>"; };
		A7484A00141A6358006AB1E6 /* logo.png */ = {isa = PBXFileReference; lastKnownFileType = image.png; path = logo.png; sourceTree = "<group>"; };
		A7484A0D141A6358006AB1E6 /* prototype-min.js */ = {isa = PBXFileReference; fileEncoding = 4; lastKnownFileType = sourcecode.javascript; path = "prototype-min.js"; sourceTree = "<group>"; };
		A7484A0E141A6358006AB1E6 /* raphael-min.js */ = {isa = PBXFileReference; fileEncoding = 4; lastKnownFileType = sourcecode.javascript; path = "raphael-min.js"; sourceTree = "<group>"; };
		A7484A11141A6358006AB1E6 /* elem_table.js */ = {isa = PBXFileReference; fileEncoding = 4; lastKnownFileType = sourcecode.javascript; path = elem_table.js; sourceTree = "<group>"; };
		A7484A12141A6358006AB1E6 /* events.js */ = {isa = PBXFileReference; fileEncoding = 4; lastKnownFileType = sourcecode.javascript; path = events.js; sourceTree = "<group>"; };
		A7484A13141A6358006AB1E6 /* render.js */ = {isa = PBXFileReference; fileEncoding = 4; lastKnownFileType = sourcecode.javascript; path = render.js; sourceTree = "<group>"; };
		A7484A14141A6358006AB1E6 /* restruct.js */ = {isa = PBXFileReference; fileEncoding = 4; lastKnownFileType = sourcecode.javascript; path = restruct.js; sourceTree = "<group>"; };
		A7484A15141A6358006AB1E6 /* restruct_rendering.js */ = {isa = PBXFileReference; fileEncoding = 4; lastKnownFileType = sourcecode.javascript; path = restruct_rendering.js; sourceTree = "<group>"; };
		A7484A16141A6358006AB1E6 /* visel.js */ = {isa = PBXFileReference; fileEncoding = 4; lastKnownFileType = sourcecode.javascript; path = visel.js; sourceTree = "<group>"; };
		A7484A18141A6358006AB1E6 /* actions.js */ = {isa = PBXFileReference; fileEncoding = 4; lastKnownFileType = sourcecode.javascript; path = actions.js; sourceTree = "<group>"; };
		A7484A19141A6358006AB1E6 /* ui.js */ = {isa = PBXFileReference; fileEncoding = 4; lastKnownFileType = sourcecode.javascript; path = ui.js; sourceTree = "<group>"; };
		A7484A1B141A6358006AB1E6 /* common.js */ = {isa = PBXFileReference; fileEncoding = 4; lastKnownFileType = sourcecode.javascript; path = common.js; sourceTree = "<group>"; };
		A7484A1C141A6358006AB1E6 /* map.js */ = {isa = PBXFileReference; fileEncoding = 4; lastKnownFileType = sourcecode.javascript; path = map.js; sourceTree = "<group>"; };
		A7484A1D141A6358006AB1E6 /* pool.js */ = {isa = PBXFileReference; fileEncoding = 4; lastKnownFileType = sourcecode.javascript; path = pool.js; sourceTree = "<group>"; };
		A7484A1E141A6358006AB1E6 /* set.js */ = {isa = PBXFileReference; fileEncoding = 4; lastKnownFileType = sourcecode.javascript; path = set.js; sourceTree = "<group>"; };
		A7484A1F141A6358006AB1E6 /* vec2.js */ = {isa = PBXFileReference; fileEncoding = 4; lastKnownFileType = sourcecode.javascript; path = vec2.js; sourceTree = "<group>"; };
		A75C26A512AD496900EBBC45 /* ireco.png */ = {isa = PBXFileReference; lastKnownFileType = image.png; path = ireco.png; sourceTree = "<group>"; };
		A75C26A612AD496900EBBC45 /* irecohd.png */ = {isa = PBXFileReference; lastKnownFileType = image.png; path = irecohd.png; sourceTree = "<group>"; };
		A7838F3F1430966C00DBB6CE /* MagnifierView.h */ = {isa = PBXFileReference; fileEncoding = 4; lastKnownFileType = sourcecode.c.h; path = MagnifierView.h; sourceTree = "<group>"; };
		A7838F401430966C00DBB6CE /* MagnifierView.m */ = {isa = PBXFileReference; fileEncoding = 4; lastKnownFileType = sourcecode.c.objc; path = MagnifierView.m; sourceTree = "<group>"; };
		A7988AA21343ADB800D37855 /* imago.xcodeproj */ = {isa = PBXFileReference; lastKnownFileType = "wrapper.pb-project"; name = imago.xcodeproj; path = ../imago_gen/imago.xcodeproj; sourceTree = "<group>"; };
		A79D4C0012AE849000A3C3DA /* Recognizer.h */ = {isa = PBXFileReference; fileEncoding = 4; lastKnownFileType = sourcecode.c.h; path = Recognizer.h; sourceTree = "<group>"; };
		A79D4C0112AE849000A3C3DA /* Recognizer.mm */ = {isa = PBXFileReference; fileEncoding = 4; lastKnownFileType = sourcecode.cpp.objcpp; path = Recognizer.mm; sourceTree = "<group>"; };
		A7A68493134C987600841AFC /* Entitlements.plist */ = {isa = PBXFileReference; fileEncoding = 4; lastKnownFileType = text.plist.xml; path = Entitlements.plist; sourceTree = "<group>"; };
		A7D5CBA012ADB7E900C60C51 /* KetcherViewController.xib */ = {isa = PBXFileReference; lastKnownFileType = file.xib; path = KetcherViewController.xib; sourceTree = "<group>"; };
		A7D5CBA612ADB8B500C60C51 /* MainWindow.xib */ = {isa = PBXFileReference; lastKnownFileType = file.xib; path = MainWindow.xib; sourceTree = "<group>"; };
		A7D5CBA712ADB8B500C60C51 /* OverlayViewController.xib */ = {isa = PBXFileReference; lastKnownFileType = file.xib; path = OverlayViewController.xib; sourceTree = "<group>"; };
		A7D5CBAE12ADBC3E00C60C51 /* KetcherViewController.h */ = {isa = PBXFileReference; fileEncoding = 4; lastKnownFileType = sourcecode.c.h; path = KetcherViewController.h; sourceTree = "<group>"; };
		A7D5CBB212ADBF1100C60C51 /* KetcherViewController.mm */ = {isa = PBXFileReference; fileEncoding = 4; lastKnownFileType = sourcecode.cpp.objcpp; path = KetcherViewController.mm; sourceTree = "<group>"; };
		A7D672A713461F8B0030A6E1 /* libopencv_core.a */ = {isa = PBXFileReference; lastKnownFileType = archive.ar; name = libopencv_core.a; path = "../opencv/iphone/release-universal/libopencv_core.a"; sourceTree = "<group>"; };
		A7D672A9134620020030A6E1 /* libopencv_imgproc.a */ = {isa = PBXFileReference; lastKnownFileType = archive.ar; name = libopencv_imgproc.a; path = "../opencv/iphone/release-universal/libopencv_imgproc.a"; sourceTree = "<group>"; };
		A7D672AB1346227C0030A6E1 /* libopencv_lapack.a */ = {isa = PBXFileReference; lastKnownFileType = archive.ar; name = libopencv_lapack.a; path = "../opencv/iphone/release-universal/libopencv_lapack.a"; sourceTree = "<group>"; };
		A7D97DE01439B0EB00696495 /* ReaxysViewController.h */ = {isa = PBXFileReference; fileEncoding = 4; lastKnownFileType = sourcecode.c.h; name = ReaxysViewController.h; path = ../ReaxysViewController.h; sourceTree = "<group>"; };
		A7D97DE11439B0EC00696495 /* ReaxysViewController.m */ = {isa = PBXFileReference; fileEncoding = 4; lastKnownFileType = sourcecode.c.objc; name = ReaxysViewController.m; path = ../ReaxysViewController.m; sourceTree = "<group>"; };
		A7D97DE21439B0EC00696495 /* ReaxysViewController.xib */ = {isa = PBXFileReference; fileEncoding = 4; lastKnownFileType = file.xib; path = ReaxysViewController.xib; sourceTree = "<group>"; };
		A7E234961281B61400C7CDC4 /* OverlayViewController.h */ = {isa = PBXFileReference; fileEncoding = 4; lastKnownFileType = sourcecode.c.h; path = OverlayViewController.h; sourceTree = "<group>"; };
		A7E234971281B61400C7CDC4 /* OverlayViewController.m */ = {isa = PBXFileReference; fileEncoding = 4; lastKnownFileType = sourcecode.c.objc; path = OverlayViewController.m; sourceTree = "<group>"; };
		A7E60C6B126E15F600BA2EFD /* libstdc++.dylib */ = {isa = PBXFileReference; lastKnownFileType = "compiled.mach-o.dylib"; name = "libstdc++.dylib"; path = "usr/lib/gcc/arm-apple-darwin10/4.2.1/libstdc++.dylib"; sourceTree = SDKROOT; };
/* End PBXFileReference section */

/* Begin PBXFrameworksBuildPhase section */
		1D60588F0D05DD3D006BFB54 /* Frameworks */ = {
			isa = PBXFrameworksBuildPhase;
			buildActionMask = 2147483647;
			files = (
				A70049F1143CB63200E40CBA /* MessageUI.framework in Frameworks */,
				A7226D1613FAA58D004E59D9 /* libgraph.a in Frameworks */,
				A7226D1713FAA58D004E59D9 /* libindigo.a in Frameworks */,
				A7226D1813FAA58D004E59D9 /* liblayout.a in Frameworks */,
				A7226D1913FAA58D004E59D9 /* libmolecule.a in Frameworks */,
				A7226D1A13FAA58D004E59D9 /* libreaction.a in Frameworks */,
				A7226D1B13FAA58D004E59D9 /* libtinyxml.a in Frameworks */,
				A71E321D13462DF3006D4D50 /* libpng_local.a in Frameworks */,
				A71E321E13462DF3006D4D50 /* libjpeg_local.a in Frameworks */,
				A7D672AC1346227C0030A6E1 /* libopencv_lapack.a in Frameworks */,
				A7D672AA134620020030A6E1 /* libopencv_imgproc.a in Frameworks */,
				A7D672A813461F8B0030A6E1 /* libopencv_core.a in Frameworks */,
				A7D9A9CC1343B6A0004B0AF0 /* libimago_static.a in Frameworks */,
				1D60589F0D05DD5A006BFB54 /* Foundation.framework in Frameworks */,
				1DF5F4E00D08C38300B7A737 /* UIKit.framework in Frameworks */,
				2892E4100DC94CBA00A64D0F /* CoreGraphics.framework in Frameworks */,
				A7E60C6C126E15F600BA2EFD /* libstdc++.dylib in Frameworks */,
				A704F75C1271BED80006F5C5 /* libz.dylib in Frameworks */,
			);
			runOnlyForDeploymentPostprocessing = 0;
		};
/* End PBXFrameworksBuildPhase section */

/* Begin PBXGroup section */
		080E96DDFE201D6D7F000001 /* Classes */ = {
			isa = PBXGroup;
			children = (
				A7838F3F1430966C00DBB6CE /* MagnifierView.h */,
				A7838F401430966C00DBB6CE /* MagnifierView.m */,
				A7D97DE01439B0EB00696495 /* ReaxysViewController.h */,
				A7D97DE11439B0EC00696495 /* ReaxysViewController.m */,
				A732666E12AD20B3001F7D75 /* MainViewController.h */,
				A732666F12AD20B3001F7D75 /* MainViewController.mm */,
				A7E234961281B61400C7CDC4 /* OverlayViewController.h */,
				A7E234971281B61400C7CDC4 /* OverlayViewController.m */,
				1D3623240D0F684500981E51 /* imago_iphoneAppDelegate.h */,
				1D3623250D0F684500981E51 /* imago_iphoneAppDelegate.mm */,
				A7D5CBAE12ADBC3E00C60C51 /* KetcherViewController.h */,
				A7D5CBB212ADBF1100C60C51 /* KetcherViewController.mm */,
				A79D4C0012AE849000A3C3DA /* Recognizer.h */,
				A79D4C0112AE849000A3C3DA /* Recognizer.mm */,
			);
			path = Classes;
			sourceTree = "<group>";
		};
		19C28FACFE9D520D11CA2CBB /* Products */ = {
			isa = PBXGroup;
			children = (
				1D6058910D05DD3D006BFB54 /* BeerMat.app */,
			);
			name = Products;
			sourceTree = "<group>";
		};
		29B97314FDCFA39411CA2CEA /* CustomTemplate */ = {
			isa = PBXGroup;
			children = (
				A7226D1013FAA58D004E59D9 /* libgraph.a */,
				A7226D1113FAA58D004E59D9 /* libindigo.a */,
				A7226D1213FAA58D004E59D9 /* liblayout.a */,
				A7226D1313FAA58D004E59D9 /* libmolecule.a */,
				A7226D1413FAA58D004E59D9 /* libreaction.a */,
				A7226D1513FAA58D004E59D9 /* libtinyxml.a */,
				A7A68493134C987600841AFC /* Entitlements.plist */,
				A7D672AB1346227C0030A6E1 /* libopencv_lapack.a */,
				A7D672A9134620020030A6E1 /* libopencv_imgproc.a */,
				A7D672A713461F8B0030A6E1 /* libopencv_core.a */,
				A7988AA21343ADB800D37855 /* imago.xcodeproj */,
				080E96DDFE201D6D7F000001 /* Classes */,
				29B97315FDCFA39411CA2CEA /* Other Sources */,
				29B97317FDCFA39411CA2CEA /* Resources */,
				29B97323FDCFA39411CA2CEA /* Frameworks */,
				19C28FACFE9D520D11CA2CBB /* Products */,
				A7E60C6B126E15F600BA2EFD /* libstdc++.dylib */,
				A704F75B1271BED80006F5C5 /* libz.dylib */,
			);
			name = CustomTemplate;
			sourceTree = "<group>";
		};
		29B97315FDCFA39411CA2CEA /* Other Sources */ = {
			isa = PBXGroup;
			children = (
				28A0AAE50D9B0CCF005BE974 /* imago_iphone_Prefix.pch */,
				29B97316FDCFA39411CA2CEA /* main.m */,
			);
			name = "Other Sources";
			sourceTree = "<group>";
		};
		29B97317FDCFA39411CA2CEA /* Resources */ = {
			isa = PBXGroup;
			children = (
				A748310B141A631C006AB1E6 /* Ketcher */,
				89504A4E13C73A05005B17C2 /* ff.font */,
				A7D0BA3B13BE29B600BBA4A3 /* iPhone */,
				895D166D13BB95D400789128 /* iPad */,
				A7D5CBA712ADB8B500C60C51 /* OverlayViewController.xib */,
				A75C26A512AD496900EBBC45 /* ireco.png */,
				A75C26A612AD496900EBBC45 /* irecohd.png */,
				8D1107310486CEB800E47090 /* imago_iphone-Info.plist */,
				A7D5CBA012ADB7E900C60C51 /* KetcherViewController.xib */,
				A7D97DE21439B0EC00696495 /* ReaxysViewController.xib */,
			);
			name = Resources;
			sourceTree = "<group>";
		};
		29B97323FDCFA39411CA2CEA /* Frameworks */ = {
			isa = PBXGroup;
			children = (
				A70049F0143CB63200E40CBA /* MessageUI.framework */,
				1DF5F4DF0D08C38300B7A737 /* UIKit.framework */,
				1D30AB110D05D00D00671497 /* Foundation.framework */,
				2892E40F0DC94CBA00A64D0F /* CoreGraphics.framework */,
			);
			name = Frameworks;
			sourceTree = "<group>";
		};
		895D166D13BB95D400789128 /* iPad */ = {
			isa = PBXGroup;
			children = (
				895D167013BBBC7600789128 /* irecopad.png */,
				895D166E13BB95D700789128 /* MainWindow-iPad.xib */,
			);
			name = iPad;
			sourceTree = "<group>";
		};
		A748310B141A631C006AB1E6 /* Ketcher */ = {
			isa = PBXGroup;
			children = (
				A748310C141A631C006AB1E6 /* base64.js */,
				A748310D141A631C006AB1E6 /* chem */,
				A7483118141A631C006AB1E6 /* ios */,
				A7483122141A631C006AB1E6 /* ketcher.css */,
				A7483124141A631C006AB1E6 /* ketcher.js */,
				A7483127141A631D006AB1E6 /* loading.gif */,
				A74849D4141A6358006AB1E6 /* png */,
				A7484A0D141A6358006AB1E6 /* prototype-min.js */,
				A7484A0E141A6358006AB1E6 /* raphael-min.js */,
				A7484A10141A6358006AB1E6 /* rnd */,
				A7484A17141A6358006AB1E6 /* ui */,
				A7484A1A141A6358006AB1E6 /* util */,
			);
			path = Ketcher;
			sourceTree = "<group>";
		};
		A748310D141A631C006AB1E6 /* chem */ = {
			isa = PBXGroup;
			children = (
				A748310E141A631C006AB1E6 /* cis_trans.js */,
				A748310F141A631C006AB1E6 /* dfs.js */,
				A7483110141A631C006AB1E6 /* element.js */,
				A7483111141A631C006AB1E6 /* molfile.js */,
				A7483112141A631C006AB1E6 /* sgroup.js */,
				A7483113141A631C006AB1E6 /* smiles.js */,
				A7483114141A631C006AB1E6 /* stereocenters.js */,
				A7483115141A631C006AB1E6 /* struct.js */,
				A7483116141A631C006AB1E6 /* struct_valence.js */,
			);
			path = chem;
			sourceTree = "<group>";
		};
		A7483118141A631C006AB1E6 /* ios */ = {
			isa = PBXGroup;
			children = (
				A7483119141A631C006AB1E6 /* ketcher-ios.css */,
				A748311A141A631C006AB1E6 /* ketcher.html */,
				A748311B141A631C006AB1E6 /* rnd */,
				A748311E141A631C006AB1E6 /* ui */,
			);
			path = ios;
			sourceTree = "<group>";
		};
		A748311B141A631C006AB1E6 /* rnd */ = {
			isa = PBXGroup;
			children = (
				A748311C141A631C006AB1E6 /* events-ios.js */,
			);
			path = rnd;
			sourceTree = "<group>";
		};
		A748311E141A631C006AB1E6 /* ui */ = {
			isa = PBXGroup;
			children = (
				A748311F141A631C006AB1E6 /* ui-ios.js */,
			);
			path = ui;
			sourceTree = "<group>";
		};
		A74849D4141A6358006AB1E6 /* png */ = {
			isa = PBXGroup;
			children = (
				A74849D5141A6358006AB1E6 /* action */,
				A74849FF141A6358006AB1E6 /* dropdown.png */,
				A7484A00141A6358006AB1E6 /* logo.png */,
			);
			path = png;
			sourceTree = "<group>";
		};
		A74849D5141A6358006AB1E6 /* action */ = {
			isa = PBXGroup;
			children = (
				A74849D6141A6358006AB1E6 /* arrow.png */,
				A74849D7141A6358006AB1E6 /* charge_minus.png */,
				A74849D8141A6358006AB1E6 /* charge_plus.png */,
				A74849D9141A6358006AB1E6 /* document-new.png */,
				A74849DA141A6358006AB1E6 /* document-open.png */,
				A74849DB141A6358006AB1E6 /* document-save-as.png */,
				A74849DC141A6358006AB1E6 /* edit-clear.png */,
				A74849DD141A6358006AB1E6 /* edit-copy.png */,
				A74849DE141A6358006AB1E6 /* edit-cut.png */,
				A74849DF141A6358006AB1E6 /* edit-paste.png */,
				A74849E0141A6358006AB1E6 /* edit-redo.png */,
				A74849E1141A6358006AB1E6 /* edit-undo.png */,
				A74849E2141A6358006AB1E6 /* layout.png */,
				A74849E3141A6358006AB1E6 /* sgroup.png */,
				A74849E4141A6358006AB1E6 /* view-zoom-in.png */,
				A74849E5141A6358006AB1E6 /* view-zoom-out.png */,
			);
			path = action;
			sourceTree = "<group>";
		};
		A7484A10141A6358006AB1E6 /* rnd */ = {
			isa = PBXGroup;
			children = (
				A7484A11141A6358006AB1E6 /* elem_table.js */,
				A7484A12141A6358006AB1E6 /* events.js */,
				A7484A13141A6358006AB1E6 /* render.js */,
				A7484A14141A6358006AB1E6 /* restruct.js */,
				A7484A15141A6358006AB1E6 /* restruct_rendering.js */,
				A7484A16141A6358006AB1E6 /* visel.js */,
			);
			path = rnd;
			sourceTree = "<group>";
		};
		A7484A17141A6358006AB1E6 /* ui */ = {
			isa = PBXGroup;
			children = (
				A7484A18141A6358006AB1E6 /* actions.js */,
				A7484A19141A6358006AB1E6 /* ui.js */,
			);
			path = ui;
			sourceTree = "<group>";
		};
		A7484A1A141A6358006AB1E6 /* util */ = {
			isa = PBXGroup;
			children = (
				A7484A1B141A6358006AB1E6 /* common.js */,
				A7484A1C141A6358006AB1E6 /* map.js */,
				A7484A1D141A6358006AB1E6 /* pool.js */,
				A7484A1E141A6358006AB1E6 /* set.js */,
				A7484A1F141A6358006AB1E6 /* vec2.js */,
			);
			path = util;
			sourceTree = "<group>";
		};
		A7988AA31343ADB800D37855 /* Products */ = {
			isa = PBXGroup;
			children = (
				A7D6728F13461AA40030A6E1 /* libpng_local.a */,
				A7D6729113461AA40030A6E1 /* libjpeg_local.a */,
				A7988AA91343ADB800D37855 /* libimago_static.a */,
			);
			name = Products;
			sourceTree = "<group>";
		};
		A7D0BA3B13BE29B600BBA4A3 /* iPhone */ = {
			isa = PBXGroup;
			children = (
				A7D5CBA612ADB8B500C60C51 /* MainWindow.xib */,
			);
			name = iPhone;
			sourceTree = "<group>";
		};
/* End PBXGroup section */

/* Begin PBXNativeTarget section */
		1D6058900D05DD3D006BFB54 /* ireco */ = {
			isa = PBXNativeTarget;
			buildConfigurationList = 1D6058960D05DD3E006BFB54 /* Build configuration list for PBXNativeTarget "ireco" */;
			buildPhases = (
				1D60588D0D05DD3D006BFB54 /* Resources */,
				1D60588E0D05DD3D006BFB54 /* Sources */,
				1D60588F0D05DD3D006BFB54 /* Frameworks */,
			);
			buildRules = (
			);
			dependencies = (
				A7A8103E142CF3BE00222FFD /* PBXTargetDependency */,
				A7D672B4134625E90030A6E1 /* PBXTargetDependency */,
				A7988AAC1343ADCF00D37855 /* PBXTargetDependency */,
			);
			name = ireco;
			productName = "imago-iphone";
			productReference = 1D6058910D05DD3D006BFB54 /* BeerMat.app */;
			productType = "com.apple.product-type.application";
		};
/* End PBXNativeTarget section */

/* Begin PBXProject section */
		29B97313FDCFA39411CA2CEA /* Project object */ = {
			isa = PBXProject;
			attributes = {
				LastUpgradeCheck = 0420;
			};
			buildConfigurationList = C01FCF4E08A954540054247B /* Build configuration list for PBXProject "ireco" */;
			compatibilityVersion = "Xcode 3.2";
			developmentRegion = English;
			hasScannedForEncodings = 1;
			knownRegions = (
				English,
				Japanese,
				French,
				German,
				en,
			);
			mainGroup = 29B97314FDCFA39411CA2CEA /* CustomTemplate */;
			projectDirPath = "";
			projectReferences = (
				{
					ProductGroup = A7988AA31343ADB800D37855 /* Products */;
					ProjectRef = A7988AA21343ADB800D37855 /* imago.xcodeproj */;
				},
			);
			projectRoot = "";
			targets = (
				1D6058900D05DD3D006BFB54 /* ireco */,
			);
		};
/* End PBXProject section */

/* Begin PBXReferenceProxy section */
		A7988AA91343ADB800D37855 /* libimago_static.a */ = {
			isa = PBXReferenceProxy;
			fileType = archive.ar;
			path = libimago_static.a;
			remoteRef = A7988AA81343ADB800D37855 /* PBXContainerItemProxy */;
			sourceTree = BUILT_PRODUCTS_DIR;
		};
		A7D6728F13461AA40030A6E1 /* libpng_local.a */ = {
			isa = PBXReferenceProxy;
			fileType = archive.ar;
			path = libpng_local.a;
			remoteRef = A7D6728E13461AA40030A6E1 /* PBXContainerItemProxy */;
			sourceTree = BUILT_PRODUCTS_DIR;
		};
		A7D6729113461AA40030A6E1 /* libjpeg_local.a */ = {
			isa = PBXReferenceProxy;
			fileType = archive.ar;
			path = libjpeg_local.a;
			remoteRef = A7D6729013461AA40030A6E1 /* PBXContainerItemProxy */;
			sourceTree = BUILT_PRODUCTS_DIR;
		};
/* End PBXReferenceProxy section */

/* Begin PBXResourcesBuildPhase section */
		1D60588D0D05DD3D006BFB54 /* Resources */ = {
			isa = PBXResourcesBuildPhase;
			buildActionMask = 2147483647;
			files = (
				A75C26A712AD496900EBBC45 /* ireco.png in Resources */,
				A75C26A812AD496900EBBC45 /* irecohd.png in Resources */,
				A7D5CBA512ADB83D00C60C51 /* KetcherViewController.xib in Resources */,
				A7D5CBA812ADB8B500C60C51 /* MainWindow.xib in Resources */,
				A7D5CBA912ADB8B500C60C51 /* OverlayViewController.xib in Resources */,
				A7A68494134C987600841AFC /* Entitlements.plist in Resources */,
				895D166F13BB95D700789128 /* MainWindow-iPad.xib in Resources */,
				895D167113BBBC7600789128 /* irecopad.png in Resources */,
				89504A4F13C73A05005B17C2 /* ff.font in Resources */,
				A7484A2B141A635B006AB1E6 /* ketcher-ios.css in Resources */,
				A7484A2C141A635B006AB1E6 /* ketcher.html in Resources */,
				A7484A32141A635B006AB1E6 /* ketcher.css in Resources */,
				A7484A37141A635B006AB1E6 /* loading.gif in Resources */,
				A74862DC141A6360006AB1E6 /* arrow.png in Resources */,
				A74862DD141A6360006AB1E6 /* charge_minus.png in Resources */,
				A74862DE141A6360006AB1E6 /* charge_plus.png in Resources */,
				A74862DF141A6360006AB1E6 /* document-new.png in Resources */,
				A74862E0141A6360006AB1E6 /* document-open.png in Resources */,
				A74862E1141A6360006AB1E6 /* document-save-as.png in Resources */,
				A74862E2141A6360006AB1E6 /* edit-clear.png in Resources */,
				A74862E3141A6360006AB1E6 /* edit-copy.png in Resources */,
				A74862E4141A6360006AB1E6 /* edit-cut.png in Resources */,
				A74862E5141A6360006AB1E6 /* edit-paste.png in Resources */,
				A74862E6141A6360006AB1E6 /* edit-redo.png in Resources */,
				A74862E7141A6360006AB1E6 /* edit-undo.png in Resources */,
				A74862E8141A6360006AB1E6 /* layout.png in Resources */,
				A74862E9141A6360006AB1E6 /* sgroup.png in Resources */,
				A74862EA141A6360006AB1E6 /* view-zoom-in.png in Resources */,
				A74862EB141A6360006AB1E6 /* view-zoom-out.png in Resources */,
				A7486303141A6360006AB1E6 /* dropdown.png in Resources */,
				A7486304141A6360006AB1E6 /* logo.png in Resources */,
				A7484A20141A635B006AB1E6 /* base64.js in Resources */,
				A7484A21141A635B006AB1E6 /* cis_trans.js in Resources */,
				A7484A22141A635B006AB1E6 /* dfs.js in Resources */,
				A7484A23141A635B006AB1E6 /* element.js in Resources */,
				A7484A24141A635B006AB1E6 /* molfile.js in Resources */,
				A7484A25141A635B006AB1E6 /* sgroup.js in Resources */,
				A7484A26141A635B006AB1E6 /* smiles.js in Resources */,
				A7484A27141A635B006AB1E6 /* stereocenters.js in Resources */,
				A7484A28141A635B006AB1E6 /* struct.js in Resources */,
				A7484A29141A635B006AB1E6 /* struct_valence.js in Resources */,
				A7484A2D141A635B006AB1E6 /* events-ios.js in Resources */,
				A7484A2F141A635B006AB1E6 /* ui-ios.js in Resources */,
				A7484A34141A635B006AB1E6 /* ketcher.js in Resources */,
				A748630F141A6360006AB1E6 /* prototype-min.js in Resources */,
				A7486310141A6360006AB1E6 /* raphael-min.js in Resources */,
				A7486312141A6360006AB1E6 /* elem_table.js in Resources */,
				A7486313141A6360006AB1E6 /* events.js in Resources */,
				A7486314141A6360006AB1E6 /* render.js in Resources */,
				A7486315141A6360006AB1E6 /* restruct.js in Resources */,
				A7486316141A6360006AB1E6 /* restruct_rendering.js in Resources */,
				A7486317141A6360006AB1E6 /* visel.js in Resources */,
				A7486318141A6360006AB1E6 /* actions.js in Resources */,
				A7486319141A6360006AB1E6 /* ui.js in Resources */,
				A748631A141A6360006AB1E6 /* common.js in Resources */,
				A748631B141A6360006AB1E6 /* map.js in Resources */,
				A748631C141A6360006AB1E6 /* pool.js in Resources */,
				A748631D141A6360006AB1E6 /* set.js in Resources */,
				A748631E141A6360006AB1E6 /* vec2.js in Resources */,
				A7D97DE41439B0EC00696495 /* ReaxysViewController.xib in Resources */,
			);
			runOnlyForDeploymentPostprocessing = 0;
		};
/* End PBXResourcesBuildPhase section */

/* Begin PBXSourcesBuildPhase section */
		1D60588E0D05DD3D006BFB54 /* Sources */ = {
			isa = PBXSourcesBuildPhase;
			buildActionMask = 2147483647;
			files = (
				1D60589B0D05DD56006BFB54 /* main.m in Sources */,
				1D3623260D0F684500981E51 /* imago_iphoneAppDelegate.mm in Sources */,
				A7E234981281B61400C7CDC4 /* OverlayViewController.m in Sources */,
				A732667012AD20B3001F7D75 /* MainViewController.mm in Sources */,
				A7D5CBB312ADBF1100C60C51 /* KetcherViewController.mm in Sources */,
				A79D4C0212AE849000A3C3DA /* Recognizer.mm in Sources */,
				A7838F411430966C00DBB6CE /* MagnifierView.m in Sources */,
				A7D97DE31439B0EC00696495 /* ReaxysViewController.m in Sources */,
			);
			runOnlyForDeploymentPostprocessing = 0;
		};
/* End PBXSourcesBuildPhase section */

/* Begin PBXTargetDependency section */
		A7988AAC1343ADCF00D37855 /* PBXTargetDependency */ = {
			isa = PBXTargetDependency;
			name = imago_static;
			targetProxy = A7988AAB1343ADCF00D37855 /* PBXContainerItemProxy */;
		};
		A7A8103E142CF3BE00222FFD /* PBXTargetDependency */ = {
			isa = PBXTargetDependency;
			name = png_local;
			targetProxy = A7A8103D142CF3BE00222FFD /* PBXContainerItemProxy */;
		};
		A7D672B4134625E90030A6E1 /* PBXTargetDependency */ = {
			isa = PBXTargetDependency;
			name = jpeg_local;
			targetProxy = A7D672B3134625E90030A6E1 /* PBXContainerItemProxy */;
		};
/* End PBXTargetDependency section */

/* Begin XCBuildConfiguration section */
		1D6058940D05DD3E006BFB54 /* Debug */ = {
			isa = XCBuildConfiguration;
			buildSettings = {
				ALWAYS_SEARCH_USER_PATHS = NO;
				ARCHS = "$(ARCHS_STANDARD_32_BIT)";
				"CODE_SIGN_IDENTITY[sdk=iphoneos*]" = "iPhone Developer";
				COPY_PHASE_STRIP = NO;
				GCC_DYNAMIC_NO_PIC = NO;
				GCC_FAST_MATH = YES;
				GCC_OPTIMIZATION_LEVEL = 0;
				GCC_PRECOMPILE_PREFIX_HEADER = YES;
				GCC_PREFIX_HEADER = imago_iphone_Prefix.pch;
				GCC_SYMBOLS_PRIVATE_EXTERN = YES;
				GCC_THUMB_SUPPORT = NO;
				GCC_VERSION = "";
				HEADER_SEARCH_PATHS = (
					../third_party/indigo,
					../imago/src,
					../iSMILES/src,
					..,
				);
				INFOPLIST_FILE = "imago_iphone-Info.plist";
				IPHONEOS_DEPLOYMENT_TARGET = 4.2;
				LIBRARY_SEARCH_PATHS = (
					"$(inherited)",
					"\"$(SRCROOT)\"",
					"\"$(SRCROOT)/../opencv/iphone/release-universal\"",
					"\"$(SRCROOT)/../third_party/indigo/ios\"",
				);
				ONLY_ACTIVE_ARCH = YES;
				PRODUCT_NAME = BeerMat;
				"PROVISIONING_PROFILE[sdk=iphoneos*]" = "";
				TARGETED_DEVICE_FAMILY = "1,2";
			};
			name = Debug;
		};
		1D6058950D05DD3E006BFB54 /* Release */ = {
			isa = XCBuildConfiguration;
			buildSettings = {
				ALWAYS_SEARCH_USER_PATHS = NO;
				ARCHS = "$(ARCHS_STANDARD_32_BIT)";
				CODE_SIGN_ENTITLEMENTS = Entitlements.plist;
				CODE_SIGN_IDENTITY = "iPhone Distribution";
				"CODE_SIGN_IDENTITY[sdk=iphoneos*]" = "iPhone Distribution";
				COPY_PHASE_STRIP = YES;
				GCC_FAST_MATH = YES;
				GCC_GENERATE_DEBUGGING_SYMBOLS = NO;
				GCC_OPTIMIZATION_LEVEL = 3;
				GCC_PRECOMPILE_PREFIX_HEADER = YES;
				GCC_PREFIX_HEADER = imago_iphone_Prefix.pch;
				GCC_SYMBOLS_PRIVATE_EXTERN = YES;
				GCC_THUMB_SUPPORT = NO;
				GCC_VERSION = "";
				HEADER_SEARCH_PATHS = (
					../third_party/indigo,
					../imago/src,
					../iSMILES/src,
					..,
				);
				INFOPLIST_FILE = "imago_iphone-Info.plist";
				IPHONEOS_DEPLOYMENT_TARGET = 4.2;
				LIBRARY_SEARCH_PATHS = (
					"$(inherited)",
					"\"$(SRCROOT)\"",
					"\"$(SRCROOT)/../opencv/iphone/release-universal\"",
					"\"$(SRCROOT)/../third_party/indigo/ios\"",
				);
				ONLY_ACTIVE_ARCH = NO;
				PRODUCT_NAME = BeerMat;
				PROVISIONING_PROFILE = "";
				"PROVISIONING_PROFILE[sdk=iphoneos*]" = "";
				SDKROOT = iphoneos;
				TARGETED_DEVICE_FAMILY = "1,2";
				VALIDATE_PRODUCT = NO;
			};
			name = Release;
		};
		C01FCF4F08A954540054247B /* Debug */ = {
			isa = XCBuildConfiguration;
			buildSettings = {
				ARCHS = "$(ARCHS_STANDARD_32_BIT)";
				"CODE_SIGN_IDENTITY[sdk=iphoneos*]" = "iPhone Developer: Boris Karulin (TW63CWLY9S)";
				GCC_C_LANGUAGE_STANDARD = c99;
				GCC_VERSION = "";
				GCC_WARN_ABOUT_RETURN_TYPE = YES;
				GCC_WARN_UNUSED_VARIABLE = YES;
				HEADER_SEARCH_PATHS = (
					../third_party/indigo,
					../imago/src,
					../iSMILES/src,
					..,
				);
				IPHONEOS_DEPLOYMENT_TARGET = 4.2;
				ONLY_ACTIVE_ARCH = YES;
				"PROVISIONING_PROFILE[sdk=iphoneos*]" = "A9D41C69-7FE9-4969-BA9E-7BBE88BDEB48";
				SDKROOT = iphoneos;
			};
			name = Debug;
		};
		C01FCF5008A954540054247B /* Release */ = {
			isa = XCBuildConfiguration;
			buildSettings = {
				ARCHS = "$(ARCHS_STANDARD_32_BIT)";
				CODE_SIGN_ENTITLEMENTS = Entitlements.plist;
				CODE_SIGN_IDENTITY = "iPhone Developer";
				"CODE_SIGN_IDENTITY[sdk=iphoneos*]" = "iPhone Developer";
				GCC_C_LANGUAGE_STANDARD = c99;
				GCC_VERSION = "";
				GCC_WARN_ABOUT_RETURN_TYPE = YES;
				GCC_WARN_UNUSED_VARIABLE = YES;
				HEADER_SEARCH_PATHS = (
					../third_party/indigo,
					../imago/src,
					../iSMILES/src,
					..,
				);
				IPHONEOS_DEPLOYMENT_TARGET = 4.2;
				OTHER_CFLAGS = "-DNS_BLOCK_ASSERTIONS=1";
				PROVISIONING_PROFILE = "";
				"PROVISIONING_PROFILE[sdk=iphoneos*]" = "";
				SDKROOT = iphoneos;
			};
			name = Release;
		};
/* End XCBuildConfiguration section */

/* Begin XCConfigurationList section */
		1D6058960D05DD3E006BFB54 /* Build configuration list for PBXNativeTarget "ireco" */ = {
			isa = XCConfigurationList;
			buildConfigurations = (
				1D6058940D05DD3E006BFB54 /* Debug */,
				1D6058950D05DD3E006BFB54 /* Release */,
			);
			defaultConfigurationIsVisible = 0;
			defaultConfigurationName = Debug;
		};
		C01FCF4E08A954540054247B /* Build configuration list for PBXProject "ireco" */ = {
			isa = XCConfigurationList;
			buildConfigurations = (
				C01FCF4F08A954540054247B /* Debug */,
				C01FCF5008A954540054247B /* Release */,
			);
			defaultConfigurationIsVisible = 0;
			defaultConfigurationName = Debug;
		};
/* End XCConfigurationList section */
	};
	rootObject = 29B97313FDCFA39411CA2CEA /* Project object */;
}
