// !$*UTF8*$!
{
	archiveVersion = 1;
	classes = {
	};
	objectVersion = 45;
	objects = {

/* Begin PBXBuildFile section */
		1D3623260D0F684500981E51 /* imago_iphoneAppDelegate.mm in Sources */ = {isa = PBXBuildFile; fileRef = 1D3623250D0F684500981E51 /* imago_iphoneAppDelegate.mm */; };
		1D60589B0D05DD56006BFB54 /* main.m in Sources */ = {isa = PBXBuildFile; fileRef = 29B97316FDCFA39411CA2CEA /* main.m */; };
		1D60589F0D05DD5A006BFB54 /* Foundation.framework in Frameworks */ = {isa = PBXBuildFile; fileRef = 1D30AB110D05D00D00671497 /* Foundation.framework */; };
		1DF5F4E00D08C38300B7A737 /* UIKit.framework in Frameworks */ = {isa = PBXBuildFile; fileRef = 1DF5F4DF0D08C38300B7A737 /* UIKit.framework */; };
		2892E4100DC94CBA00A64D0F /* CoreGraphics.framework in Frameworks */ = {isa = PBXBuildFile; fileRef = 2892E40F0DC94CBA00A64D0F /* CoreGraphics.framework */; };
		A704F75C1271BED80006F5C5 /* libz.dylib in Frameworks */ = {isa = PBXBuildFile; fileRef = A704F75B1271BED80006F5C5 /* libz.dylib */; };
		A71E321D13462DF3006D4D50 /* libpng_local.a in Frameworks */ = {isa = PBXBuildFile; fileRef = A7D6728F13461AA40030A6E1 /* libpng_local.a */; };
		A71E321E13462DF3006D4D50 /* libjpeg_local.a in Frameworks */ = {isa = PBXBuildFile; fileRef = A7D6729113461AA40030A6E1 /* libjpeg_local.a */; };
		A732667012AD20B3001F7D75 /* MainViewController.m in Sources */ = {isa = PBXBuildFile; fileRef = A732666F12AD20B3001F7D75 /* MainViewController.m */; };
		A75C26A712AD496900EBBC45 /* ireco.png in Resources */ = {isa = PBXBuildFile; fileRef = A75C26A512AD496900EBBC45 /* ireco.png */; };
		A75C26A812AD496900EBBC45 /* irecohd.png in Resources */ = {isa = PBXBuildFile; fileRef = A75C26A612AD496900EBBC45 /* irecohd.png */; };
		A79D4C0212AE849000A3C3DA /* Recognizer.mm in Sources */ = {isa = PBXBuildFile; fileRef = A79D4C0112AE849000A3C3DA /* Recognizer.mm */; };
		A7A68494134C987600841AFC /* Entitlements.plist in Resources */ = {isa = PBXBuildFile; fileRef = A7A68493134C987600841AFC /* Entitlements.plist */; };
		A7C3450B134B322500879EE6 /* set.js in Resources */ = {isa = PBXBuildFile; fileRef = A7C3450A134B322500879EE6 /* set.js */; };
		A7C3450D134B323A00879EE6 /* sgroup.png in Resources */ = {isa = PBXBuildFile; fileRef = A7C3450C134B323A00879EE6 /* sgroup.png */; };
		A7C3450F134B324E00879EE6 /* actions.js in Resources */ = {isa = PBXBuildFile; fileRef = A7C3450E134B324E00879EE6 /* actions.js */; };
		A7D5CB9A12ADA75E00C60C51 /* TEST4.font in Resources */ = {isa = PBXBuildFile; fileRef = A7D5CB9912ADA75E00C60C51 /* TEST4.font */; };
		A7D5CBA512ADB83D00C60C51 /* KetcherViewController.xib in Resources */ = {isa = PBXBuildFile; fileRef = A7D5CBA012ADB7E900C60C51 /* KetcherViewController.xib */; };
		A7D5CBA812ADB8B500C60C51 /* MainWindow.xib in Resources */ = {isa = PBXBuildFile; fileRef = A7D5CBA612ADB8B500C60C51 /* MainWindow.xib */; };
		A7D5CBA912ADB8B500C60C51 /* OverlayViewController.xib in Resources */ = {isa = PBXBuildFile; fileRef = A7D5CBA712ADB8B500C60C51 /* OverlayViewController.xib */; };
		A7D5CBB312ADBF1100C60C51 /* KetcherViewController.m in Sources */ = {isa = PBXBuildFile; fileRef = A7D5CBB212ADBF1100C60C51 /* KetcherViewController.m */; };
		A7D5CC0812ADC82200C60C51 /* cis_trans.js in Resources */ = {isa = PBXBuildFile; fileRef = A7D5CBC712ADC82200C60C51 /* cis_trans.js */; };
		A7D5CC0912ADC82200C60C51 /* common.js in Resources */ = {isa = PBXBuildFile; fileRef = A7D5CBC812ADC82200C60C51 /* common.js */; };
		A7D5CC0A12ADC82200C60C51 /* dfs.js in Resources */ = {isa = PBXBuildFile; fileRef = A7D5CBC912ADC82200C60C51 /* dfs.js */; };
		A7D5CC0B12ADC82200C60C51 /* element.js in Resources */ = {isa = PBXBuildFile; fileRef = A7D5CBCA12ADC82200C60C51 /* element.js */; };
		A7D5CC0C12ADC82200C60C51 /* map.js in Resources */ = {isa = PBXBuildFile; fileRef = A7D5CBCB12ADC82200C60C51 /* map.js */; };
		A7D5CC0D12ADC82200C60C51 /* molecule.js in Resources */ = {isa = PBXBuildFile; fileRef = A7D5CBCC12ADC82200C60C51 /* molecule.js */; };
		A7D5CC0E12ADC82200C60C51 /* molfile.js in Resources */ = {isa = PBXBuildFile; fileRef = A7D5CBCD12ADC82200C60C51 /* molfile.js */; };
		A7D5CC0F12ADC82200C60C51 /* pool.js in Resources */ = {isa = PBXBuildFile; fileRef = A7D5CBCE12ADC82200C60C51 /* pool.js */; };
		A7D5CC1012ADC82200C60C51 /* sgroup.js in Resources */ = {isa = PBXBuildFile; fileRef = A7D5CBCF12ADC82200C60C51 /* sgroup.js */; };
		A7D5CC1112ADC82200C60C51 /* smiles.js in Resources */ = {isa = PBXBuildFile; fileRef = A7D5CBD012ADC82200C60C51 /* smiles.js */; };
		A7D5CC1212ADC82200C60C51 /* stereocenters.js in Resources */ = {isa = PBXBuildFile; fileRef = A7D5CBD112ADC82200C60C51 /* stereocenters.js */; };
		A7D5CC1312ADC82200C60C51 /* vec2.js in Resources */ = {isa = PBXBuildFile; fileRef = A7D5CBD212ADC82200C60C51 /* vec2.js */; };
		A7D5CC1412ADC82200C60C51 /* ketcher.css in Resources */ = {isa = PBXBuildFile; fileRef = A7D5CBD312ADC82200C60C51 /* ketcher.css */; };
		A7D5CC1512ADC82200C60C51 /* ketcher.html in Resources */ = {isa = PBXBuildFile; fileRef = A7D5CBD412ADC82200C60C51 /* ketcher.html */; };
		A7D5CC1612ADC82200C60C51 /* ketcher.js in Resources */ = {isa = PBXBuildFile; fileRef = A7D5CBD512ADC82200C60C51 /* ketcher.js */; };
		A7D5CC1712ADC82200C60C51 /* anyatom.png in Resources */ = {isa = PBXBuildFile; fileRef = A7D5CBD712ADC82200C60C51 /* anyatom.png */; };
		A7D5CC1812ADC82200C60C51 /* anybond.png in Resources */ = {isa = PBXBuildFile; fileRef = A7D5CBD812ADC82200C60C51 /* anybond.png */; };
		A7D5CC1912ADC82200C60C51 /* aromatic.png in Resources */ = {isa = PBXBuildFile; fileRef = A7D5CBD912ADC82200C60C51 /* aromatic.png */; };
		A7D5CC1A12ADC82200C60C51 /* arrow.png in Resources */ = {isa = PBXBuildFile; fileRef = A7D5CBDA12ADC82200C60C51 /* arrow.png */; };
		A7D5CC1B12ADC82200C60C51 /* br.png in Resources */ = {isa = PBXBuildFile; fileRef = A7D5CBDB12ADC82200C60C51 /* br.png */; };
		A7D5CC1C12ADC82200C60C51 /* c.png in Resources */ = {isa = PBXBuildFile; fileRef = A7D5CBDC12ADC82200C60C51 /* c.png */; };
		A7D5CC1D12ADC82200C60C51 /* cl.png in Resources */ = {isa = PBXBuildFile; fileRef = A7D5CBDD12ADC82200C60C51 /* cl.png */; };
		A7D5CC1E12ADC82200C60C51 /* document-new.png in Resources */ = {isa = PBXBuildFile; fileRef = A7D5CBDE12ADC82200C60C51 /* document-new.png */; };
		A7D5CC1F12ADC82200C60C51 /* document-open.png in Resources */ = {isa = PBXBuildFile; fileRef = A7D5CBDF12ADC82200C60C51 /* document-open.png */; };
		A7D5CC2012ADC82200C60C51 /* document-save-as.png in Resources */ = {isa = PBXBuildFile; fileRef = A7D5CBE012ADC82200C60C51 /* document-save-as.png */; };
		A7D5CC2112ADC82200C60C51 /* double.png in Resources */ = {isa = PBXBuildFile; fileRef = A7D5CBE112ADC82200C60C51 /* double.png */; };
		A7D5CC2212ADC82200C60C51 /* down.png in Resources */ = {isa = PBXBuildFile; fileRef = A7D5CBE212ADC82200C60C51 /* down.png */; };
		A7D5CC2312ADC82200C60C51 /* edit-clear.png in Resources */ = {isa = PBXBuildFile; fileRef = A7D5CBE312ADC82200C60C51 /* edit-clear.png */; };
		A7D5CC2412ADC82200C60C51 /* edit-copy.png in Resources */ = {isa = PBXBuildFile; fileRef = A7D5CBE412ADC82200C60C51 /* edit-copy.png */; };
		A7D5CC2512ADC82200C60C51 /* edit-cut.png in Resources */ = {isa = PBXBuildFile; fileRef = A7D5CBE512ADC82200C60C51 /* edit-cut.png */; };
		A7D5CC2612ADC82200C60C51 /* edit-paste.png in Resources */ = {isa = PBXBuildFile; fileRef = A7D5CBE612ADC82200C60C51 /* edit-paste.png */; };
		A7D5CC2712ADC82200C60C51 /* edit-redo.png in Resources */ = {isa = PBXBuildFile; fileRef = A7D5CBE712ADC82200C60C51 /* edit-redo.png */; };
		A7D5CC2812ADC82200C60C51 /* edit-undo.png in Resources */ = {isa = PBXBuildFile; fileRef = A7D5CBE812ADC82200C60C51 /* edit-undo.png */; };
		A7D5CC2912ADC82200C60C51 /* f.png in Resources */ = {isa = PBXBuildFile; fileRef = A7D5CBE912ADC82200C60C51 /* f.png */; };
		A7D5CC2A12ADC82200C60C51 /* h.png in Resources */ = {isa = PBXBuildFile; fileRef = A7D5CBEA12ADC82200C60C51 /* h.png */; };
		A7D5CC2B12ADC82200C60C51 /* hexa1.png in Resources */ = {isa = PBXBuildFile; fileRef = A7D5CBEB12ADC82200C60C51 /* hexa1.png */; };
		A7D5CC2C12ADC82200C60C51 /* hexa2.png in Resources */ = {isa = PBXBuildFile; fileRef = A7D5CBEC12ADC82200C60C51 /* hexa2.png */; };
		A7D5CC2E12ADC82200C60C51 /* i.png in Resources */ = {isa = PBXBuildFile; fileRef = A7D5CBEE12ADC82200C60C51 /* i.png */; };
		A7D5CC2F12ADC82200C60C51 /* layout.png in Resources */ = {isa = PBXBuildFile; fileRef = A7D5CBEF12ADC82200C60C51 /* layout.png */; };
		A7D5CC3012ADC82200C60C51 /* logo.png in Resources */ = {isa = PBXBuildFile; fileRef = A7D5CBF012ADC82200C60C51 /* logo.png */; };
		A7D5CC3112ADC82200C60C51 /* n.png in Resources */ = {isa = PBXBuildFile; fileRef = A7D5CBF112ADC82200C60C51 /* n.png */; };
		A7D5CC3212ADC82200C60C51 /* naphthalene.png in Resources */ = {isa = PBXBuildFile; fileRef = A7D5CBF212ADC82200C60C51 /* naphthalene.png */; };
		A7D5CC3312ADC82200C60C51 /* o.png in Resources */ = {isa = PBXBuildFile; fileRef = A7D5CBF312ADC82200C60C51 /* o.png */; };
		A7D5CC3412ADC82200C60C51 /* p.png in Resources */ = {isa = PBXBuildFile; fileRef = A7D5CBF412ADC82200C60C51 /* p.png */; };
		A7D5CC3512ADC82200C60C51 /* penta.png in Resources */ = {isa = PBXBuildFile; fileRef = A7D5CBF512ADC82200C60C51 /* penta.png */; };
		A7D5CC3612ADC82200C60C51 /* s.png in Resources */ = {isa = PBXBuildFile; fileRef = A7D5CBF612ADC82200C60C51 /* s.png */; };
		A7D5CC3712ADC82200C60C51 /* single.png in Resources */ = {isa = PBXBuildFile; fileRef = A7D5CBF712ADC82200C60C51 /* single.png */; };
		A7D5CC3812ADC82200C60C51 /* triple.png in Resources */ = {isa = PBXBuildFile; fileRef = A7D5CBF812ADC82200C60C51 /* triple.png */; };
		A7D5CC3912ADC82200C60C51 /* up.png in Resources */ = {isa = PBXBuildFile; fileRef = A7D5CBF912ADC82200C60C51 /* up.png */; };
		A7D5CC3A12ADC82200C60C51 /* view-zoom-in.png in Resources */ = {isa = PBXBuildFile; fileRef = A7D5CBFA12ADC82200C60C51 /* view-zoom-in.png */; };
		A7D5CC3B12ADC82200C60C51 /* view-zoom-out.png in Resources */ = {isa = PBXBuildFile; fileRef = A7D5CBFB12ADC82200C60C51 /* view-zoom-out.png */; };
		A7D5CC3C12ADC82200C60C51 /* prototype-min.js in Resources */ = {isa = PBXBuildFile; fileRef = A7D5CBFC12ADC82200C60C51 /* prototype-min.js */; };
		A7D5CC3D12ADC82200C60C51 /* raphael-min.js in Resources */ = {isa = PBXBuildFile; fileRef = A7D5CBFD12ADC82200C60C51 /* raphael-min.js */; };
		A7D5CC3E12ADC82200C60C51 /* drawing.js in Resources */ = {isa = PBXBuildFile; fileRef = A7D5CBFF12ADC82200C60C51 /* drawing.js */; };
		A7D5CC3F12ADC82200C60C51 /* events.js in Resources */ = {isa = PBXBuildFile; fileRef = A7D5CC0012ADC82200C60C51 /* events.js */; };
		A7D5CC4012ADC82200C60C51 /* moldata.js in Resources */ = {isa = PBXBuildFile; fileRef = A7D5CC0112ADC82200C60C51 /* moldata.js */; };
		A7D5CC4112ADC82200C60C51 /* moldata_valence.js in Resources */ = {isa = PBXBuildFile; fileRef = A7D5CC0212ADC82200C60C51 /* moldata_valence.js */; };
		A7D5CC4212ADC82200C60C51 /* render.js in Resources */ = {isa = PBXBuildFile; fileRef = A7D5CC0312ADC82200C60C51 /* render.js */; };
		A7D5CC4312ADC82200C60C51 /* visel.js in Resources */ = {isa = PBXBuildFile; fileRef = A7D5CC0412ADC82200C60C51 /* visel.js */; };
		A7D5CC4512ADC82200C60C51 /* ui.js in Resources */ = {isa = PBXBuildFile; fileRef = A7D5CC0712ADC82200C60C51 /* ui.js */; };
		A7D672A813461F8B0030A6E1 /* libopencv_core.a in Frameworks */ = {isa = PBXBuildFile; fileRef = A7D672A713461F8B0030A6E1 /* libopencv_core.a */; };
		A7D672AA134620020030A6E1 /* libopencv_imgproc.a in Frameworks */ = {isa = PBXBuildFile; fileRef = A7D672A9134620020030A6E1 /* libopencv_imgproc.a */; };
		A7D672AC1346227C0030A6E1 /* libopencv_lapack.a in Frameworks */ = {isa = PBXBuildFile; fileRef = A7D672AB1346227C0030A6E1 /* libopencv_lapack.a */; };
		A7D9A9CC1343B6A0004B0AF0 /* libimago_static.a in Frameworks */ = {isa = PBXBuildFile; fileRef = A7988AA91343ADB800D37855 /* libimago_static.a */; };
		A7DB91D312804B8E00B51670 /* AudioToolbox.framework in Frameworks */ = {isa = PBXBuildFile; fileRef = A7DB91D212804B8E00B51670 /* AudioToolbox.framework */; };
		A7E234981281B61400C7CDC4 /* OverlayViewController.m in Sources */ = {isa = PBXBuildFile; fileRef = A7E234971281B61400C7CDC4 /* OverlayViewController.m */; };
		A7E60C6C126E15F600BA2EFD /* libstdc++.dylib in Frameworks */ = {isa = PBXBuildFile; fileRef = A7E60C6B126E15F600BA2EFD /* libstdc++.dylib */; };
/* End PBXBuildFile section */

/* Begin PBXContainerItemProxy section */
		A7988AA81343ADB800D37855 /* PBXContainerItemProxy */ = {
			isa = PBXContainerItemProxy;
			containerPortal = A7988AA21343ADB800D37855 /* imago.xcodeproj */;
			proxyType = 2;
			remoteGlobalIDString = 1006F12001006F12001006F1;
			remoteInfo = imago_static;
		};
		A7988AAB1343ADCF00D37855 /* PBXContainerItemProxy */ = {
			isa = PBXContainerItemProxy;
			containerPortal = A7988AA21343ADB800D37855 /* imago.xcodeproj */;
			proxyType = 1;
			remoteGlobalIDString = 1010B7A801010B7A801010B7;
			remoteInfo = imago_static;
		};
		A7D6728E13461AA40030A6E1 /* PBXContainerItemProxy */ = {
			isa = PBXContainerItemProxy;
			containerPortal = A7988AA21343ADB800D37855 /* imago.xcodeproj */;
			proxyType = 2;
			remoteGlobalIDString = 101038940101038940101038;
			remoteInfo = png_local;
		};
		A7D6729013461AA40030A6E1 /* PBXContainerItemProxy */ = {
			isa = PBXContainerItemProxy;
			containerPortal = A7988AA21343ADB800D37855 /* imago.xcodeproj */;
			proxyType = 2;
			remoteGlobalIDString = 101074490101074490101074;
			remoteInfo = jpeg_local;
		};
		A7D672B1134625E90030A6E1 /* PBXContainerItemProxy */ = {
			isa = PBXContainerItemProxy;
			containerPortal = A7988AA21343ADB800D37855 /* imago.xcodeproj */;
			proxyType = 1;
			remoteGlobalIDString = 101000C00101000C00101000;
			remoteInfo = png_local;
		};
		A7D672B3134625E90030A6E1 /* PBXContainerItemProxy */ = {
			isa = PBXContainerItemProxy;
			containerPortal = A7988AA21343ADB800D37855 /* imago.xcodeproj */;
			proxyType = 1;
			remoteGlobalIDString = 10103C7B010103C7B010103C;
			remoteInfo = jpeg_local;
		};
/* End PBXContainerItemProxy section */

/* Begin PBXFileReference section */
		1D30AB110D05D00D00671497 /* Foundation.framework */ = {isa = PBXFileReference; lastKnownFileType = wrapper.framework; name = Foundation.framework; path = System/Library/Frameworks/Foundation.framework; sourceTree = SDKROOT; };
		1D3623240D0F684500981E51 /* imago_iphoneAppDelegate.h */ = {isa = PBXFileReference; fileEncoding = 4; lastKnownFileType = sourcecode.c.h; path = imago_iphoneAppDelegate.h; sourceTree = "<group>"; };
		1D3623250D0F684500981E51 /* imago_iphoneAppDelegate.mm */ = {isa = PBXFileReference; fileEncoding = 4; lastKnownFileType = sourcecode.cpp.objcpp; path = imago_iphoneAppDelegate.mm; sourceTree = "<group>"; };
		1D6058910D05DD3D006BFB54 /* BeerMat.app */ = {isa = PBXFileReference; explicitFileType = wrapper.application; includeInIndex = 0; path = BeerMat.app; sourceTree = BUILT_PRODUCTS_DIR; };
		1DF5F4DF0D08C38300B7A737 /* UIKit.framework */ = {isa = PBXFileReference; lastKnownFileType = wrapper.framework; name = UIKit.framework; path = System/Library/Frameworks/UIKit.framework; sourceTree = SDKROOT; };
		2892E40F0DC94CBA00A64D0F /* CoreGraphics.framework */ = {isa = PBXFileReference; lastKnownFileType = wrapper.framework; name = CoreGraphics.framework; path = System/Library/Frameworks/CoreGraphics.framework; sourceTree = SDKROOT; };
		28A0AAE50D9B0CCF005BE974 /* imago_iphone_Prefix.pch */ = {isa = PBXFileReference; fileEncoding = 4; lastKnownFileType = sourcecode.c.h; path = imago_iphone_Prefix.pch; sourceTree = "<group>"; };
		29B97316FDCFA39411CA2CEA /* main.m */ = {isa = PBXFileReference; fileEncoding = 4; lastKnownFileType = sourcecode.c.objc; path = main.m; sourceTree = "<group>"; };
		8D1107310486CEB800E47090 /* imago_iphone-Info.plist */ = {isa = PBXFileReference; fileEncoding = 4; lastKnownFileType = text.plist.xml; path = "imago_iphone-Info.plist"; plistStructureDefinitionIdentifier = "com.apple.xcode.plist.structure-definition.iphone.info-plist"; sourceTree = "<group>"; };
		A704F75B1271BED80006F5C5 /* libz.dylib */ = {isa = PBXFileReference; lastKnownFileType = "compiled.mach-o.dylib"; name = libz.dylib; path = usr/lib/libz.dylib; sourceTree = SDKROOT; };
		A732666E12AD20B3001F7D75 /* MainViewController.h */ = {isa = PBXFileReference; fileEncoding = 4; lastKnownFileType = sourcecode.c.h; path = MainViewController.h; sourceTree = "<group>"; };
		A732666F12AD20B3001F7D75 /* MainViewController.m */ = {isa = PBXFileReference; fileEncoding = 4; lastKnownFileType = sourcecode.c.objc; path = MainViewController.m; sourceTree = "<group>"; };
		A75C26A512AD496900EBBC45 /* ireco.png */ = {isa = PBXFileReference; lastKnownFileType = image.png; path = ireco.png; sourceTree = "<group>"; };
		A75C26A612AD496900EBBC45 /* irecohd.png */ = {isa = PBXFileReference; lastKnownFileType = image.png; path = irecohd.png; sourceTree = "<group>"; };
		A7988AA21343ADB800D37855 /* imago.xcodeproj */ = {isa = PBXFileReference; lastKnownFileType = "wrapper.pb-project"; name = imago.xcodeproj; path = ../imago_gen/imago.xcodeproj; sourceTree = "<group>"; };
		A79D4C0012AE849000A3C3DA /* Recognizer.h */ = {isa = PBXFileReference; fileEncoding = 4; lastKnownFileType = sourcecode.c.h; path = Recognizer.h; sourceTree = "<group>"; };
		A79D4C0112AE849000A3C3DA /* Recognizer.mm */ = {isa = PBXFileReference; fileEncoding = 4; lastKnownFileType = sourcecode.cpp.objcpp; path = Recognizer.mm; sourceTree = "<group>"; };
		A7A68493134C987600841AFC /* Entitlements.plist */ = {isa = PBXFileReference; fileEncoding = 4; lastKnownFileType = text.plist.xml; path = Entitlements.plist; sourceTree = "<group>"; };
		A7C3450A134B322500879EE6 /* set.js */ = {isa = PBXFileReference; fileEncoding = 4; lastKnownFileType = sourcecode.javascript; path = set.js; sourceTree = "<group>"; };
		A7C3450C134B323A00879EE6 /* sgroup.png */ = {isa = PBXFileReference; lastKnownFileType = image.png; path = sgroup.png; sourceTree = "<group>"; };
		A7C3450E134B324E00879EE6 /* actions.js */ = {isa = PBXFileReference; fileEncoding = 4; lastKnownFileType = sourcecode.javascript; path = actions.js; sourceTree = "<group>"; };
		A7D5CB9912ADA75E00C60C51 /* TEST4.font */ = {isa = PBXFileReference; fileEncoding = 4; lastKnownFileType = text; name = TEST4.font; path = ../data/fonts/TEST4.font; sourceTree = SOURCE_ROOT; };
		A7D5CBA012ADB7E900C60C51 /* KetcherViewController.xib */ = {isa = PBXFileReference; lastKnownFileType = file.xib; path = KetcherViewController.xib; sourceTree = "<group>"; };
		A7D5CBA612ADB8B500C60C51 /* MainWindow.xib */ = {isa = PBXFileReference; lastKnownFileType = file.xib; path = MainWindow.xib; sourceTree = "<group>"; };
		A7D5CBA712ADB8B500C60C51 /* OverlayViewController.xib */ = {isa = PBXFileReference; lastKnownFileType = file.xib; path = OverlayViewController.xib; sourceTree = "<group>"; };
		A7D5CBAE12ADBC3E00C60C51 /* KetcherViewController.h */ = {isa = PBXFileReference; fileEncoding = 4; lastKnownFileType = sourcecode.c.h; path = KetcherViewController.h; sourceTree = "<group>"; };
		A7D5CBB212ADBF1100C60C51 /* KetcherViewController.m */ = {isa = PBXFileReference; fileEncoding = 4; lastKnownFileType = sourcecode.c.objc; path = KetcherViewController.m; sourceTree = "<group>"; };
		A7D5CBC712ADC82200C60C51 /* cis_trans.js */ = {isa = PBXFileReference; explicitFileType = sourcecode.javascript; fileEncoding = 4; path = cis_trans.js; sourceTree = "<group>"; };
		A7D5CBC812ADC82200C60C51 /* common.js */ = {isa = PBXFileReference; explicitFileType = sourcecode.javascript; fileEncoding = 4; path = common.js; sourceTree = "<group>"; };
		A7D5CBC912ADC82200C60C51 /* dfs.js */ = {isa = PBXFileReference; explicitFileType = sourcecode.javascript; fileEncoding = 4; path = dfs.js; sourceTree = "<group>"; };
		A7D5CBCA12ADC82200C60C51 /* element.js */ = {isa = PBXFileReference; explicitFileType = sourcecode.javascript; fileEncoding = 4; path = element.js; sourceTree = "<group>"; };
		A7D5CBCB12ADC82200C60C51 /* map.js */ = {isa = PBXFileReference; explicitFileType = sourcecode.javascript; fileEncoding = 4; path = map.js; sourceTree = "<group>"; };
		A7D5CBCC12ADC82200C60C51 /* molecule.js */ = {isa = PBXFileReference; explicitFileType = sourcecode.javascript; fileEncoding = 4; path = molecule.js; sourceTree = "<group>"; };
		A7D5CBCD12ADC82200C60C51 /* molfile.js */ = {isa = PBXFileReference; explicitFileType = sourcecode.javascript; fileEncoding = 4; path = molfile.js; sourceTree = "<group>"; };
		A7D5CBCE12ADC82200C60C51 /* pool.js */ = {isa = PBXFileReference; explicitFileType = sourcecode.javascript; fileEncoding = 4; path = pool.js; sourceTree = "<group>"; };
		A7D5CBCF12ADC82200C60C51 /* sgroup.js */ = {isa = PBXFileReference; explicitFileType = sourcecode.javascript; fileEncoding = 4; path = sgroup.js; sourceTree = "<group>"; };
		A7D5CBD012ADC82200C60C51 /* smiles.js */ = {isa = PBXFileReference; explicitFileType = sourcecode.javascript; fileEncoding = 4; path = smiles.js; sourceTree = "<group>"; };
		A7D5CBD112ADC82200C60C51 /* stereocenters.js */ = {isa = PBXFileReference; explicitFileType = sourcecode.javascript; fileEncoding = 4; path = stereocenters.js; sourceTree = "<group>"; };
		A7D5CBD212ADC82200C60C51 /* vec2.js */ = {isa = PBXFileReference; explicitFileType = sourcecode.javascript; fileEncoding = 4; path = vec2.js; sourceTree = "<group>"; };
		A7D5CBD312ADC82200C60C51 /* ketcher.css */ = {isa = PBXFileReference; fileEncoding = 4; lastKnownFileType = text.css; name = ketcher.css; path = Ketcher/ketcher.css; sourceTree = "<group>"; };
		A7D5CBD412ADC82200C60C51 /* ketcher.html */ = {isa = PBXFileReference; fileEncoding = 4; lastKnownFileType = text.html; name = ketcher.html; path = Ketcher/ketcher.html; sourceTree = "<group>"; };
		A7D5CBD512ADC82200C60C51 /* ketcher.js */ = {isa = PBXFileReference; explicitFileType = sourcecode.javascript; fileEncoding = 4; name = ketcher.js; path = Ketcher/ketcher.js; sourceTree = "<group>"; };
		A7D5CBD712ADC82200C60C51 /* anyatom.png */ = {isa = PBXFileReference; lastKnownFileType = image.png; path = anyatom.png; sourceTree = "<group>"; };
		A7D5CBD812ADC82200C60C51 /* anybond.png */ = {isa = PBXFileReference; lastKnownFileType = image.png; path = anybond.png; sourceTree = "<group>"; };
		A7D5CBD912ADC82200C60C51 /* aromatic.png */ = {isa = PBXFileReference; lastKnownFileType = image.png; path = aromatic.png; sourceTree = "<group>"; };
		A7D5CBDA12ADC82200C60C51 /* arrow.png */ = {isa = PBXFileReference; lastKnownFileType = image.png; path = arrow.png; sourceTree = "<group>"; };
		A7D5CBDB12ADC82200C60C51 /* br.png */ = {isa = PBXFileReference; lastKnownFileType = image.png; path = br.png; sourceTree = "<group>"; };
		A7D5CBDC12ADC82200C60C51 /* c.png */ = {isa = PBXFileReference; lastKnownFileType = image.png; path = c.png; sourceTree = "<group>"; };
		A7D5CBDD12ADC82200C60C51 /* cl.png */ = {isa = PBXFileReference; lastKnownFileType = image.png; path = cl.png; sourceTree = "<group>"; };
		A7D5CBDE12ADC82200C60C51 /* document-new.png */ = {isa = PBXFileReference; lastKnownFileType = image.png; path = "document-new.png"; sourceTree = "<group>"; };
		A7D5CBDF12ADC82200C60C51 /* document-open.png */ = {isa = PBXFileReference; lastKnownFileType = image.png; path = "document-open.png"; sourceTree = "<group>"; };
		A7D5CBE012ADC82200C60C51 /* document-save-as.png */ = {isa = PBXFileReference; lastKnownFileType = image.png; path = "document-save-as.png"; sourceTree = "<group>"; };
		A7D5CBE112ADC82200C60C51 /* double.png */ = {isa = PBXFileReference; lastKnownFileType = image.png; path = double.png; sourceTree = "<group>"; };
		A7D5CBE212ADC82200C60C51 /* down.png */ = {isa = PBXFileReference; lastKnownFileType = image.png; path = down.png; sourceTree = "<group>"; };
		A7D5CBE312ADC82200C60C51 /* edit-clear.png */ = {isa = PBXFileReference; lastKnownFileType = image.png; path = "edit-clear.png"; sourceTree = "<group>"; };
		A7D5CBE412ADC82200C60C51 /* edit-copy.png */ = {isa = PBXFileReference; lastKnownFileType = image.png; path = "edit-copy.png"; sourceTree = "<group>"; };
		A7D5CBE512ADC82200C60C51 /* edit-cut.png */ = {isa = PBXFileReference; lastKnownFileType = image.png; path = "edit-cut.png"; sourceTree = "<group>"; };
		A7D5CBE612ADC82200C60C51 /* edit-paste.png */ = {isa = PBXFileReference; lastKnownFileType = image.png; path = "edit-paste.png"; sourceTree = "<group>"; };
		A7D5CBE712ADC82200C60C51 /* edit-redo.png */ = {isa = PBXFileReference; lastKnownFileType = image.png; path = "edit-redo.png"; sourceTree = "<group>"; };
		A7D5CBE812ADC82200C60C51 /* edit-undo.png */ = {isa = PBXFileReference; lastKnownFileType = image.png; path = "edit-undo.png"; sourceTree = "<group>"; };
		A7D5CBE912ADC82200C60C51 /* f.png */ = {isa = PBXFileReference; lastKnownFileType = image.png; path = f.png; sourceTree = "<group>"; };
		A7D5CBEA12ADC82200C60C51 /* h.png */ = {isa = PBXFileReference; lastKnownFileType = image.png; path = h.png; sourceTree = "<group>"; };
		A7D5CBEB12ADC82200C60C51 /* hexa1.png */ = {isa = PBXFileReference; lastKnownFileType = image.png; path = hexa1.png; sourceTree = "<group>"; };
		A7D5CBEC12ADC82200C60C51 /* hexa2.png */ = {isa = PBXFileReference; lastKnownFileType = image.png; path = hexa2.png; sourceTree = "<group>"; };
		A7D5CBEE12ADC82200C60C51 /* i.png */ = {isa = PBXFileReference; lastKnownFileType = image.png; path = i.png; sourceTree = "<group>"; };
		A7D5CBEF12ADC82200C60C51 /* layout.png */ = {isa = PBXFileReference; lastKnownFileType = image.png; path = layout.png; sourceTree = "<group>"; };
		A7D5CBF012ADC82200C60C51 /* logo.png */ = {isa = PBXFileReference; lastKnownFileType = image.png; path = logo.png; sourceTree = "<group>"; };
		A7D5CBF112ADC82200C60C51 /* n.png */ = {isa = PBXFileReference; lastKnownFileType = image.png; path = n.png; sourceTree = "<group>"; };
		A7D5CBF212ADC82200C60C51 /* naphthalene.png */ = {isa = PBXFileReference; lastKnownFileType = image.png; path = naphthalene.png; sourceTree = "<group>"; };
		A7D5CBF312ADC82200C60C51 /* o.png */ = {isa = PBXFileReference; lastKnownFileType = image.png; path = o.png; sourceTree = "<group>"; };
		A7D5CBF412ADC82200C60C51 /* p.png */ = {isa = PBXFileReference; lastKnownFileType = image.png; path = p.png; sourceTree = "<group>"; };
		A7D5CBF512ADC82200C60C51 /* penta.png */ = {isa = PBXFileReference; lastKnownFileType = image.png; path = penta.png; sourceTree = "<group>"; };
		A7D5CBF612ADC82200C60C51 /* s.png */ = {isa = PBXFileReference; lastKnownFileType = image.png; path = s.png; sourceTree = "<group>"; };
		A7D5CBF712ADC82200C60C51 /* single.png */ = {isa = PBXFileReference; lastKnownFileType = image.png; path = single.png; sourceTree = "<group>"; };
		A7D5CBF812ADC82200C60C51 /* triple.png */ = {isa = PBXFileReference; lastKnownFileType = image.png; path = triple.png; sourceTree = "<group>"; };
		A7D5CBF912ADC82200C60C51 /* up.png */ = {isa = PBXFileReference; lastKnownFileType = image.png; path = up.png; sourceTree = "<group>"; };
		A7D5CBFA12ADC82200C60C51 /* view-zoom-in.png */ = {isa = PBXFileReference; lastKnownFileType = image.png; path = "view-zoom-in.png"; sourceTree = "<group>"; };
		A7D5CBFB12ADC82200C60C51 /* view-zoom-out.png */ = {isa = PBXFileReference; lastKnownFileType = image.png; path = "view-zoom-out.png"; sourceTree = "<group>"; };
		A7D5CBFC12ADC82200C60C51 /* prototype-min.js */ = {isa = PBXFileReference; explicitFileType = sourcecode.javascript; fileEncoding = 4; name = "prototype-min.js"; path = "Ketcher/prototype-min.js"; sourceTree = "<group>"; };
		A7D5CBFD12ADC82200C60C51 /* raphael-min.js */ = {isa = PBXFileReference; explicitFileType = sourcecode.javascript; fileEncoding = 4; name = "raphael-min.js"; path = "Ketcher/raphael-min.js"; sourceTree = "<group>"; };
		A7D5CBFF12ADC82200C60C51 /* drawing.js */ = {isa = PBXFileReference; explicitFileType = sourcecode.javascript; fileEncoding = 4; path = drawing.js; sourceTree = "<group>"; };
		A7D5CC0012ADC82200C60C51 /* events.js */ = {isa = PBXFileReference; explicitFileType = sourcecode.javascript; fileEncoding = 4; path = events.js; sourceTree = "<group>"; };
		A7D5CC0112ADC82200C60C51 /* moldata.js */ = {isa = PBXFileReference; explicitFileType = sourcecode.javascript; fileEncoding = 4; path = moldata.js; sourceTree = "<group>"; };
		A7D5CC0212ADC82200C60C51 /* moldata_valence.js */ = {isa = PBXFileReference; explicitFileType = sourcecode.javascript; fileEncoding = 4; path = moldata_valence.js; sourceTree = "<group>"; };
		A7D5CC0312ADC82200C60C51 /* render.js */ = {isa = PBXFileReference; explicitFileType = sourcecode.javascript; fileEncoding = 4; path = render.js; sourceTree = "<group>"; };
		A7D5CC0412ADC82200C60C51 /* visel.js */ = {isa = PBXFileReference; explicitFileType = sourcecode.javascript; fileEncoding = 4; path = visel.js; sourceTree = "<group>"; };
		A7D5CC0712ADC82200C60C51 /* ui.js */ = {isa = PBXFileReference; explicitFileType = sourcecode.javascript; fileEncoding = 4; path = ui.js; sourceTree = "<group>"; };
		A7D672A713461F8B0030A6E1 /* libopencv_core.a */ = {isa = PBXFileReference; lastKnownFileType = archive.ar; name = libopencv_core.a; path = "../opencv/iphone/release-universal/libopencv_core.a"; sourceTree = "<group>"; };
		A7D672A9134620020030A6E1 /* libopencv_imgproc.a */ = {isa = PBXFileReference; lastKnownFileType = archive.ar; name = libopencv_imgproc.a; path = "../opencv/iphone/release-universal/libopencv_imgproc.a"; sourceTree = "<group>"; };
		A7D672AB1346227C0030A6E1 /* libopencv_lapack.a */ = {isa = PBXFileReference; lastKnownFileType = archive.ar; name = libopencv_lapack.a; path = "../opencv/iphone/release-universal/libopencv_lapack.a"; sourceTree = "<group>"; };
		A7DB91D212804B8E00B51670 /* AudioToolbox.framework */ = {isa = PBXFileReference; lastKnownFileType = wrapper.framework; name = AudioToolbox.framework; path = System/Library/Frameworks/AudioToolbox.framework; sourceTree = SDKROOT; };
		A7E234961281B61400C7CDC4 /* OverlayViewController.h */ = {isa = PBXFileReference; fileEncoding = 4; lastKnownFileType = sourcecode.c.h; path = OverlayViewController.h; sourceTree = "<group>"; };
		A7E234971281B61400C7CDC4 /* OverlayViewController.m */ = {isa = PBXFileReference; fileEncoding = 4; lastKnownFileType = sourcecode.c.objc; path = OverlayViewController.m; sourceTree = "<group>"; };
		A7E60C6B126E15F600BA2EFD /* libstdc++.dylib */ = {isa = PBXFileReference; lastKnownFileType = "compiled.mach-o.dylib"; name = "libstdc++.dylib"; path = "usr/lib/gcc/arm-apple-darwin10/4.2.1/libstdc++.dylib"; sourceTree = SDKROOT; };
/* End PBXFileReference section */

/* Begin PBXFrameworksBuildPhase section */
		1D60588F0D05DD3D006BFB54 /* Frameworks */ = {
			isa = PBXFrameworksBuildPhase;
			buildActionMask = 2147483647;
			files = (
				A71E321D13462DF3006D4D50 /* libpng_local.a in Frameworks */,
				A71E321E13462DF3006D4D50 /* libjpeg_local.a in Frameworks */,
				A7D672AC1346227C0030A6E1 /* libopencv_lapack.a in Frameworks */,
				A7D672AA134620020030A6E1 /* libopencv_imgproc.a in Frameworks */,
				A7D672A813461F8B0030A6E1 /* libopencv_core.a in Frameworks */,
				A7D9A9CC1343B6A0004B0AF0 /* libimago_static.a in Frameworks */,
				1D60589F0D05DD5A006BFB54 /* Foundation.framework in Frameworks */,
				1DF5F4E00D08C38300B7A737 /* UIKit.framework in Frameworks */,
				2892E4100DC94CBA00A64D0F /* CoreGraphics.framework in Frameworks */,
				A7E60C6C126E15F600BA2EFD /* libstdc++.dylib in Frameworks */,
				A704F75C1271BED80006F5C5 /* libz.dylib in Frameworks */,
				A7DB91D312804B8E00B51670 /* AudioToolbox.framework in Frameworks */,
			);
			runOnlyForDeploymentPostprocessing = 0;
		};
/* End PBXFrameworksBuildPhase section */

/* Begin PBXGroup section */
		080E96DDFE201D6D7F000001 /* Classes */ = {
			isa = PBXGroup;
			children = (
				A732666E12AD20B3001F7D75 /* MainViewController.h */,
				A732666F12AD20B3001F7D75 /* MainViewController.m */,
				A7E234961281B61400C7CDC4 /* OverlayViewController.h */,
				A7E234971281B61400C7CDC4 /* OverlayViewController.m */,
				1D3623240D0F684500981E51 /* imago_iphoneAppDelegate.h */,
				1D3623250D0F684500981E51 /* imago_iphoneAppDelegate.mm */,
				A7D5CBAE12ADBC3E00C60C51 /* KetcherViewController.h */,
				A7D5CBB212ADBF1100C60C51 /* KetcherViewController.m */,
				A79D4C0012AE849000A3C3DA /* Recognizer.h */,
				A79D4C0112AE849000A3C3DA /* Recognizer.mm */,
			);
			path = Classes;
			sourceTree = "<group>";
		};
		19C28FACFE9D520D11CA2CBB /* Products */ = {
			isa = PBXGroup;
			children = (
				1D6058910D05DD3D006BFB54 /* BeerMat.app */,
			);
			name = Products;
			sourceTree = "<group>";
		};
		29B97314FDCFA39411CA2CEA /* CustomTemplate */ = {
			isa = PBXGroup;
			children = (
				A7A68493134C987600841AFC /* Entitlements.plist */,
				A7D672AB1346227C0030A6E1 /* libopencv_lapack.a */,
				A7D672A9134620020030A6E1 /* libopencv_imgproc.a */,
				A7D672A713461F8B0030A6E1 /* libopencv_core.a */,
				A7988AA21343ADB800D37855 /* imago.xcodeproj */,
				080E96DDFE201D6D7F000001 /* Classes */,
				29B97315FDCFA39411CA2CEA /* Other Sources */,
				29B97317FDCFA39411CA2CEA /* Resources */,
				29B97323FDCFA39411CA2CEA /* Frameworks */,
				19C28FACFE9D520D11CA2CBB /* Products */,
				A7E60C6B126E15F600BA2EFD /* libstdc++.dylib */,
				A704F75B1271BED80006F5C5 /* libz.dylib */,
				A7DB91D212804B8E00B51670 /* AudioToolbox.framework */,
			);
			name = CustomTemplate;
			sourceTree = "<group>";
		};
		29B97315FDCFA39411CA2CEA /* Other Sources */ = {
			isa = PBXGroup;
			children = (
				28A0AAE50D9B0CCF005BE974 /* imago_iphone_Prefix.pch */,
				29B97316FDCFA39411CA2CEA /* main.m */,
			);
			name = "Other Sources";
			sourceTree = "<group>";
		};
		29B97317FDCFA39411CA2CEA /* Resources */ = {
			isa = PBXGroup;
			children = (
				A7D5CBC512ADC80C00C60C51 /* Ketcher */,
				A7D5CBA612ADB8B500C60C51 /* MainWindow.xib */,
				A7D5CBA712ADB8B500C60C51 /* OverlayViewController.xib */,
				A7D5CB9912ADA75E00C60C51 /* TEST4.font */,
				A75C26A512AD496900EBBC45 /* ireco.png */,
				A75C26A612AD496900EBBC45 /* irecohd.png */,
				8D1107310486CEB800E47090 /* imago_iphone-Info.plist */,
				A7D5CBA012ADB7E900C60C51 /* KetcherViewController.xib */,
			);
			name = Resources;
			sourceTree = "<group>";
		};
		29B97323FDCFA39411CA2CEA /* Frameworks */ = {
			isa = PBXGroup;
			children = (
				1DF5F4DF0D08C38300B7A737 /* UIKit.framework */,
				1D30AB110D05D00D00671497 /* Foundation.framework */,
				2892E40F0DC94CBA00A64D0F /* CoreGraphics.framework */,
			);
			name = Frameworks;
			sourceTree = "<group>";
		};
		A7988AA31343ADB800D37855 /* Products */ = {
			isa = PBXGroup;
			children = (
				A7D6728F13461AA40030A6E1 /* libpng_local.a */,
				A7D6729113461AA40030A6E1 /* libjpeg_local.a */,
				A7988AA91343ADB800D37855 /* libimago_static.a */,
			);
			name = Products;
			sourceTree = "<group>";
		};
		A7D5CBC512ADC80C00C60C51 /* Ketcher */ = {
			isa = PBXGroup;
			children = (
				A7D5CBC612ADC82200C60C51 /* chem */,
				A7D5CBD312ADC82200C60C51 /* ketcher.css */,
				A7D5CBD412ADC82200C60C51 /* ketcher.html */,
				A7D5CBD512ADC82200C60C51 /* ketcher.js */,
				A7D5CBD612ADC82200C60C51 /* png */,
				A7D5CBFC12ADC82200C60C51 /* prototype-min.js */,
				A7D5CBFD12ADC82200C60C51 /* raphael-min.js */,
				A7D5CBFE12ADC82200C60C51 /* rnd */,
				A7D5CC0512ADC82200C60C51 /* ui */,
			);
			name = Ketcher;
			sourceTree = "<group>";
		};
		A7D5CBC612ADC82200C60C51 /* chem */ = {
			isa = PBXGroup;
			children = (
				A7C3450A134B322500879EE6 /* set.js */,
				A7D5CBC712ADC82200C60C51 /* cis_trans.js */,
				A7D5CBC812ADC82200C60C51 /* common.js */,
				A7D5CBC912ADC82200C60C51 /* dfs.js */,
				A7D5CBCA12ADC82200C60C51 /* element.js */,
				A7D5CBCB12ADC82200C60C51 /* map.js */,
				A7D5CBCC12ADC82200C60C51 /* molecule.js */,
				A7D5CBCD12ADC82200C60C51 /* molfile.js */,
				A7D5CBCE12ADC82200C60C51 /* pool.js */,
				A7D5CBCF12ADC82200C60C51 /* sgroup.js */,
				A7D5CBD012ADC82200C60C51 /* smiles.js */,
				A7D5CBD112ADC82200C60C51 /* stereocenters.js */,
				A7D5CBD212ADC82200C60C51 /* vec2.js */,
			);
			name = chem;
			path = Ketcher/chem;
			sourceTree = "<group>";
		};
		A7D5CBD612ADC82200C60C51 /* png */ = {
			isa = PBXGroup;
			children = (
				A7C3450C134B323A00879EE6 /* sgroup.png */,
				A7D5CBD712ADC82200C60C51 /* anyatom.png */,
				A7D5CBD812ADC82200C60C51 /* anybond.png */,
				A7D5CBD912ADC82200C60C51 /* aromatic.png */,
				A7D5CBDA12ADC82200C60C51 /* arrow.png */,
				A7D5CBDB12ADC82200C60C51 /* br.png */,
				A7D5CBDC12ADC82200C60C51 /* c.png */,
				A7D5CBDD12ADC82200C60C51 /* cl.png */,
				A7D5CBDE12ADC82200C60C51 /* document-new.png */,
				A7D5CBDF12ADC82200C60C51 /* document-open.png */,
				A7D5CBE012ADC82200C60C51 /* document-save-as.png */,
				A7D5CBE112ADC82200C60C51 /* double.png */,
				A7D5CBE212ADC82200C60C51 /* down.png */,
				A7D5CBE312ADC82200C60C51 /* edit-clear.png */,
				A7D5CBE412ADC82200C60C51 /* edit-copy.png */,
				A7D5CBE512ADC82200C60C51 /* edit-cut.png */,
				A7D5CBE612ADC82200C60C51 /* edit-paste.png */,
				A7D5CBE712ADC82200C60C51 /* edit-redo.png */,
				A7D5CBE812ADC82200C60C51 /* edit-undo.png */,
				A7D5CBE912ADC82200C60C51 /* f.png */,
				A7D5CBEA12ADC82200C60C51 /* h.png */,
				A7D5CBEB12ADC82200C60C51 /* hexa1.png */,
				A7D5CBEC12ADC82200C60C51 /* hexa2.png */,
				A7D5CBEE12ADC82200C60C51 /* i.png */,
				A7D5CBEF12ADC82200C60C51 /* layout.png */,
				A7D5CBF012ADC82200C60C51 /* logo.png */,
				A7D5CBF112ADC82200C60C51 /* n.png */,
				A7D5CBF212ADC82200C60C51 /* naphthalene.png */,
				A7D5CBF312ADC82200C60C51 /* o.png */,
				A7D5CBF412ADC82200C60C51 /* p.png */,
				A7D5CBF512ADC82200C60C51 /* penta.png */,
				A7D5CBF612ADC82200C60C51 /* s.png */,
				A7D5CBF712ADC82200C60C51 /* single.png */,
				A7D5CBF812ADC82200C60C51 /* triple.png */,
				A7D5CBF912ADC82200C60C51 /* up.png */,
				A7D5CBFA12ADC82200C60C51 /* view-zoom-in.png */,
				A7D5CBFB12ADC82200C60C51 /* view-zoom-out.png */,
			);
			name = png;
			path = Ketcher/png;
			sourceTree = "<group>";
		};
		A7D5CBFE12ADC82200C60C51 /* rnd */ = {
			isa = PBXGroup;
			children = (
				A7D5CBFF12ADC82200C60C51 /* drawing.js */,
				A7D5CC0012ADC82200C60C51 /* events.js */,
				A7D5CC0112ADC82200C60C51 /* moldata.js */,
				A7D5CC0212ADC82200C60C51 /* moldata_valence.js */,
				A7D5CC0312ADC82200C60C51 /* render.js */,
				A7D5CC0412ADC82200C60C51 /* visel.js */,
			);
			name = rnd;
			path = Ketcher/rnd;
			sourceTree = "<group>";
		};
		A7D5CC0512ADC82200C60C51 /* ui */ = {
			isa = PBXGroup;
			children = (
				A7C3450E134B324E00879EE6 /* actions.js */,
				A7D5CC0712ADC82200C60C51 /* ui.js */,
			);
			name = ui;
			path = Ketcher/ui;
			sourceTree = "<group>";
		};
/* End PBXGroup section */

/* Begin PBXNativeTarget section */
		1D6058900D05DD3D006BFB54 /* ireco */ = {
			isa = PBXNativeTarget;
			buildConfigurationList = 1D6058960D05DD3E006BFB54 /* Build configuration list for PBXNativeTarget "ireco" */;
			buildPhases = (
				1D60588D0D05DD3D006BFB54 /* Resources */,
				1D60588E0D05DD3D006BFB54 /* Sources */,
				1D60588F0D05DD3D006BFB54 /* Frameworks */,
			);
			buildRules = (
			);
			dependencies = (
				A7D672B2134625E90030A6E1 /* PBXTargetDependency */,
				A7D672B4134625E90030A6E1 /* PBXTargetDependency */,
				A7988AAC1343ADCF00D37855 /* PBXTargetDependency */,
			);
			name = ireco;
			productName = "imago-iphone";
			productReference = 1D6058910D05DD3D006BFB54 /* BeerMat.app */;
			productType = "com.apple.product-type.application";
		};
/* End PBXNativeTarget section */

/* Begin PBXProject section */
		29B97313FDCFA39411CA2CEA /* Project object */ = {
			isa = PBXProject;
			buildConfigurationList = C01FCF4E08A954540054247B /* Build configuration list for PBXProject "ireco" */;
			compatibilityVersion = "Xcode 3.1";
			developmentRegion = English;
			hasScannedForEncodings = 1;
			knownRegions = (
				English,
				Japanese,
				French,
				German,
				en,
			);
			mainGroup = 29B97314FDCFA39411CA2CEA /* CustomTemplate */;
			projectDirPath = "";
			projectReferences = (
				{
					ProductGroup = A7988AA31343ADB800D37855 /* Products */;
					ProjectRef = A7988AA21343ADB800D37855 /* imago.xcodeproj */;
				},
			);
			projectRoot = "";
			targets = (
				1D6058900D05DD3D006BFB54 /* ireco */,
			);
		};
/* End PBXProject section */

/* Begin PBXReferenceProxy section */
		A7988AA91343ADB800D37855 /* libimago_static.a */ = {
			isa = PBXReferenceProxy;
			fileType = archive.ar;
			path = libimago_static.a;
			remoteRef = A7988AA81343ADB800D37855 /* PBXContainerItemProxy */;
			sourceTree = BUILT_PRODUCTS_DIR;
		};
		A7D6728F13461AA40030A6E1 /* libpng_local.a */ = {
			isa = PBXReferenceProxy;
			fileType = archive.ar;
			path = libpng_local.a;
			remoteRef = A7D6728E13461AA40030A6E1 /* PBXContainerItemProxy */;
			sourceTree = BUILT_PRODUCTS_DIR;
		};
		A7D6729113461AA40030A6E1 /* libjpeg_local.a */ = {
			isa = PBXReferenceProxy;
			fileType = archive.ar;
			path = libjpeg_local.a;
			remoteRef = A7D6729013461AA40030A6E1 /* PBXContainerItemProxy */;
			sourceTree = BUILT_PRODUCTS_DIR;
		};
/* End PBXReferenceProxy section */

/* Begin PBXResourcesBuildPhase section */
		1D60588D0D05DD3D006BFB54 /* Resources */ = {
			isa = PBXResourcesBuildPhase;
			buildActionMask = 2147483647;
			files = (
				A7D5CC0812ADC82200C60C51 /* cis_trans.js in Resources */,
				A7D5CC0912ADC82200C60C51 /* common.js in Resources */,
				A7D5CC0A12ADC82200C60C51 /* dfs.js in Resources */,
				A7D5CC0B12ADC82200C60C51 /* element.js in Resources */,
				A7D5CC0C12ADC82200C60C51 /* map.js in Resources */,
				A7D5CC0D12ADC82200C60C51 /* molecule.js in Resources */,
				A7D5CC0E12ADC82200C60C51 /* molfile.js in Resources */,
				A7D5CC0F12ADC82200C60C51 /* pool.js in Resources */,
				A7D5CC1012ADC82200C60C51 /* sgroup.js in Resources */,
				A7D5CC1112ADC82200C60C51 /* smiles.js in Resources */,
				A7D5CC1212ADC82200C60C51 /* stereocenters.js in Resources */,
				A7D5CC1312ADC82200C60C51 /* vec2.js in Resources */,
				A7D5CC1612ADC82200C60C51 /* ketcher.js in Resources */,
				A7D5CC3C12ADC82200C60C51 /* prototype-min.js in Resources */,
				A7D5CC3D12ADC82200C60C51 /* raphael-min.js in Resources */,
				A7D5CC3E12ADC82200C60C51 /* drawing.js in Resources */,
				A7D5CC3F12ADC82200C60C51 /* events.js in Resources */,
				A7D5CC4012ADC82200C60C51 /* moldata.js in Resources */,
				A7D5CC4112ADC82200C60C51 /* moldata_valence.js in Resources */,
				A7D5CC4212ADC82200C60C51 /* render.js in Resources */,
				A7D5CC4312ADC82200C60C51 /* visel.js in Resources */,
				A7D5CC4512ADC82200C60C51 /* ui.js in Resources */,
				A7C3450B134B322500879EE6 /* set.js in Resources */,
				A7C3450F134B324E00879EE6 /* actions.js in Resources */,
				A75C26A712AD496900EBBC45 /* ireco.png in Resources */,
				A75C26A812AD496900EBBC45 /* irecohd.png in Resources */,
				A7D5CB9A12ADA75E00C60C51 /* TEST4.font in Resources */,
				A7D5CBA512ADB83D00C60C51 /* KetcherViewController.xib in Resources */,
				A7D5CBA812ADB8B500C60C51 /* MainWindow.xib in Resources */,
				A7D5CBA912ADB8B500C60C51 /* OverlayViewController.xib in Resources */,
				A7D5CC1412ADC82200C60C51 /* ketcher.css in Resources */,
				A7D5CC1512ADC82200C60C51 /* ketcher.html in Resources */,
				A7D5CC1712ADC82200C60C51 /* anyatom.png in Resources */,
				A7D5CC1812ADC82200C60C51 /* anybond.png in Resources */,
				A7D5CC1912ADC82200C60C51 /* aromatic.png in Resources */,
				A7D5CC1A12ADC82200C60C51 /* arrow.png in Resources */,
				A7D5CC1B12ADC82200C60C51 /* br.png in Resources */,
				A7D5CC1C12ADC82200C60C51 /* c.png in Resources */,
				A7D5CC1D12ADC82200C60C51 /* cl.png in Resources */,
				A7D5CC1E12ADC82200C60C51 /* document-new.png in Resources */,
				A7D5CC1F12ADC82200C60C51 /* document-open.png in Resources */,
				A7D5CC2012ADC82200C60C51 /* document-save-as.png in Resources */,
				A7D5CC2112ADC82200C60C51 /* double.png in Resources */,
				A7D5CC2212ADC82200C60C51 /* down.png in Resources */,
				A7D5CC2312ADC82200C60C51 /* edit-clear.png in Resources */,
				A7D5CC2412ADC82200C60C51 /* edit-copy.png in Resources */,
				A7D5CC2512ADC82200C60C51 /* edit-cut.png in Resources */,
				A7D5CC2612ADC82200C60C51 /* edit-paste.png in Resources */,
				A7D5CC2712ADC82200C60C51 /* edit-redo.png in Resources */,
				A7D5CC2812ADC82200C60C51 /* edit-undo.png in Resources */,
				A7D5CC2912ADC82200C60C51 /* f.png in Resources */,
				A7D5CC2A12ADC82200C60C51 /* h.png in Resources */,
				A7D5CC2B12ADC82200C60C51 /* hexa1.png in Resources */,
				A7D5CC2C12ADC82200C60C51 /* hexa2.png in Resources */,
				A7D5CC2E12ADC82200C60C51 /* i.png in Resources */,
				A7D5CC2F12ADC82200C60C51 /* layout.png in Resources */,
				A7D5CC3012ADC82200C60C51 /* logo.png in Resources */,
				A7D5CC3112ADC82200C60C51 /* n.png in Resources */,
				A7D5CC3212ADC82200C60C51 /* naphthalene.png in Resources */,
				A7D5CC3312ADC82200C60C51 /* o.png in Resources */,
				A7D5CC3412ADC82200C60C51 /* p.png in Resources */,
				A7D5CC3512ADC82200C60C51 /* penta.png in Resources */,
				A7D5CC3612ADC82200C60C51 /* s.png in Resources */,
				A7D5CC3712ADC82200C60C51 /* single.png in Resources */,
				A7D5CC3812ADC82200C60C51 /* triple.png in Resources */,
				A7D5CC3912ADC82200C60C51 /* up.png in Resources */,
				A7D5CC3A12ADC82200C60C51 /* view-zoom-in.png in Resources */,
				A7D5CC3B12ADC82200C60C51 /* view-zoom-out.png in Resources */,
				A7C3450D134B323A00879EE6 /* sgroup.png in Resources */,
				A7A68494134C987600841AFC /* Entitlements.plist in Resources */,
			);
			runOnlyForDeploymentPostprocessing = 0;
		};
/* End PBXResourcesBuildPhase section */

/* Begin PBXSourcesBuildPhase section */
		1D60588E0D05DD3D006BFB54 /* Sources */ = {
			isa = PBXSourcesBuildPhase;
			buildActionMask = 2147483647;
			files = (
				1D60589B0D05DD56006BFB54 /* main.m in Sources */,
				1D3623260D0F684500981E51 /* imago_iphoneAppDelegate.mm in Sources */,
				A7E234981281B61400C7CDC4 /* OverlayViewController.m in Sources */,
				A732667012AD20B3001F7D75 /* MainViewController.m in Sources */,
				A7D5CBB312ADBF1100C60C51 /* KetcherViewController.m in Sources */,
				A79D4C0212AE849000A3C3DA /* Recognizer.mm in Sources */,
			);
			runOnlyForDeploymentPostprocessing = 0;
		};
/* End PBXSourcesBuildPhase section */

/* Begin PBXTargetDependency section */
		A7988AAC1343ADCF00D37855 /* PBXTargetDependency */ = {
			isa = PBXTargetDependency;
			name = imago_static;
			targetProxy = A7988AAB1343ADCF00D37855 /* PBXContainerItemProxy */;
		};
		A7D672B2134625E90030A6E1 /* PBXTargetDependency */ = {
			isa = PBXTargetDependency;
			name = png_local;
			targetProxy = A7D672B1134625E90030A6E1 /* PBXContainerItemProxy */;
		};
		A7D672B4134625E90030A6E1 /* PBXTargetDependency */ = {
			isa = PBXTargetDependency;
			name = jpeg_local;
			targetProxy = A7D672B3134625E90030A6E1 /* PBXContainerItemProxy */;
		};
/* End PBXTargetDependency section */

/* Begin XCBuildConfiguration section */
		1D6058940D05DD3E006BFB54 /* Debug */ = {
			isa = XCBuildConfiguration;
			buildSettings = {
				ALWAYS_SEARCH_USER_PATHS = NO;
				ARCHS = "$(ARCHS_STANDARD_32_BIT)";
				COPY_PHASE_STRIP = NO;
				GCC_DYNAMIC_NO_PIC = NO;
				GCC_FAST_MATH = YES;
				GCC_OPTIMIZATION_LEVEL = 0;
				GCC_PRECOMPILE_PREFIX_HEADER = YES;
				GCC_PREFIX_HEADER = imago_iphone_Prefix.pch;
				GCC_SYMBOLS_PRIVATE_EXTERN = YES;
				GCC_THUMB_SUPPORT = NO;
				GCC_VERSION = 4.2;
				HEADER_SEARCH_PATHS = (
					../imago/src,
					../iSMILES/src,
					..,
				);
				INFOPLIST_FILE = "imago_iphone-Info.plist";
				IPHONEOS_DEPLOYMENT_TARGET = 4.2;
				LIBRARY_SEARCH_PATHS = (
					"$(inherited)",
					"\"$(SRCROOT)\"",
					"\"$(SRCROOT)/../opencv/iphone/release-universal\"",
				);
				ONLY_ACTIVE_ARCH = YES;
				PRODUCT_NAME = BeerMat;
			};
			name = Debug;
		};
		1D6058950D05DD3E006BFB54 /* Release */ = {
			isa = XCBuildConfiguration;
			buildSettings = {
				ALWAYS_SEARCH_USER_PATHS = NO;
				ARCHS = "$(ARCHS_STANDARD_32_BIT)";
				CODE_SIGN_ENTITLEMENTS = Entitlements.plist;
				CODE_SIGN_IDENTITY = "iPhone Distribution";
				"CODE_SIGN_IDENTITY[sdk=iphoneos*]" = "iPhone Distribution: Boris Karulin";
				COPY_PHASE_STRIP = YES;
				GCC_FAST_MATH = YES;
				GCC_GENERATE_DEBUGGING_SYMBOLS = NO;
				GCC_OPTIMIZATION_LEVEL = 3;
				GCC_PRECOMPILE_PREFIX_HEADER = YES;
				GCC_PREFIX_HEADER = imago_iphone_Prefix.pch;
				GCC_SYMBOLS_PRIVATE_EXTERN = YES;
				GCC_THUMB_SUPPORT = NO;
				GCC_VERSION = 4.2;
				HEADER_SEARCH_PATHS = (
					../imago/src,
					../iSMILES/src,
					..,
				);
				INFOPLIST_FILE = "imago_iphone-Info.plist";
				IPHONEOS_DEPLOYMENT_TARGET = 4.2;
				LIBRARY_SEARCH_PATHS = (
					"$(inherited)",
					"\"$(SRCROOT)\"",
					"\"$(SRCROOT)/../opencv/iphone/release-universal\"",
				);
				ONLY_ACTIVE_ARCH = NO;
				PRODUCT_NAME = BeerMat;
				PROVISIONING_PROFILE = "";
				"PROVISIONING_PROFILE[sdk=iphoneos*]" = "7F44A480-1734-48A5-B9FE-353CFCDDBEC5";
				SDKROOT = iphoneos;
				VALIDATE_PRODUCT = YES;
			};
			name = Release;
		};
		C01FCF4F08A954540054247B /* Debug */ = {
			isa = XCBuildConfiguration;
			buildSettings = {
				ARCHS = "$(ARCHS_STANDARD_32_BIT)";
				"CODE_SIGN_IDENTITY[sdk=iphoneos*]" = "iPhone Developer";
				GCC_C_LANGUAGE_STANDARD = c99;
				GCC_WARN_ABOUT_RETURN_TYPE = YES;
				GCC_WARN_UNUSED_VARIABLE = YES;
				IPHONEOS_DEPLOYMENT_TARGET = 4.2;
				ONLY_ACTIVE_ARCH = YES;
				PREBINDING = NO;
				SDKROOT = iphoneos;
			};
			name = Debug;
		};
		C01FCF5008A954540054247B /* Release */ = {
			isa = XCBuildConfiguration;
			buildSettings = {
				ARCHS = "$(ARCHS_STANDARD_32_BIT)";
				"CODE_SIGN_IDENTITY[sdk=iphoneos*]" = "iPhone Developer";
				GCC_C_LANGUAGE_STANDARD = c99;
				GCC_WARN_ABOUT_RETURN_TYPE = YES;
				GCC_WARN_UNUSED_VARIABLE = YES;
				IPHONEOS_DEPLOYMENT_TARGET = 4.2;
				OTHER_CFLAGS = "-DNS_BLOCK_ASSERTIONS=1";
				PREBINDING = NO;
				SDKROOT = iphoneos;
			};
			name = Release;
		};
/* End XCBuildConfiguration section */

/* Begin XCConfigurationList section */
		1D6058960D05DD3E006BFB54 /* Build configuration list for PBXNativeTarget "ireco" */ = {
			isa = XCConfigurationList;
			buildConfigurations = (
				1D6058940D05DD3E006BFB54 /* Debug */,
				1D6058950D05DD3E006BFB54 /* Release */,
			);
			defaultConfigurationIsVisible = 0;
			defaultConfigurationName = Release;
		};
		C01FCF4E08A954540054247B /* Build configuration list for PBXProject "ireco" */ = {
			isa = XCConfigurationList;
			buildConfigurations = (
				C01FCF4F08A954540054247B /* Debug */,
				C01FCF5008A954540054247B /* Release */,
			);
			defaultConfigurationIsVisible = 0;
			defaultConfigurationName = Release;
		};
/* End XCConfigurationList section */
	};
	rootObject = 29B97313FDCFA39411CA2CEA /* Project object */;
}
